{
  "version": 4,
  "terraform_version": "1.11.4",
  "serial": 716,
  "lineage": "ef2dd657-ddb5-79d4-f610-043740191fc1",
  "outputs": {
    "asg_name_app": {
      "value": "asg-app-e2-a09deae6",
      "type": "string"
    },
    "asg_name_web": {
      "value": "asg-web-e1-2686d88c",
      "type": "string"
    },
    "private_subnets_east1": {
      "value": [
        "subnet-0f9ff3943622b57e5",
        "subnet-02f6080adf93eba39",
        "subnet-04882385e9c1b6057",
        "subnet-004dda22aa60dba6a"
      ],
      "type": [
        "tuple",
        [
          "string",
          "string",
          "string",
          "string"
        ]
      ]
    },
    "private_subnets_east2": {
      "value": [
        "subnet-06d54ef60706fe65a",
        "subnet-0f0148a4bda4f58b6",
        "subnet-083a68392aed00ddc",
        "subnet-0f112332ff4fd2e07"
      ],
      "type": [
        "tuple",
        [
          "string",
          "string",
          "string",
          "string"
        ]
      ]
    },
    "public_subnets_east1": {
      "value": [
        "subnet-03ff07066b85532ba",
        "subnet-0b899a041426acd92"
      ],
      "type": [
        "tuple",
        [
          "string",
          "string"
        ]
      ]
    },
    "public_subnets_east2": {
      "value": [
        "subnet-0ed32de5eff4dd599",
        "subnet-0cd46cbf93872f286"
      ],
      "type": [
        "tuple",
        [
          "string",
          "string"
        ]
      ]
    },
    "vpc_east1_id": {
      "value": "vpc-0b906e421c277c322",
      "type": "string"
    },
    "vpc_east2_id": {
      "value": "vpc-054d10f11cafece0f",
      "type": "string"
    }
  },
  "resources": [
    {
      "module": "module.app_alb_asg_primary",
      "mode": "managed",
      "type": "aws_autoscaling_group",
      "name": "this",
      "provider": "provider[\"registry.terraform.io/hashicorp/aws\"].east1",
      "instances": [
        {
          "schema_version": 1,
          "attributes": {
            "arn": "arn:aws:autoscaling:us-east-1:015117030551:autoScalingGroup:0d8f3468-144a-4485-9c6b-09bd591462cd:autoScalingGroupName/asg-app-e1-bb949a88",
            "availability_zone_distribution": [
              {
                "capacity_distribution_strategy": "balanced-best-effort"
              }
            ],
            "availability_zones": [
              "us-east-1a",
              "us-east-1b"
            ],
            "capacity_rebalance": false,
            "capacity_reservation_specification": [
              {
                "capacity_reservation_preference": "default",
                "capacity_reservation_target": []
              }
            ],
            "context": "",
            "default_cooldown": 300,
            "default_instance_warmup": 0,
            "desired_capacity": 2,
            "desired_capacity_type": "",
            "enabled_metrics": null,
            "force_delete": false,
            "force_delete_warm_pool": false,
            "health_check_grace_period": 300,
            "health_check_type": "EC2",
            "id": "asg-app-e1-bb949a88",
            "ignore_failed_scaling_activities": false,
            "initial_lifecycle_hook": [],
            "instance_maintenance_policy": [],
            "instance_refresh": [],
            "launch_configuration": "",
            "launch_template": [
              {
                "id": "lt-03abed1b70a4b4fb1",
                "name": "lt-app-e1-bb949a88-20250712020342913300000003",
                "version": "$Latest"
              }
            ],
            "load_balancers": [],
            "max_instance_lifetime": 0,
            "max_size": 3,
            "metrics_granularity": "1Minute",
            "min_elb_capacity": null,
            "min_size": 1,
            "mixed_instances_policy": [],
            "name": "asg-app-e1-bb949a88",
            "name_prefix": "",
            "placement_group": "",
            "predicted_capacity": 0,
            "protect_from_scale_in": false,
            "service_linked_role_arn": "arn:aws:iam::015117030551:role/aws-service-role/autoscaling.amazonaws.com/AWSServiceRoleForAutoScaling",
            "suspended_processes": null,
            "tag": [
              {
                "key": "Name",
                "propagate_at_launch": true,
                "value": "asg-app-e1"
              }
            ],
            "target_group_arns": [
              "arn:aws:elasticloadbalancing:us-east-1:015117030551:targetgroup/tg-app-e1-bb949a88/411b02f424ef5a22"
            ],
            "termination_policies": null,
            "timeouts": null,
            "traffic_source": [
              {
                "identifier": "arn:aws:elasticloadbalancing:us-east-1:015117030551:targetgroup/tg-app-e1-bb949a88/411b02f424ef5a22",
                "type": "elbv2"
              }
            ],
            "vpc_zone_identifier": [
              "subnet-004dda22aa60dba6a",
              "subnet-02f6080adf93eba39",
              "subnet-04882385e9c1b6057",
              "subnet-0f9ff3943622b57e5"
            ],
            "wait_for_capacity_timeout": "10m",
            "wait_for_elb_capacity": null,
            "warm_pool": [],
            "warm_pool_size": 0
          },
          "sensitive_attributes": [],
          "private": "eyJlMmJmYjczMC1lY2FhLTExZTYtOGY4OC0zNDM2M2JjN2M0YzAiOnsiZGVsZXRlIjo2MDAwMDAwMDAwMDAsInVwZGF0ZSI6NjAwMDAwMDAwMDAwfSwic2NoZW1hX3ZlcnNpb24iOiIxIn0=",
          "dependencies": [
            "module.app_alb_asg_primary.aws_launch_template.this",
            "module.app_alb_asg_primary.aws_lb_target_group.this",
            "module.app_alb_asg_primary.random_id.suffix",
            "module.networking_primary.aws_eip.nat_eip",
            "module.networking_primary.aws_internet_gateway.igw",
            "module.networking_primary.aws_nat_gateway.nat",
            "module.networking_primary.aws_route_table.private_app",
            "module.networking_primary.aws_route_table.private_db",
            "module.networking_primary.aws_route_table.public",
            "module.networking_primary.aws_route_table_association.private_app",
            "module.networking_primary.aws_route_table_association.private_db",
            "module.networking_primary.aws_route_table_association.public",
            "module.networking_primary.aws_subnet.app_subnets",
            "module.networking_primary.aws_subnet.db_subnets",
            "module.networking_primary.aws_subnet.public_subnets",
            "module.networking_primary.aws_vpc.main",
            "module.security_groups_primary.aws_security_group.alb_external_sg",
            "module.security_groups_primary.aws_security_group.alb_internal_sg",
            "module.security_groups_primary.aws_security_group.app_sg",
            "module.security_groups_primary.aws_security_group.db_sg",
            "module.security_groups_primary.aws_security_group.web_sg"
          ],
          "create_before_destroy": true
        }
      ]
    },
    {
      "module": "module.app_alb_asg_primary",
      "mode": "managed",
      "type": "aws_launch_template",
      "name": "this",
      "provider": "provider[\"registry.terraform.io/hashicorp/aws\"].east1",
      "instances": [
        {
          "schema_version": 0,
          "attributes": {
            "arn": "arn:aws:ec2:us-east-1:015117030551:launch-template/lt-03abed1b70a4b4fb1",
            "block_device_mappings": [],
            "capacity_reservation_specification": [],
            "cpu_options": [],
            "credit_specification": [],
            "default_version": 1,
            "description": "",
            "disable_api_stop": false,
            "disable_api_termination": false,
            "ebs_optimized": "",
            "elastic_gpu_specifications": [],
            "elastic_inference_accelerator": [],
            "enclave_options": [],
            "hibernation_options": [],
            "iam_instance_profile": [],
            "id": "lt-03abed1b70a4b4fb1",
            "image_id": "ami-05ffe3c48a9991133",
            "instance_initiated_shutdown_behavior": "",
            "instance_market_options": [],
            "instance_requirements": [],
            "instance_type": "t3.micro",
            "kernel_id": "",
            "key_name": "",
            "latest_version": 1,
            "license_specification": [],
            "maintenance_options": [],
            "metadata_options": [],
            "monitoring": [],
            "name": "lt-app-e1-bb949a88-20250712020342913300000003",
            "name_prefix": "lt-app-e1-bb949a88-",
            "network_interfaces": [
              {
                "associate_carrier_ip_address": "",
                "associate_public_ip_address": "false",
                "connection_tracking_specification": [],
                "delete_on_termination": "",
                "description": "",
                "device_index": 0,
                "ena_srd_specification": [],
                "interface_type": "",
                "ipv4_address_count": 0,
                "ipv4_addresses": null,
                "ipv4_prefix_count": 0,
                "ipv4_prefixes": null,
                "ipv6_address_count": 0,
                "ipv6_addresses": null,
                "ipv6_prefix_count": 0,
                "ipv6_prefixes": null,
                "network_card_index": 0,
                "network_interface_id": "",
                "primary_ipv6": "",
                "private_ip_address": "",
                "security_groups": [
                  "sg-0a6d481c85ef2f305"
                ],
                "subnet_id": ""
              }
            ],
            "placement": [],
            "private_dns_name_options": [],
            "ram_disk_id": "",
            "security_group_names": null,
            "tag_specifications": [
              {
                "resource_type": "instance",
                "tags": {
                  "Name": "app-e1-instance"
                }
              }
            ],
            "tags": null,
            "tags_all": {},
            "update_default_version": null,
            "user_data": "IyEvYmluL2Jhc2gKeXVtIHVwZGF0ZSAteQp5dW0gaW5zdGFsbCAteSBodHRwZAoKIyBTdGFydCBhbmQgZW5hYmxlIEFwYWNoZQpzeXN0ZW1jdGwgc3RhcnQgaHR0cGQKc3lzdGVtY3RsIGVuYWJsZSBodHRwZAoKIyBDcmVhdGUgSFRNTCBmaWxlCmNhdCA8PEVPRiA+IC92YXIvd3d3L2h0bWwvaW5kZXguaHRtbAo8IURPQ1RZUEUgaHRtbD4KPGh0bWwgbGFuZz0iZW4iPgo8aGVhZD4KICA8bWV0YSBjaGFyc2V0PSJVVEYtOCIgLz4KICA8bWV0YSBuYW1lPSJ2aWV3cG9ydCIgY29udGVudD0id2lkdGg9ZGV2aWNlLXdpZHRoLCBpbml0aWFsLXNjYWxlPTEuMCIvPgogIDx0aXRsZT5JbWFnZSBVcGxvYWQgJiBEYXRhIEZvcm08L3RpdGxlPgogIDxzdHlsZT4KICAgIGJvZHkgewogICAgICBmb250LWZhbWlseTogQXJpYWwsIHNhbnMtc2VyaWY7CiAgICAgIGJhY2tncm91bmQtY29sb3I6ICNmNGY3Zjk7CiAgICAgIG1hcmdpbjogMDsKICAgICAgcGFkZGluZzogNDBweDsKICAgIH0KICAgIGgxIHsKICAgICAgdGV4dC1hbGlnbjogY2VudGVyOwogICAgICBjb2xvcjogIzMzMzsKICAgIH0KICAgIC5jb250YWluZXIgewogICAgICBtYXgtd2lkdGg6IDUwMHB4OwogICAgICBtYXJnaW46IGF1dG87CiAgICAgIGJhY2tncm91bmQ6ICNmZmY7CiAgICAgIHBhZGRpbmc6IDIwcHg7CiAgICAgIGJvcmRlci1yYWRpdXM6IDEwcHg7CiAgICAgIGJveC1zaGFkb3c6IDAgMCAxMHB4IHJnYmEoMCwwLDAsMC4xKTsKICAgIH0KICAgIGlucHV0W3R5cGU9InRleHQiXSwgaW5wdXRbdHlwZT0iZW1haWwiXSwgaW5wdXRbdHlwZT0iZmlsZSJdIHsKICAgICAgd2lkdGg6IDEwMCU7CiAgICAgIHBhZGRpbmc6IDEycHg7CiAgICAgIG1hcmdpbjogOHB4IDAgMjBweDsKICAgICAgYm9yZGVyOiAxcHggc29saWQgI2NjYzsKICAgICAgYm9yZGVyLXJhZGl1czogNHB4OwogICAgfQogICAgYnV0dG9uIHsKICAgICAgd2lkdGg6IDEwMCU7CiAgICAgIGJhY2tncm91bmQtY29sb3I6ICM0Q0FGNTA7CiAgICAgIGNvbG9yOiB3aGl0ZTsKICAgICAgcGFkZGluZzogMTRweDsKICAgICAgYm9yZGVyOiBub25lOwogICAgICBib3JkZXItcmFkaXVzOiA0cHg7CiAgICAgIGN1cnNvcjogcG9pbnRlcjsKICAgIH0KICAgIGJ1dHRvbjpob3ZlciB7CiAgICAgIGJhY2tncm91bmQtY29sb3I6ICM0NWEwNDk7CiAgICB9CiAgICBsYWJlbCB7CiAgICAgIGZvbnQtd2VpZ2h0OiBib2xkOwogICAgfQogIDwvc3R5bGU+CjwvaGVhZD4KPGJvZHk+CiAgPGgxPlVwbG9hZCBJbWFnZSAmIFNhdmUgVXNlcjwvaDE+CiAgPGRpdiBjbGFzcz0iY29udGFpbmVyIj4KICAgIDxmb3JtIGlkPSJ1cGxvYWRGb3JtIiBtZXRob2Q9IlBPU1QiIGVuY3R5cGU9Im11bHRpcGFydC9mb3JtLWRhdGEiIGFjdGlvbj0iL3VwbG9hZCI+CiAgICAgIDxsYWJlbCBmb3I9Im5hbWUiPk5hbWU6PC9sYWJlbD4KICAgICAgPGlucHV0IHR5cGU9InRleHQiIGlkPSJuYW1lIiBuYW1lPSJuYW1lIiByZXF1aXJlZCAvPgoKICAgICAgPGxhYmVsIGZvcj0iZW1haWwiPkVtYWlsOjwvbGFiZWw+CiAgICAgIDxpbnB1dCB0eXBlPSJlbWFpbCIgaWQ9ImVtYWlsIiBuYW1lPSJlbWFpbCIgcmVxdWlyZWQgLz4KCiAgICAgIDxsYWJlbCBmb3I9ImltYWdlIj5VcGxvYWQgSW1hZ2U6PC9sYWJlbD4KICAgICAgPGlucHV0IHR5cGU9ImZpbGUiIGlkPSJpbWFnZSIgbmFtZT0iaW1hZ2UiIGFjY2VwdD0iaW1hZ2UvKiIgcmVxdWlyZWQgLz4KCiAgICAgIDxidXR0b24gdHlwZT0ic3VibWl0Ij5TdWJtaXQ8L2J1dHRvbj4KICAgIDwvZm9ybT4KICA8L2Rpdj4KPC9ib2R5Pgo8L2h0bWw+CkVPRgo=",
            "vpc_security_group_ids": null
          },
          "sensitive_attributes": [],
          "private": "bnVsbA==",
          "dependencies": [
            "module.app_alb_asg_primary.random_id.suffix",
            "module.networking_primary.aws_eip.nat_eip",
            "module.networking_primary.aws_internet_gateway.igw",
            "module.networking_primary.aws_nat_gateway.nat",
            "module.networking_primary.aws_route_table.private_app",
            "module.networking_primary.aws_route_table.private_db",
            "module.networking_primary.aws_route_table.public",
            "module.networking_primary.aws_route_table_association.private_app",
            "module.networking_primary.aws_route_table_association.private_db",
            "module.networking_primary.aws_route_table_association.public",
            "module.networking_primary.aws_subnet.app_subnets",
            "module.networking_primary.aws_subnet.db_subnets",
            "module.networking_primary.aws_subnet.public_subnets",
            "module.networking_primary.aws_vpc.main",
            "module.security_groups_primary.aws_security_group.alb_external_sg",
            "module.security_groups_primary.aws_security_group.alb_internal_sg",
            "module.security_groups_primary.aws_security_group.app_sg",
            "module.security_groups_primary.aws_security_group.db_sg",
            "module.security_groups_primary.aws_security_group.web_sg"
          ],
          "create_before_destroy": true
        }
      ]
    },
    {
      "module": "module.app_alb_asg_primary",
      "mode": "managed",
      "type": "aws_lb",
      "name": "this",
      "provider": "provider[\"registry.terraform.io/hashicorp/aws\"].east1",
      "instances": [
        {
          "schema_version": 0,
          "attributes": {
            "access_logs": [
              {
                "bucket": "",
                "enabled": false,
                "prefix": ""
              }
            ],
            "arn": "arn:aws:elasticloadbalancing:us-east-1:015117030551:loadbalancer/app/alb-app-e1-bb949a88/dd5f88931a425d1c",
            "arn_suffix": "app/alb-app-e1-bb949a88/dd5f88931a425d1c",
            "client_keep_alive": 3600,
            "connection_logs": [
              {
                "bucket": "",
                "enabled": false,
                "prefix": ""
              }
            ],
            "customer_owned_ipv4_pool": "",
            "desync_mitigation_mode": "defensive",
            "dns_name": "internal-alb-app-e1-bb949a88-2018357973.us-east-1.elb.amazonaws.com",
            "dns_record_client_routing_policy": null,
            "drop_invalid_header_fields": false,
            "enable_cross_zone_load_balancing": true,
            "enable_deletion_protection": false,
            "enable_http2": true,
            "enable_tls_version_and_cipher_suite_headers": false,
            "enable_waf_fail_open": false,
            "enable_xff_client_port": false,
            "enable_zonal_shift": false,
            "enforce_security_group_inbound_rules_on_private_link_traffic": "",
            "id": "arn:aws:elasticloadbalancing:us-east-1:015117030551:loadbalancer/app/alb-app-e1-bb949a88/dd5f88931a425d1c",
            "idle_timeout": 60,
            "internal": true,
            "ip_address_type": "ipv4",
            "ipam_pools": [],
            "load_balancer_type": "application",
            "minimum_load_balancer_capacity": [],
            "name": "alb-app-e1-bb949a88",
            "name_prefix": "",
            "preserve_host_header": false,
            "security_groups": [
              "sg-0d36352fb60cacf36"
            ],
            "subnet_mapping": [
              {
                "allocation_id": "",
                "ipv6_address": "",
                "outpost_id": "",
                "private_ipv4_address": "",
                "subnet_id": "subnet-02f6080adf93eba39"
              },
              {
                "allocation_id": "",
                "ipv6_address": "",
                "outpost_id": "",
                "private_ipv4_address": "",
                "subnet_id": "subnet-0f9ff3943622b57e5"
              }
            ],
            "subnets": [
              "subnet-02f6080adf93eba39",
              "subnet-0f9ff3943622b57e5"
            ],
            "tags": {
              "Name": "alb-app-e1"
            },
            "tags_all": {
              "Name": "alb-app-e1"
            },
            "timeouts": null,
            "vpc_id": "vpc-0b906e421c277c322",
            "xff_header_processing_mode": "append",
            "zone_id": "Z35SXDOTRQ7X7K"
          },
          "sensitive_attributes": [],
          "private": "eyJlMmJmYjczMC1lY2FhLTExZTYtOGY4OC0zNDM2M2JjN2M0YzAiOnsiY3JlYXRlIjo2MDAwMDAwMDAwMDAsImRlbGV0ZSI6NjAwMDAwMDAwMDAwLCJ1cGRhdGUiOjYwMDAwMDAwMDAwMH19",
          "dependencies": [
            "module.app_alb_asg_primary.random_id.suffix",
            "module.networking_primary.aws_eip.nat_eip",
            "module.networking_primary.aws_internet_gateway.igw",
            "module.networking_primary.aws_nat_gateway.nat",
            "module.networking_primary.aws_route_table.private_app",
            "module.networking_primary.aws_route_table.private_db",
            "module.networking_primary.aws_route_table.public",
            "module.networking_primary.aws_route_table_association.private_app",
            "module.networking_primary.aws_route_table_association.private_db",
            "module.networking_primary.aws_route_table_association.public",
            "module.networking_primary.aws_subnet.app_subnets",
            "module.networking_primary.aws_subnet.db_subnets",
            "module.networking_primary.aws_subnet.public_subnets",
            "module.networking_primary.aws_vpc.main",
            "module.security_groups_primary.aws_security_group.alb_external_sg",
            "module.security_groups_primary.aws_security_group.alb_internal_sg",
            "module.security_groups_primary.aws_security_group.app_sg",
            "module.security_groups_primary.aws_security_group.db_sg",
            "module.security_groups_primary.aws_security_group.web_sg"
          ]
        }
      ]
    },
    {
      "module": "module.app_alb_asg_primary",
      "mode": "managed",
      "type": "aws_lb_listener",
      "name": "http",
      "provider": "provider[\"registry.terraform.io/hashicorp/aws\"].east1",
      "instances": [
        {
          "schema_version": 0,
          "attributes": {
            "alpn_policy": null,
            "arn": "arn:aws:elasticloadbalancing:us-east-1:015117030551:listener/app/alb-app-e1-bb949a88/dd5f88931a425d1c/c50b3394ac7da3f2",
            "certificate_arn": null,
            "default_action": [
              {
                "authenticate_cognito": [],
                "authenticate_oidc": [],
                "fixed_response": [],
                "forward": [],
                "order": 1,
                "redirect": [],
                "target_group_arn": "arn:aws:elasticloadbalancing:us-east-1:015117030551:targetgroup/tg-app-e1-bb949a88/411b02f424ef5a22",
                "type": "forward"
              }
            ],
            "id": "arn:aws:elasticloadbalancing:us-east-1:015117030551:listener/app/alb-app-e1-bb949a88/dd5f88931a425d1c/c50b3394ac7da3f2",
            "load_balancer_arn": "arn:aws:elasticloadbalancing:us-east-1:015117030551:loadbalancer/app/alb-app-e1-bb949a88/dd5f88931a425d1c",
            "mutual_authentication": [],
            "port": 80,
            "protocol": "HTTP",
            "routing_http_request_x_amzn_mtls_clientcert_header_name": null,
            "routing_http_request_x_amzn_mtls_clientcert_issuer_header_name": null,
            "routing_http_request_x_amzn_mtls_clientcert_leaf_header_name": null,
            "routing_http_request_x_amzn_mtls_clientcert_serial_number_header_name": null,
            "routing_http_request_x_amzn_mtls_clientcert_subject_header_name": null,
            "routing_http_request_x_amzn_mtls_clientcert_validity_header_name": null,
            "routing_http_request_x_amzn_tls_cipher_suite_header_name": null,
            "routing_http_request_x_amzn_tls_version_header_name": null,
            "routing_http_response_access_control_allow_credentials_header_value": "",
            "routing_http_response_access_control_allow_headers_header_value": "",
            "routing_http_response_access_control_allow_methods_header_value": "",
            "routing_http_response_access_control_allow_origin_header_value": "",
            "routing_http_response_access_control_expose_headers_header_value": "",
            "routing_http_response_access_control_max_age_header_value": "",
            "routing_http_response_content_security_policy_header_value": "",
            "routing_http_response_server_enabled": true,
            "routing_http_response_strict_transport_security_header_value": "",
            "routing_http_response_x_content_type_options_header_value": "",
            "routing_http_response_x_frame_options_header_value": "",
            "ssl_policy": "",
            "tags": null,
            "tags_all": {},
            "tcp_idle_timeout_seconds": null,
            "timeouts": null
          },
          "sensitive_attributes": [],
          "private": "eyJlMmJmYjczMC1lY2FhLTExZTYtOGY4OC0zNDM2M2JjN2M0YzAiOnsiY3JlYXRlIjozMDAwMDAwMDAwMDAsInVwZGF0ZSI6MzAwMDAwMDAwMDAwfX0=",
          "dependencies": [
            "module.app_alb_asg_primary.aws_lb.this",
            "module.app_alb_asg_primary.aws_lb_target_group.this",
            "module.app_alb_asg_primary.random_id.suffix",
            "module.networking_primary.aws_eip.nat_eip",
            "module.networking_primary.aws_internet_gateway.igw",
            "module.networking_primary.aws_nat_gateway.nat",
            "module.networking_primary.aws_route_table.private_app",
            "module.networking_primary.aws_route_table.private_db",
            "module.networking_primary.aws_route_table.public",
            "module.networking_primary.aws_route_table_association.private_app",
            "module.networking_primary.aws_route_table_association.private_db",
            "module.networking_primary.aws_route_table_association.public",
            "module.networking_primary.aws_subnet.app_subnets",
            "module.networking_primary.aws_subnet.db_subnets",
            "module.networking_primary.aws_subnet.public_subnets",
            "module.networking_primary.aws_vpc.main",
            "module.security_groups_primary.aws_security_group.alb_external_sg",
            "module.security_groups_primary.aws_security_group.alb_internal_sg",
            "module.security_groups_primary.aws_security_group.app_sg",
            "module.security_groups_primary.aws_security_group.db_sg",
            "module.security_groups_primary.aws_security_group.web_sg"
          ]
        }
      ]
    },
    {
      "module": "module.app_alb_asg_primary",
      "mode": "managed",
      "type": "aws_lb_target_group",
      "name": "this",
      "provider": "provider[\"registry.terraform.io/hashicorp/aws\"].east1",
      "instances": [
        {
          "schema_version": 0,
          "attributes": {
            "arn": "arn:aws:elasticloadbalancing:us-east-1:015117030551:targetgroup/tg-app-e1-bb949a88/411b02f424ef5a22",
            "arn_suffix": "targetgroup/tg-app-e1-bb949a88/411b02f424ef5a22",
            "connection_termination": null,
            "deregistration_delay": "300",
            "health_check": [
              {
                "enabled": true,
                "healthy_threshold": 3,
                "interval": 30,
                "matcher": "200",
                "path": "/",
                "port": "traffic-port",
                "protocol": "HTTP",
                "timeout": 5,
                "unhealthy_threshold": 2
              }
            ],
            "id": "arn:aws:elasticloadbalancing:us-east-1:015117030551:targetgroup/tg-app-e1-bb949a88/411b02f424ef5a22",
            "ip_address_type": "ipv4",
            "lambda_multi_value_headers_enabled": false,
            "load_balancer_arns": [],
            "load_balancing_algorithm_type": "round_robin",
            "load_balancing_anomaly_mitigation": "off",
            "load_balancing_cross_zone_enabled": "use_load_balancer_configuration",
            "name": "tg-app-e1-bb949a88",
            "name_prefix": "",
            "port": 8080,
            "preserve_client_ip": null,
            "protocol": "HTTP",
            "protocol_version": "HTTP1",
            "proxy_protocol_v2": false,
            "slow_start": 0,
            "stickiness": [
              {
                "cookie_duration": 86400,
                "cookie_name": "",
                "enabled": false,
                "type": "lb_cookie"
              }
            ],
            "tags": {
              "Name": "tg-app-e1"
            },
            "tags_all": {
              "Name": "tg-app-e1"
            },
            "target_failover": [
              {
                "on_deregistration": null,
                "on_unhealthy": null
              }
            ],
            "target_group_health": [
              {
                "dns_failover": [
                  {
                    "minimum_healthy_targets_count": "1",
                    "minimum_healthy_targets_percentage": "off"
                  }
                ],
                "unhealthy_state_routing": [
                  {
                    "minimum_healthy_targets_count": 1,
                    "minimum_healthy_targets_percentage": "off"
                  }
                ]
              }
            ],
            "target_health_state": [
              {
                "enable_unhealthy_connection_termination": null,
                "unhealthy_draining_interval": null
              }
            ],
            "target_type": "instance",
            "vpc_id": "vpc-0b906e421c277c322"
          },
          "sensitive_attributes": [],
          "private": "bnVsbA==",
          "dependencies": [
            "module.app_alb_asg_primary.random_id.suffix",
            "module.networking_primary.aws_eip.nat_eip",
            "module.networking_primary.aws_internet_gateway.igw",
            "module.networking_primary.aws_nat_gateway.nat",
            "module.networking_primary.aws_route_table.private_app",
            "module.networking_primary.aws_route_table.private_db",
            "module.networking_primary.aws_route_table.public",
            "module.networking_primary.aws_route_table_association.private_app",
            "module.networking_primary.aws_route_table_association.private_db",
            "module.networking_primary.aws_route_table_association.public",
            "module.networking_primary.aws_subnet.app_subnets",
            "module.networking_primary.aws_subnet.db_subnets",
            "module.networking_primary.aws_subnet.public_subnets",
            "module.networking_primary.aws_vpc.main",
            "module.security_groups_primary.aws_security_group.alb_external_sg",
            "module.security_groups_primary.aws_security_group.alb_internal_sg",
            "module.security_groups_primary.aws_security_group.app_sg",
            "module.security_groups_primary.aws_security_group.db_sg",
            "module.security_groups_primary.aws_security_group.web_sg"
          ],
          "create_before_destroy": true
        }
      ]
    },
    {
      "module": "module.app_alb_asg_primary",
      "mode": "managed",
      "type": "random_id",
      "name": "suffix",
      "provider": "provider[\"registry.terraform.io/hashicorp/random\"]",
      "instances": [
        {
          "schema_version": 0,
          "attributes": {
            "b64_std": "u5SaiA==",
            "b64_url": "u5SaiA",
            "byte_length": 4,
            "dec": "3147078280",
            "hex": "bb949a88",
            "id": "u5SaiA",
            "keepers": null,
            "prefix": null
          },
          "sensitive_attributes": [],
          "dependencies": [
            "module.networking_primary.aws_eip.nat_eip",
            "module.networking_primary.aws_internet_gateway.igw",
            "module.networking_primary.aws_nat_gateway.nat",
            "module.networking_primary.aws_route_table.private_app",
            "module.networking_primary.aws_route_table.private_db",
            "module.networking_primary.aws_route_table.public",
            "module.networking_primary.aws_route_table_association.private_app",
            "module.networking_primary.aws_route_table_association.private_db",
            "module.networking_primary.aws_route_table_association.public",
            "module.networking_primary.aws_subnet.app_subnets",
            "module.networking_primary.aws_subnet.db_subnets",
            "module.networking_primary.aws_subnet.public_subnets",
            "module.networking_primary.aws_vpc.main",
            "module.security_groups_primary.aws_security_group.alb_external_sg",
            "module.security_groups_primary.aws_security_group.alb_internal_sg",
            "module.security_groups_primary.aws_security_group.app_sg",
            "module.security_groups_primary.aws_security_group.db_sg",
            "module.security_groups_primary.aws_security_group.web_sg"
          ],
          "create_before_destroy": true
        }
      ]
    },
    {
      "module": "module.app_alb_asg_secondary",
      "mode": "managed",
      "type": "aws_autoscaling_group",
      "name": "this",
      "provider": "provider[\"registry.terraform.io/hashicorp/aws\"].east2",
      "instances": [
        {
          "schema_version": 1,
          "attributes": {
            "arn": "arn:aws:autoscaling:us-east-2:015117030551:autoScalingGroup:d20a6dcd-63e3-4b36-a6d2-b40bbcb71297:autoScalingGroupName/asg-app-e2-a09deae6",
            "availability_zone_distribution": [
              {
                "capacity_distribution_strategy": "balanced-best-effort"
              }
            ],
            "availability_zones": [
              "us-east-2a",
              "us-east-2b"
            ],
            "capacity_rebalance": false,
            "capacity_reservation_specification": [
              {
                "capacity_reservation_preference": "default",
                "capacity_reservation_target": []
              }
            ],
            "context": "",
            "default_cooldown": 300,
            "default_instance_warmup": 0,
            "desired_capacity": 2,
            "desired_capacity_type": "",
            "enabled_metrics": null,
            "force_delete": false,
            "force_delete_warm_pool": false,
            "health_check_grace_period": 300,
            "health_check_type": "EC2",
            "id": "asg-app-e2-a09deae6",
            "ignore_failed_scaling_activities": false,
            "initial_lifecycle_hook": [],
            "instance_maintenance_policy": [],
            "instance_refresh": [],
            "launch_configuration": "",
            "launch_template": [
              {
                "id": "lt-0e7e0855e4aa07bc5",
                "name": "lt-app-e2-a09deae6-20250712020401413900000001",
                "version": "$Latest"
              }
            ],
            "load_balancers": [],
            "max_instance_lifetime": 0,
            "max_size": 3,
            "metrics_granularity": "1Minute",
            "min_elb_capacity": null,
            "min_size": 1,
            "mixed_instances_policy": [],
            "name": "asg-app-e2-a09deae6",
            "name_prefix": "",
            "placement_group": "",
            "predicted_capacity": 0,
            "protect_from_scale_in": false,
            "service_linked_role_arn": "arn:aws:iam::015117030551:role/aws-service-role/autoscaling.amazonaws.com/AWSServiceRoleForAutoScaling",
            "suspended_processes": null,
            "tag": [
              {
                "key": "Name",
                "propagate_at_launch": true,
                "value": "asg-app-e2"
              }
            ],
            "target_group_arns": [
              "arn:aws:elasticloadbalancing:us-east-2:015117030551:targetgroup/tg-app-e2-a09deae6/f44a76c24440028c"
            ],
            "termination_policies": null,
            "timeouts": null,
            "traffic_source": [
              {
                "identifier": "arn:aws:elasticloadbalancing:us-east-2:015117030551:targetgroup/tg-app-e2-a09deae6/f44a76c24440028c",
                "type": "elbv2"
              }
            ],
            "vpc_zone_identifier": [
              "subnet-06d54ef60706fe65a",
              "subnet-083a68392aed00ddc",
              "subnet-0f0148a4bda4f58b6",
              "subnet-0f112332ff4fd2e07"
            ],
            "wait_for_capacity_timeout": "10m",
            "wait_for_elb_capacity": null,
            "warm_pool": [],
            "warm_pool_size": 0
          },
          "sensitive_attributes": [],
          "private": "eyJlMmJmYjczMC1lY2FhLTExZTYtOGY4OC0zNDM2M2JjN2M0YzAiOnsiZGVsZXRlIjo2MDAwMDAwMDAwMDAsInVwZGF0ZSI6NjAwMDAwMDAwMDAwfSwic2NoZW1hX3ZlcnNpb24iOiIxIn0=",
          "dependencies": [
            "module.app_alb_asg_secondary.aws_launch_template.this",
            "module.app_alb_asg_secondary.aws_lb_target_group.this",
            "module.app_alb_asg_secondary.random_id.suffix",
            "module.networking_secondary.aws_eip.nat_eip",
            "module.networking_secondary.aws_internet_gateway.igw",
            "module.networking_secondary.aws_nat_gateway.nat",
            "module.networking_secondary.aws_route_table.private_app",
            "module.networking_secondary.aws_route_table.private_db",
            "module.networking_secondary.aws_route_table.public",
            "module.networking_secondary.aws_route_table_association.private_app",
            "module.networking_secondary.aws_route_table_association.private_db",
            "module.networking_secondary.aws_route_table_association.public",
            "module.networking_secondary.aws_subnet.app_subnets",
            "module.networking_secondary.aws_subnet.db_subnets",
            "module.networking_secondary.aws_subnet.public_subnets",
            "module.networking_secondary.aws_vpc.main",
            "module.security_groups_secondary.aws_security_group.alb_external_sg",
            "module.security_groups_secondary.aws_security_group.alb_internal_sg",
            "module.security_groups_secondary.aws_security_group.app_sg",
            "module.security_groups_secondary.aws_security_group.db_sg",
            "module.security_groups_secondary.aws_security_group.web_sg"
          ],
          "create_before_destroy": true
        }
      ]
    },
    {
      "module": "module.app_alb_asg_secondary",
      "mode": "managed",
      "type": "aws_launch_template",
      "name": "this",
      "provider": "provider[\"registry.terraform.io/hashicorp/aws\"].east2",
      "instances": [
        {
          "schema_version": 0,
          "attributes": {
            "arn": "arn:aws:ec2:us-east-2:015117030551:launch-template/lt-0e7e0855e4aa07bc5",
            "block_device_mappings": [],
            "capacity_reservation_specification": [],
            "cpu_options": [],
            "credit_specification": [],
            "default_version": 1,
            "description": "",
            "disable_api_stop": false,
            "disable_api_termination": false,
            "ebs_optimized": "",
            "elastic_gpu_specifications": [],
            "elastic_inference_accelerator": [],
            "enclave_options": [],
            "hibernation_options": [],
            "iam_instance_profile": [],
            "id": "lt-0e7e0855e4aa07bc5",
            "image_id": "ami-0c803b171269e2d72",
            "instance_initiated_shutdown_behavior": "",
            "instance_market_options": [],
            "instance_requirements": [],
            "instance_type": "t3.micro",
            "kernel_id": "",
            "key_name": "",
            "latest_version": 1,
            "license_specification": [],
            "maintenance_options": [],
            "metadata_options": [],
            "monitoring": [],
            "name": "lt-app-e2-a09deae6-20250712020401413900000001",
            "name_prefix": "lt-app-e2-a09deae6-",
            "network_interfaces": [
              {
                "associate_carrier_ip_address": "",
                "associate_public_ip_address": "false",
                "connection_tracking_specification": [],
                "delete_on_termination": "",
                "description": "",
                "device_index": 0,
                "ena_srd_specification": [],
                "interface_type": "",
                "ipv4_address_count": 0,
                "ipv4_addresses": null,
                "ipv4_prefix_count": 0,
                "ipv4_prefixes": null,
                "ipv6_address_count": 0,
                "ipv6_addresses": null,
                "ipv6_prefix_count": 0,
                "ipv6_prefixes": null,
                "network_card_index": 0,
                "network_interface_id": "",
                "primary_ipv6": "",
                "private_ip_address": "",
                "security_groups": [
                  "sg-0413b19ec3af25c00"
                ],
                "subnet_id": ""
              }
            ],
            "placement": [],
            "private_dns_name_options": [],
            "ram_disk_id": "",
            "security_group_names": null,
            "tag_specifications": [
              {
                "resource_type": "instance",
                "tags": {
                  "Name": "app-e2-instance"
                }
              }
            ],
            "tags": null,
            "tags_all": {},
            "update_default_version": null,
            "user_data": "IyEvYmluL2Jhc2gKeXVtIHVwZGF0ZSAteQp5dW0gaW5zdGFsbCAteSBodHRwZAoKIyBTdGFydCBhbmQgZW5hYmxlIEFwYWNoZQpzeXN0ZW1jdGwgc3RhcnQgaHR0cGQKc3lzdGVtY3RsIGVuYWJsZSBodHRwZAoKIyBDcmVhdGUgSFRNTCBmaWxlCmNhdCA8PEVPRiA+IC92YXIvd3d3L2h0bWwvaW5kZXguaHRtbAo8IURPQ1RZUEUgaHRtbD4KPGh0bWwgbGFuZz0iZW4iPgo8aGVhZD4KICA8bWV0YSBjaGFyc2V0PSJVVEYtOCIgLz4KICA8bWV0YSBuYW1lPSJ2aWV3cG9ydCIgY29udGVudD0id2lkdGg9ZGV2aWNlLXdpZHRoLCBpbml0aWFsLXNjYWxlPTEuMCIvPgogIDx0aXRsZT5JbWFnZSBVcGxvYWQgJiBEYXRhIEZvcm08L3RpdGxlPgogIDxzdHlsZT4KICAgIGJvZHkgewogICAgICBmb250LWZhbWlseTogQXJpYWwsIHNhbnMtc2VyaWY7CiAgICAgIGJhY2tncm91bmQtY29sb3I6ICNmNGY3Zjk7CiAgICAgIG1hcmdpbjogMDsKICAgICAgcGFkZGluZzogNDBweDsKICAgIH0KICAgIGgxIHsKICAgICAgdGV4dC1hbGlnbjogY2VudGVyOwogICAgICBjb2xvcjogIzMzMzsKICAgIH0KICAgIC5jb250YWluZXIgewogICAgICBtYXgtd2lkdGg6IDUwMHB4OwogICAgICBtYXJnaW46IGF1dG87CiAgICAgIGJhY2tncm91bmQ6ICNmZmY7CiAgICAgIHBhZGRpbmc6IDIwcHg7CiAgICAgIGJvcmRlci1yYWRpdXM6IDEwcHg7CiAgICAgIGJveC1zaGFkb3c6IDAgMCAxMHB4IHJnYmEoMCwwLDAsMC4xKTsKICAgIH0KICAgIGlucHV0W3R5cGU9InRleHQiXSwgaW5wdXRbdHlwZT0iZW1haWwiXSwgaW5wdXRbdHlwZT0iZmlsZSJdIHsKICAgICAgd2lkdGg6IDEwMCU7CiAgICAgIHBhZGRpbmc6IDEycHg7CiAgICAgIG1hcmdpbjogOHB4IDAgMjBweDsKICAgICAgYm9yZGVyOiAxcHggc29saWQgI2NjYzsKICAgICAgYm9yZGVyLXJhZGl1czogNHB4OwogICAgfQogICAgYnV0dG9uIHsKICAgICAgd2lkdGg6IDEwMCU7CiAgICAgIGJhY2tncm91bmQtY29sb3I6ICM0Q0FGNTA7CiAgICAgIGNvbG9yOiB3aGl0ZTsKICAgICAgcGFkZGluZzogMTRweDsKICAgICAgYm9yZGVyOiBub25lOwogICAgICBib3JkZXItcmFkaXVzOiA0cHg7CiAgICAgIGN1cnNvcjogcG9pbnRlcjsKICAgIH0KICAgIGJ1dHRvbjpob3ZlciB7CiAgICAgIGJhY2tncm91bmQtY29sb3I6ICM0NWEwNDk7CiAgICB9CiAgICBsYWJlbCB7CiAgICAgIGZvbnQtd2VpZ2h0OiBib2xkOwogICAgfQogIDwvc3R5bGU+CjwvaGVhZD4KPGJvZHk+CiAgPGgxPlVwbG9hZCBJbWFnZSAmIFNhdmUgVXNlcjwvaDE+CiAgPGRpdiBjbGFzcz0iY29udGFpbmVyIj4KICAgIDxmb3JtIGlkPSJ1cGxvYWRGb3JtIiBtZXRob2Q9IlBPU1QiIGVuY3R5cGU9Im11bHRpcGFydC9mb3JtLWRhdGEiIGFjdGlvbj0iL3VwbG9hZCI+CiAgICAgIDxsYWJlbCBmb3I9Im5hbWUiPk5hbWU6PC9sYWJlbD4KICAgICAgPGlucHV0IHR5cGU9InRleHQiIGlkPSJuYW1lIiBuYW1lPSJuYW1lIiByZXF1aXJlZCAvPgoKICAgICAgPGxhYmVsIGZvcj0iZW1haWwiPkVtYWlsOjwvbGFiZWw+CiAgICAgIDxpbnB1dCB0eXBlPSJlbWFpbCIgaWQ9ImVtYWlsIiBuYW1lPSJlbWFpbCIgcmVxdWlyZWQgLz4KCiAgICAgIDxsYWJlbCBmb3I9ImltYWdlIj5VcGxvYWQgSW1hZ2U6PC9sYWJlbD4KICAgICAgPGlucHV0IHR5cGU9ImZpbGUiIGlkPSJpbWFnZSIgbmFtZT0iaW1hZ2UiIGFjY2VwdD0iaW1hZ2UvKiIgcmVxdWlyZWQgLz4KCiAgICAgIDxidXR0b24gdHlwZT0ic3VibWl0Ij5TdWJtaXQ8L2J1dHRvbj4KICAgIDwvZm9ybT4KICA8L2Rpdj4KPC9ib2R5Pgo8L2h0bWw+CkVPRgo=",
            "vpc_security_group_ids": null
          },
          "sensitive_attributes": [],
          "private": "bnVsbA==",
          "dependencies": [
            "module.app_alb_asg_secondary.random_id.suffix",
            "module.networking_secondary.aws_eip.nat_eip",
            "module.networking_secondary.aws_internet_gateway.igw",
            "module.networking_secondary.aws_nat_gateway.nat",
            "module.networking_secondary.aws_route_table.private_app",
            "module.networking_secondary.aws_route_table.private_db",
            "module.networking_secondary.aws_route_table.public",
            "module.networking_secondary.aws_route_table_association.private_app",
            "module.networking_secondary.aws_route_table_association.private_db",
            "module.networking_secondary.aws_route_table_association.public",
            "module.networking_secondary.aws_subnet.app_subnets",
            "module.networking_secondary.aws_subnet.db_subnets",
            "module.networking_secondary.aws_subnet.public_subnets",
            "module.networking_secondary.aws_vpc.main",
            "module.security_groups_secondary.aws_security_group.alb_external_sg",
            "module.security_groups_secondary.aws_security_group.alb_internal_sg",
            "module.security_groups_secondary.aws_security_group.app_sg",
            "module.security_groups_secondary.aws_security_group.db_sg",
            "module.security_groups_secondary.aws_security_group.web_sg"
          ],
          "create_before_destroy": true
        }
      ]
    },
    {
      "module": "module.app_alb_asg_secondary",
      "mode": "managed",
      "type": "aws_lb",
      "name": "this",
      "provider": "provider[\"registry.terraform.io/hashicorp/aws\"].east2",
      "instances": [
        {
          "schema_version": 0,
          "attributes": {
            "access_logs": [
              {
                "bucket": "",
                "enabled": false,
                "prefix": ""
              }
            ],
            "arn": "arn:aws:elasticloadbalancing:us-east-2:015117030551:loadbalancer/app/alb-app-e2-a09deae6/196d7e6fcae5bc7b",
            "arn_suffix": "app/alb-app-e2-a09deae6/196d7e6fcae5bc7b",
            "client_keep_alive": 3600,
            "connection_logs": [
              {
                "bucket": "",
                "enabled": false,
                "prefix": ""
              }
            ],
            "customer_owned_ipv4_pool": "",
            "desync_mitigation_mode": "defensive",
            "dns_name": "internal-alb-app-e2-a09deae6-691406545.us-east-2.elb.amazonaws.com",
            "dns_record_client_routing_policy": null,
            "drop_invalid_header_fields": false,
            "enable_cross_zone_load_balancing": true,
            "enable_deletion_protection": false,
            "enable_http2": true,
            "enable_tls_version_and_cipher_suite_headers": false,
            "enable_waf_fail_open": false,
            "enable_xff_client_port": false,
            "enable_zonal_shift": false,
            "enforce_security_group_inbound_rules_on_private_link_traffic": "",
            "id": "arn:aws:elasticloadbalancing:us-east-2:015117030551:loadbalancer/app/alb-app-e2-a09deae6/196d7e6fcae5bc7b",
            "idle_timeout": 60,
            "internal": true,
            "ip_address_type": "ipv4",
            "ipam_pools": [],
            "load_balancer_type": "application",
            "minimum_load_balancer_capacity": [],
            "name": "alb-app-e2-a09deae6",
            "name_prefix": "",
            "preserve_host_header": false,
            "security_groups": [
              "sg-00bf841979d74442b"
            ],
            "subnet_mapping": [
              {
                "allocation_id": "",
                "ipv6_address": "",
                "outpost_id": "",
                "private_ipv4_address": "",
                "subnet_id": "subnet-06d54ef60706fe65a"
              },
              {
                "allocation_id": "",
                "ipv6_address": "",
                "outpost_id": "",
                "private_ipv4_address": "",
                "subnet_id": "subnet-0f0148a4bda4f58b6"
              }
            ],
            "subnets": [
              "subnet-06d54ef60706fe65a",
              "subnet-0f0148a4bda4f58b6"
            ],
            "tags": {
              "Name": "alb-app-e2"
            },
            "tags_all": {
              "Name": "alb-app-e2"
            },
            "timeouts": null,
            "vpc_id": "vpc-054d10f11cafece0f",
            "xff_header_processing_mode": "append",
            "zone_id": "Z3AADJGX6KTTL2"
          },
          "sensitive_attributes": [],
          "private": "eyJlMmJmYjczMC1lY2FhLTExZTYtOGY4OC0zNDM2M2JjN2M0YzAiOnsiY3JlYXRlIjo2MDAwMDAwMDAwMDAsImRlbGV0ZSI6NjAwMDAwMDAwMDAwLCJ1cGRhdGUiOjYwMDAwMDAwMDAwMH19",
          "dependencies": [
            "module.app_alb_asg_secondary.random_id.suffix",
            "module.networking_secondary.aws_eip.nat_eip",
            "module.networking_secondary.aws_internet_gateway.igw",
            "module.networking_secondary.aws_nat_gateway.nat",
            "module.networking_secondary.aws_route_table.private_app",
            "module.networking_secondary.aws_route_table.private_db",
            "module.networking_secondary.aws_route_table.public",
            "module.networking_secondary.aws_route_table_association.private_app",
            "module.networking_secondary.aws_route_table_association.private_db",
            "module.networking_secondary.aws_route_table_association.public",
            "module.networking_secondary.aws_subnet.app_subnets",
            "module.networking_secondary.aws_subnet.db_subnets",
            "module.networking_secondary.aws_subnet.public_subnets",
            "module.networking_secondary.aws_vpc.main",
            "module.security_groups_secondary.aws_security_group.alb_external_sg",
            "module.security_groups_secondary.aws_security_group.alb_internal_sg",
            "module.security_groups_secondary.aws_security_group.app_sg",
            "module.security_groups_secondary.aws_security_group.db_sg",
            "module.security_groups_secondary.aws_security_group.web_sg"
          ]
        }
      ]
    },
    {
      "module": "module.app_alb_asg_secondary",
      "mode": "managed",
      "type": "aws_lb_listener",
      "name": "http",
      "provider": "provider[\"registry.terraform.io/hashicorp/aws\"].east2",
      "instances": [
        {
          "schema_version": 0,
          "attributes": {
            "alpn_policy": null,
            "arn": "arn:aws:elasticloadbalancing:us-east-2:015117030551:listener/app/alb-app-e2-a09deae6/196d7e6fcae5bc7b/eb9808c027dcb799",
            "certificate_arn": null,
            "default_action": [
              {
                "authenticate_cognito": [],
                "authenticate_oidc": [],
                "fixed_response": [],
                "forward": [],
                "order": 1,
                "redirect": [],
                "target_group_arn": "arn:aws:elasticloadbalancing:us-east-2:015117030551:targetgroup/tg-app-e2-a09deae6/f44a76c24440028c",
                "type": "forward"
              }
            ],
            "id": "arn:aws:elasticloadbalancing:us-east-2:015117030551:listener/app/alb-app-e2-a09deae6/196d7e6fcae5bc7b/eb9808c027dcb799",
            "load_balancer_arn": "arn:aws:elasticloadbalancing:us-east-2:015117030551:loadbalancer/app/alb-app-e2-a09deae6/196d7e6fcae5bc7b",
            "mutual_authentication": [],
            "port": 80,
            "protocol": "HTTP",
            "routing_http_request_x_amzn_mtls_clientcert_header_name": null,
            "routing_http_request_x_amzn_mtls_clientcert_issuer_header_name": null,
            "routing_http_request_x_amzn_mtls_clientcert_leaf_header_name": null,
            "routing_http_request_x_amzn_mtls_clientcert_serial_number_header_name": null,
            "routing_http_request_x_amzn_mtls_clientcert_subject_header_name": null,
            "routing_http_request_x_amzn_mtls_clientcert_validity_header_name": null,
            "routing_http_request_x_amzn_tls_cipher_suite_header_name": null,
            "routing_http_request_x_amzn_tls_version_header_name": null,
            "routing_http_response_access_control_allow_credentials_header_value": "",
            "routing_http_response_access_control_allow_headers_header_value": "",
            "routing_http_response_access_control_allow_methods_header_value": "",
            "routing_http_response_access_control_allow_origin_header_value": "",
            "routing_http_response_access_control_expose_headers_header_value": "",
            "routing_http_response_access_control_max_age_header_value": "",
            "routing_http_response_content_security_policy_header_value": "",
            "routing_http_response_server_enabled": true,
            "routing_http_response_strict_transport_security_header_value": "",
            "routing_http_response_x_content_type_options_header_value": "",
            "routing_http_response_x_frame_options_header_value": "",
            "ssl_policy": "",
            "tags": null,
            "tags_all": {},
            "tcp_idle_timeout_seconds": null,
            "timeouts": null
          },
          "sensitive_attributes": [],
          "private": "eyJlMmJmYjczMC1lY2FhLTExZTYtOGY4OC0zNDM2M2JjN2M0YzAiOnsiY3JlYXRlIjozMDAwMDAwMDAwMDAsInVwZGF0ZSI6MzAwMDAwMDAwMDAwfX0=",
          "dependencies": [
            "module.app_alb_asg_secondary.aws_lb.this",
            "module.app_alb_asg_secondary.aws_lb_target_group.this",
            "module.app_alb_asg_secondary.random_id.suffix",
            "module.networking_secondary.aws_eip.nat_eip",
            "module.networking_secondary.aws_internet_gateway.igw",
            "module.networking_secondary.aws_nat_gateway.nat",
            "module.networking_secondary.aws_route_table.private_app",
            "module.networking_secondary.aws_route_table.private_db",
            "module.networking_secondary.aws_route_table.public",
            "module.networking_secondary.aws_route_table_association.private_app",
            "module.networking_secondary.aws_route_table_association.private_db",
            "module.networking_secondary.aws_route_table_association.public",
            "module.networking_secondary.aws_subnet.app_subnets",
            "module.networking_secondary.aws_subnet.db_subnets",
            "module.networking_secondary.aws_subnet.public_subnets",
            "module.networking_secondary.aws_vpc.main",
            "module.security_groups_secondary.aws_security_group.alb_external_sg",
            "module.security_groups_secondary.aws_security_group.alb_internal_sg",
            "module.security_groups_secondary.aws_security_group.app_sg",
            "module.security_groups_secondary.aws_security_group.db_sg",
            "module.security_groups_secondary.aws_security_group.web_sg"
          ]
        }
      ]
    },
    {
      "module": "module.app_alb_asg_secondary",
      "mode": "managed",
      "type": "aws_lb_target_group",
      "name": "this",
      "provider": "provider[\"registry.terraform.io/hashicorp/aws\"].east2",
      "instances": [
        {
          "schema_version": 0,
          "attributes": {
            "arn": "arn:aws:elasticloadbalancing:us-east-2:015117030551:targetgroup/tg-app-e2-a09deae6/f44a76c24440028c",
            "arn_suffix": "targetgroup/tg-app-e2-a09deae6/f44a76c24440028c",
            "connection_termination": null,
            "deregistration_delay": "300",
            "health_check": [
              {
                "enabled": true,
                "healthy_threshold": 3,
                "interval": 30,
                "matcher": "200",
                "path": "/",
                "port": "traffic-port",
                "protocol": "HTTP",
                "timeout": 5,
                "unhealthy_threshold": 2
              }
            ],
            "id": "arn:aws:elasticloadbalancing:us-east-2:015117030551:targetgroup/tg-app-e2-a09deae6/f44a76c24440028c",
            "ip_address_type": "ipv4",
            "lambda_multi_value_headers_enabled": false,
            "load_balancer_arns": [],
            "load_balancing_algorithm_type": "round_robin",
            "load_balancing_anomaly_mitigation": "off",
            "load_balancing_cross_zone_enabled": "use_load_balancer_configuration",
            "name": "tg-app-e2-a09deae6",
            "name_prefix": "",
            "port": 8080,
            "preserve_client_ip": null,
            "protocol": "HTTP",
            "protocol_version": "HTTP1",
            "proxy_protocol_v2": false,
            "slow_start": 0,
            "stickiness": [
              {
                "cookie_duration": 86400,
                "cookie_name": "",
                "enabled": false,
                "type": "lb_cookie"
              }
            ],
            "tags": {
              "Name": "tg-app-e2"
            },
            "tags_all": {
              "Name": "tg-app-e2"
            },
            "target_failover": [
              {
                "on_deregistration": null,
                "on_unhealthy": null
              }
            ],
            "target_group_health": [
              {
                "dns_failover": [
                  {
                    "minimum_healthy_targets_count": "1",
                    "minimum_healthy_targets_percentage": "off"
                  }
                ],
                "unhealthy_state_routing": [
                  {
                    "minimum_healthy_targets_count": 1,
                    "minimum_healthy_targets_percentage": "off"
                  }
                ]
              }
            ],
            "target_health_state": [
              {
                "enable_unhealthy_connection_termination": null,
                "unhealthy_draining_interval": null
              }
            ],
            "target_type": "instance",
            "vpc_id": "vpc-054d10f11cafece0f"
          },
          "sensitive_attributes": [],
          "private": "bnVsbA==",
          "dependencies": [
            "module.app_alb_asg_secondary.random_id.suffix",
            "module.networking_secondary.aws_eip.nat_eip",
            "module.networking_secondary.aws_internet_gateway.igw",
            "module.networking_secondary.aws_nat_gateway.nat",
            "module.networking_secondary.aws_route_table.private_app",
            "module.networking_secondary.aws_route_table.private_db",
            "module.networking_secondary.aws_route_table.public",
            "module.networking_secondary.aws_route_table_association.private_app",
            "module.networking_secondary.aws_route_table_association.private_db",
            "module.networking_secondary.aws_route_table_association.public",
            "module.networking_secondary.aws_subnet.app_subnets",
            "module.networking_secondary.aws_subnet.db_subnets",
            "module.networking_secondary.aws_subnet.public_subnets",
            "module.networking_secondary.aws_vpc.main",
            "module.security_groups_secondary.aws_security_group.alb_external_sg",
            "module.security_groups_secondary.aws_security_group.alb_internal_sg",
            "module.security_groups_secondary.aws_security_group.app_sg",
            "module.security_groups_secondary.aws_security_group.db_sg",
            "module.security_groups_secondary.aws_security_group.web_sg"
          ],
          "create_before_destroy": true
        }
      ]
    },
    {
      "module": "module.app_alb_asg_secondary",
      "mode": "managed",
      "type": "random_id",
      "name": "suffix",
      "provider": "provider[\"registry.terraform.io/hashicorp/random\"]",
      "instances": [
        {
          "schema_version": 0,
          "attributes": {
            "b64_std": "oJ3q5g==",
            "b64_url": "oJ3q5g",
            "byte_length": 4,
            "dec": "2694703846",
            "hex": "a09deae6",
            "id": "oJ3q5g",
            "keepers": null,
            "prefix": null
          },
          "sensitive_attributes": [],
          "dependencies": [
            "module.networking_secondary.aws_eip.nat_eip",
            "module.networking_secondary.aws_internet_gateway.igw",
            "module.networking_secondary.aws_nat_gateway.nat",
            "module.networking_secondary.aws_route_table.private_app",
            "module.networking_secondary.aws_route_table.private_db",
            "module.networking_secondary.aws_route_table.public",
            "module.networking_secondary.aws_route_table_association.private_app",
            "module.networking_secondary.aws_route_table_association.private_db",
            "module.networking_secondary.aws_route_table_association.public",
            "module.networking_secondary.aws_subnet.app_subnets",
            "module.networking_secondary.aws_subnet.db_subnets",
            "module.networking_secondary.aws_subnet.public_subnets",
            "module.networking_secondary.aws_vpc.main",
            "module.security_groups_secondary.aws_security_group.alb_external_sg",
            "module.security_groups_secondary.aws_security_group.alb_internal_sg",
            "module.security_groups_secondary.aws_security_group.app_sg",
            "module.security_groups_secondary.aws_security_group.db_sg",
            "module.security_groups_secondary.aws_security_group.web_sg"
          ],
          "create_before_destroy": true
        }
      ]
    },
    {
      "module": "module.networking_primary",
      "mode": "managed",
      "type": "aws_eip",
      "name": "nat_eip",
      "provider": "module.networking_primary.provider[\"registry.terraform.io/hashicorp/aws\"].region",
      "instances": [
        {
          "schema_version": 0,
          "attributes": {
            "address": null,
            "allocation_id": "eipalloc-013fb48247da0dfe0",
            "arn": "arn:aws:ec2:us-east-1:015117030551:elastic-ip/eipalloc-013fb48247da0dfe0",
            "associate_with_private_ip": null,
            "association_id": "",
            "carrier_ip": "",
            "customer_owned_ip": "",
            "customer_owned_ipv4_pool": "",
            "domain": "vpc",
            "id": "eipalloc-013fb48247da0dfe0",
            "instance": "",
            "ipam_pool_id": null,
            "network_border_group": "us-east-1",
            "network_interface": "",
            "private_dns": null,
            "private_ip": "",
            "ptr_record": "",
            "public_dns": "ec2-34-230-122-118.compute-1.amazonaws.com",
            "public_ip": "34.230.122.118",
            "public_ipv4_pool": "amazon",
            "tags": {
              "Name": "nat-eip-us-east-1"
            },
            "tags_all": {
              "Name": "nat-eip-us-east-1"
            },
            "timeouts": null,
            "vpc": true
          },
          "sensitive_attributes": [],
          "private": "eyJlMmJmYjczMC1lY2FhLTExZTYtOGY4OC0zNDM2M2JjN2M0YzAiOnsiZGVsZXRlIjoxODAwMDAwMDAwMDAsInJlYWQiOjkwMDAwMDAwMDAwMCwidXBkYXRlIjozMDAwMDAwMDAwMDB9fQ==",
          "create_before_destroy": true
        }
      ]
    },
    {
      "module": "module.networking_primary",
      "mode": "managed",
      "type": "aws_internet_gateway",
      "name": "igw",
      "provider": "module.networking_primary.provider[\"registry.terraform.io/hashicorp/aws\"].region",
      "instances": [
        {
          "schema_version": 0,
          "attributes": {
            "arn": "arn:aws:ec2:us-east-1:015117030551:internet-gateway/igw-0ac9a812f55de1d59",
            "id": "igw-0ac9a812f55de1d59",
            "owner_id": "015117030551",
            "tags": {
              "Name": "igw-us-east-1"
            },
            "tags_all": {
              "Name": "igw-us-east-1"
            },
            "timeouts": null,
            "vpc_id": "vpc-0b906e421c277c322"
          },
          "sensitive_attributes": [],
          "private": "eyJlMmJmYjczMC1lY2FhLTExZTYtOGY4OC0zNDM2M2JjN2M0YzAiOnsiY3JlYXRlIjoxMjAwMDAwMDAwMDAwLCJkZWxldGUiOjEyMDAwMDAwMDAwMDAsInVwZGF0ZSI6MTIwMDAwMDAwMDAwMH19",
          "dependencies": [
            "module.networking_primary.aws_vpc.main"
          ],
          "create_before_destroy": true
        }
      ]
    },
    {
      "module": "module.networking_primary",
      "mode": "managed",
      "type": "aws_nat_gateway",
      "name": "nat",
      "provider": "module.networking_primary.provider[\"registry.terraform.io/hashicorp/aws\"].region",
      "instances": [
        {
          "schema_version": 0,
          "attributes": {
            "allocation_id": "eipalloc-013fb48247da0dfe0",
            "association_id": "eipassoc-0979ffbbe79e2365a",
            "connectivity_type": "public",
            "id": "nat-00e8bb20a63f78ae9",
            "network_interface_id": "eni-072f2a14b251a7421",
            "private_ip": "10.0.1.137",
            "public_ip": "34.230.122.118",
            "secondary_allocation_ids": null,
            "secondary_private_ip_address_count": 0,
            "secondary_private_ip_addresses": [],
            "subnet_id": "subnet-03ff07066b85532ba",
            "tags": {
              "Name": "nat-gateway-us-east-1"
            },
            "tags_all": {
              "Name": "nat-gateway-us-east-1"
            },
            "timeouts": null
          },
          "sensitive_attributes": [],
          "private": "eyJlMmJmYjczMC1lY2FhLTExZTYtOGY4OC0zNDM2M2JjN2M0YzAiOnsiY3JlYXRlIjo2MDAwMDAwMDAwMDAsImRlbGV0ZSI6MTgwMDAwMDAwMDAwMCwidXBkYXRlIjo2MDAwMDAwMDAwMDB9fQ==",
          "dependencies": [
            "module.networking_primary.aws_eip.nat_eip",
            "module.networking_primary.aws_internet_gateway.igw",
            "module.networking_primary.aws_subnet.public_subnets",
            "module.networking_primary.aws_vpc.main"
          ],
          "create_before_destroy": true
        }
      ]
    },
    {
      "module": "module.networking_primary",
      "mode": "managed",
      "type": "aws_route_table",
      "name": "private_app",
      "provider": "module.networking_primary.provider[\"registry.terraform.io/hashicorp/aws\"].region",
      "instances": [
        {
          "index_key": 0,
          "schema_version": 0,
          "attributes": {
            "arn": "arn:aws:ec2:us-east-1:015117030551:route-table/rtb-00e9ce5eb5ceedfc4",
            "id": "rtb-00e9ce5eb5ceedfc4",
            "owner_id": "015117030551",
            "propagating_vgws": [],
            "route": [
              {
                "carrier_gateway_id": "",
                "cidr_block": "0.0.0.0/0",
                "core_network_arn": "",
                "destination_prefix_list_id": "",
                "egress_only_gateway_id": "",
                "gateway_id": "",
                "ipv6_cidr_block": "",
                "local_gateway_id": "",
                "nat_gateway_id": "nat-00e8bb20a63f78ae9",
                "network_interface_id": "",
                "transit_gateway_id": "",
                "vpc_endpoint_id": "",
                "vpc_peering_connection_id": ""
              }
            ],
            "tags": {
              "Name": "private-app-rt-0-us-east-1"
            },
            "tags_all": {
              "Name": "private-app-rt-0-us-east-1"
            },
            "timeouts": null,
            "vpc_id": "vpc-0b906e421c277c322"
          },
          "sensitive_attributes": [],
          "private": "eyJlMmJmYjczMC1lY2FhLTExZTYtOGY4OC0zNDM2M2JjN2M0YzAiOnsiY3JlYXRlIjozMDAwMDAwMDAwMDAsImRlbGV0ZSI6MzAwMDAwMDAwMDAwLCJ1cGRhdGUiOjEyMDAwMDAwMDAwMH19",
          "dependencies": [
            "module.networking_primary.aws_eip.nat_eip",
            "module.networking_primary.aws_internet_gateway.igw",
            "module.networking_primary.aws_nat_gateway.nat",
            "module.networking_primary.aws_subnet.app_subnets",
            "module.networking_primary.aws_subnet.public_subnets",
            "module.networking_primary.aws_vpc.main"
          ],
          "create_before_destroy": true
        },
        {
          "index_key": 1,
          "schema_version": 0,
          "attributes": {
            "arn": "arn:aws:ec2:us-east-1:015117030551:route-table/rtb-00278255cad452ccf",
            "id": "rtb-00278255cad452ccf",
            "owner_id": "015117030551",
            "propagating_vgws": [],
            "route": [
              {
                "carrier_gateway_id": "",
                "cidr_block": "0.0.0.0/0",
                "core_network_arn": "",
                "destination_prefix_list_id": "",
                "egress_only_gateway_id": "",
                "gateway_id": "",
                "ipv6_cidr_block": "",
                "local_gateway_id": "",
                "nat_gateway_id": "nat-00e8bb20a63f78ae9",
                "network_interface_id": "",
                "transit_gateway_id": "",
                "vpc_endpoint_id": "",
                "vpc_peering_connection_id": ""
              }
            ],
            "tags": {
              "Name": "private-app-rt-1-us-east-1"
            },
            "tags_all": {
              "Name": "private-app-rt-1-us-east-1"
            },
            "timeouts": null,
            "vpc_id": "vpc-0b906e421c277c322"
          },
          "sensitive_attributes": [],
          "private": "eyJlMmJmYjczMC1lY2FhLTExZTYtOGY4OC0zNDM2M2JjN2M0YzAiOnsiY3JlYXRlIjozMDAwMDAwMDAwMDAsImRlbGV0ZSI6MzAwMDAwMDAwMDAwLCJ1cGRhdGUiOjEyMDAwMDAwMDAwMH19",
          "dependencies": [
            "module.networking_primary.aws_eip.nat_eip",
            "module.networking_primary.aws_internet_gateway.igw",
            "module.networking_primary.aws_nat_gateway.nat",
            "module.networking_primary.aws_subnet.app_subnets",
            "module.networking_primary.aws_subnet.public_subnets",
            "module.networking_primary.aws_vpc.main"
          ],
          "create_before_destroy": true
        }
      ]
    },
    {
      "module": "module.networking_primary",
      "mode": "managed",
      "type": "aws_route_table",
      "name": "private_db",
      "provider": "module.networking_primary.provider[\"registry.terraform.io/hashicorp/aws\"].region",
      "instances": [
        {
          "schema_version": 0,
          "attributes": {
            "arn": "arn:aws:ec2:us-east-1:015117030551:route-table/rtb-0e41bc454fb6cf103",
            "id": "rtb-0e41bc454fb6cf103",
            "owner_id": "015117030551",
            "propagating_vgws": [],
            "route": [],
            "tags": {
              "Name": "private-db-rt-us-east-1"
            },
            "tags_all": {
              "Name": "private-db-rt-us-east-1"
            },
            "timeouts": null,
            "vpc_id": "vpc-0b906e421c277c322"
          },
          "sensitive_attributes": [],
          "private": "eyJlMmJmYjczMC1lY2FhLTExZTYtOGY4OC0zNDM2M2JjN2M0YzAiOnsiY3JlYXRlIjozMDAwMDAwMDAwMDAsImRlbGV0ZSI6MzAwMDAwMDAwMDAwLCJ1cGRhdGUiOjEyMDAwMDAwMDAwMH19",
          "dependencies": [
            "module.networking_primary.aws_vpc.main"
          ],
          "create_before_destroy": true
        }
      ]
    },
    {
      "module": "module.networking_primary",
      "mode": "managed",
      "type": "aws_route_table",
      "name": "public",
      "provider": "module.networking_primary.provider[\"registry.terraform.io/hashicorp/aws\"].region",
      "instances": [
        {
          "schema_version": 0,
          "attributes": {
            "arn": "arn:aws:ec2:us-east-1:015117030551:route-table/rtb-009f61a59b862bb27",
            "id": "rtb-009f61a59b862bb27",
            "owner_id": "015117030551",
            "propagating_vgws": [],
            "route": [
              {
                "carrier_gateway_id": "",
                "cidr_block": "0.0.0.0/0",
                "core_network_arn": "",
                "destination_prefix_list_id": "",
                "egress_only_gateway_id": "",
                "gateway_id": "igw-0ac9a812f55de1d59",
                "ipv6_cidr_block": "",
                "local_gateway_id": "",
                "nat_gateway_id": "",
                "network_interface_id": "",
                "transit_gateway_id": "",
                "vpc_endpoint_id": "",
                "vpc_peering_connection_id": ""
              }
            ],
            "tags": {
              "Name": "public-rt-us-east-1"
            },
            "tags_all": {
              "Name": "public-rt-us-east-1"
            },
            "timeouts": null,
            "vpc_id": "vpc-0b906e421c277c322"
          },
          "sensitive_attributes": [],
          "private": "eyJlMmJmYjczMC1lY2FhLTExZTYtOGY4OC0zNDM2M2JjN2M0YzAiOnsiY3JlYXRlIjozMDAwMDAwMDAwMDAsImRlbGV0ZSI6MzAwMDAwMDAwMDAwLCJ1cGRhdGUiOjEyMDAwMDAwMDAwMH19",
          "dependencies": [
            "module.networking_primary.aws_internet_gateway.igw",
            "module.networking_primary.aws_vpc.main"
          ],
          "create_before_destroy": true
        }
      ]
    },
    {
      "module": "module.networking_primary",
      "mode": "managed",
      "type": "aws_route_table_association",
      "name": "private_app",
      "provider": "module.networking_primary.provider[\"registry.terraform.io/hashicorp/aws\"].region",
      "instances": [
        {
          "index_key": 0,
          "schema_version": 0,
          "attributes": {
            "gateway_id": "",
            "id": "rtbassoc-00fb3763fdf1c7801",
            "route_table_id": "rtb-00e9ce5eb5ceedfc4",
            "subnet_id": "subnet-0f9ff3943622b57e5",
            "timeouts": null
          },
          "sensitive_attributes": [],
          "private": "eyJlMmJmYjczMC1lY2FhLTExZTYtOGY4OC0zNDM2M2JjN2M0YzAiOnsiY3JlYXRlIjozMDAwMDAwMDAwMDAsImRlbGV0ZSI6MzAwMDAwMDAwMDAwLCJ1cGRhdGUiOjEyMDAwMDAwMDAwMH19",
          "dependencies": [
            "module.networking_primary.aws_eip.nat_eip",
            "module.networking_primary.aws_internet_gateway.igw",
            "module.networking_primary.aws_nat_gateway.nat",
            "module.networking_primary.aws_route_table.private_app",
            "module.networking_primary.aws_subnet.app_subnets",
            "module.networking_primary.aws_subnet.public_subnets",
            "module.networking_primary.aws_vpc.main"
          ],
          "create_before_destroy": true
        },
        {
          "index_key": 1,
          "schema_version": 0,
          "attributes": {
            "gateway_id": "",
            "id": "rtbassoc-0aea0cec91fe4c14a",
            "route_table_id": "rtb-00278255cad452ccf",
            "subnet_id": "subnet-02f6080adf93eba39",
            "timeouts": null
          },
          "sensitive_attributes": [],
          "private": "eyJlMmJmYjczMC1lY2FhLTExZTYtOGY4OC0zNDM2M2JjN2M0YzAiOnsiY3JlYXRlIjozMDAwMDAwMDAwMDAsImRlbGV0ZSI6MzAwMDAwMDAwMDAwLCJ1cGRhdGUiOjEyMDAwMDAwMDAwMH19",
          "dependencies": [
            "module.networking_primary.aws_eip.nat_eip",
            "module.networking_primary.aws_internet_gateway.igw",
            "module.networking_primary.aws_nat_gateway.nat",
            "module.networking_primary.aws_route_table.private_app",
            "module.networking_primary.aws_subnet.app_subnets",
            "module.networking_primary.aws_subnet.public_subnets",
            "module.networking_primary.aws_vpc.main"
          ],
          "create_before_destroy": true
        }
      ]
    },
    {
      "module": "module.networking_primary",
      "mode": "managed",
      "type": "aws_route_table_association",
      "name": "private_db",
      "provider": "module.networking_primary.provider[\"registry.terraform.io/hashicorp/aws\"].region",
      "instances": [
        {
          "index_key": 0,
          "schema_version": 0,
          "attributes": {
            "gateway_id": "",
            "id": "rtbassoc-03f8061bd1431d99c",
            "route_table_id": "rtb-0e41bc454fb6cf103",
            "subnet_id": "subnet-04882385e9c1b6057",
            "timeouts": null
          },
          "sensitive_attributes": [],
          "private": "eyJlMmJmYjczMC1lY2FhLTExZTYtOGY4OC0zNDM2M2JjN2M0YzAiOnsiY3JlYXRlIjozMDAwMDAwMDAwMDAsImRlbGV0ZSI6MzAwMDAwMDAwMDAwLCJ1cGRhdGUiOjEyMDAwMDAwMDAwMH19",
          "dependencies": [
            "module.networking_primary.aws_route_table.private_db",
            "module.networking_primary.aws_subnet.db_subnets",
            "module.networking_primary.aws_vpc.main"
          ],
          "create_before_destroy": true
        },
        {
          "index_key": 1,
          "schema_version": 0,
          "attributes": {
            "gateway_id": "",
            "id": "rtbassoc-079733920a980db5e",
            "route_table_id": "rtb-0e41bc454fb6cf103",
            "subnet_id": "subnet-004dda22aa60dba6a",
            "timeouts": null
          },
          "sensitive_attributes": [],
          "private": "eyJlMmJmYjczMC1lY2FhLTExZTYtOGY4OC0zNDM2M2JjN2M0YzAiOnsiY3JlYXRlIjozMDAwMDAwMDAwMDAsImRlbGV0ZSI6MzAwMDAwMDAwMDAwLCJ1cGRhdGUiOjEyMDAwMDAwMDAwMH19",
          "dependencies": [
            "module.networking_primary.aws_route_table.private_db",
            "module.networking_primary.aws_subnet.db_subnets",
            "module.networking_primary.aws_vpc.main"
          ],
          "create_before_destroy": true
        }
      ]
    },
    {
      "module": "module.networking_primary",
      "mode": "managed",
      "type": "aws_route_table_association",
      "name": "public",
      "provider": "module.networking_primary.provider[\"registry.terraform.io/hashicorp/aws\"].region",
      "instances": [
        {
          "index_key": 0,
          "schema_version": 0,
          "attributes": {
            "gateway_id": "",
            "id": "rtbassoc-093e99827256608db",
            "route_table_id": "rtb-009f61a59b862bb27",
            "subnet_id": "subnet-03ff07066b85532ba",
            "timeouts": null
          },
          "sensitive_attributes": [],
          "private": "eyJlMmJmYjczMC1lY2FhLTExZTYtOGY4OC0zNDM2M2JjN2M0YzAiOnsiY3JlYXRlIjozMDAwMDAwMDAwMDAsImRlbGV0ZSI6MzAwMDAwMDAwMDAwLCJ1cGRhdGUiOjEyMDAwMDAwMDAwMH19",
          "dependencies": [
            "module.networking_primary.aws_internet_gateway.igw",
            "module.networking_primary.aws_route_table.public",
            "module.networking_primary.aws_subnet.public_subnets",
            "module.networking_primary.aws_vpc.main"
          ],
          "create_before_destroy": true
        },
        {
          "index_key": 1,
          "schema_version": 0,
          "attributes": {
            "gateway_id": "",
            "id": "rtbassoc-0763ee97ac571fa15",
            "route_table_id": "rtb-009f61a59b862bb27",
            "subnet_id": "subnet-0b899a041426acd92",
            "timeouts": null
          },
          "sensitive_attributes": [],
          "private": "eyJlMmJmYjczMC1lY2FhLTExZTYtOGY4OC0zNDM2M2JjN2M0YzAiOnsiY3JlYXRlIjozMDAwMDAwMDAwMDAsImRlbGV0ZSI6MzAwMDAwMDAwMDAwLCJ1cGRhdGUiOjEyMDAwMDAwMDAwMH19",
          "dependencies": [
            "module.networking_primary.aws_internet_gateway.igw",
            "module.networking_primary.aws_route_table.public",
            "module.networking_primary.aws_subnet.public_subnets",
            "module.networking_primary.aws_vpc.main"
          ],
          "create_before_destroy": true
        }
      ]
    },
    {
      "module": "module.networking_primary",
      "mode": "managed",
      "type": "aws_subnet",
      "name": "app_subnets",
      "provider": "module.networking_primary.provider[\"registry.terraform.io/hashicorp/aws\"].region",
      "instances": [
        {
          "index_key": 0,
          "schema_version": 1,
          "attributes": {
            "arn": "arn:aws:ec2:us-east-1:015117030551:subnet/subnet-0f9ff3943622b57e5",
            "assign_ipv6_address_on_creation": false,
            "availability_zone": "us-east-1a",
            "availability_zone_id": "use1-az4",
            "cidr_block": "10.0.3.0/24",
            "customer_owned_ipv4_pool": "",
            "enable_dns64": false,
            "enable_lni_at_device_index": 0,
            "enable_resource_name_dns_a_record_on_launch": false,
            "enable_resource_name_dns_aaaa_record_on_launch": false,
            "id": "subnet-0f9ff3943622b57e5",
            "ipv6_cidr_block": "",
            "ipv6_cidr_block_association_id": "",
            "ipv6_native": false,
            "map_customer_owned_ip_on_launch": false,
            "map_public_ip_on_launch": false,
            "outpost_arn": "",
            "owner_id": "015117030551",
            "private_dns_hostname_type_on_launch": "ip-name",
            "tags": {
              "Name": "app-subnet-0-us-east-1"
            },
            "tags_all": {
              "Name": "app-subnet-0-us-east-1"
            },
            "timeouts": null,
            "vpc_id": "vpc-0b906e421c277c322"
          },
          "sensitive_attributes": [],
          "private": "eyJlMmJmYjczMC1lY2FhLTExZTYtOGY4OC0zNDM2M2JjN2M0YzAiOnsiY3JlYXRlIjo2MDAwMDAwMDAwMDAsImRlbGV0ZSI6MTIwMDAwMDAwMDAwMH0sInNjaGVtYV92ZXJzaW9uIjoiMSJ9",
          "dependencies": [
            "module.networking_primary.aws_vpc.main"
          ],
          "create_before_destroy": true
        },
        {
          "index_key": 1,
          "schema_version": 1,
          "attributes": {
            "arn": "arn:aws:ec2:us-east-1:015117030551:subnet/subnet-02f6080adf93eba39",
            "assign_ipv6_address_on_creation": false,
            "availability_zone": "us-east-1b",
            "availability_zone_id": "use1-az6",
            "cidr_block": "10.0.4.0/24",
            "customer_owned_ipv4_pool": "",
            "enable_dns64": false,
            "enable_lni_at_device_index": 0,
            "enable_resource_name_dns_a_record_on_launch": false,
            "enable_resource_name_dns_aaaa_record_on_launch": false,
            "id": "subnet-02f6080adf93eba39",
            "ipv6_cidr_block": "",
            "ipv6_cidr_block_association_id": "",
            "ipv6_native": false,
            "map_customer_owned_ip_on_launch": false,
            "map_public_ip_on_launch": false,
            "outpost_arn": "",
            "owner_id": "015117030551",
            "private_dns_hostname_type_on_launch": "ip-name",
            "tags": {
              "Name": "app-subnet-1-us-east-1"
            },
            "tags_all": {
              "Name": "app-subnet-1-us-east-1"
            },
            "timeouts": null,
            "vpc_id": "vpc-0b906e421c277c322"
          },
          "sensitive_attributes": [],
          "private": "eyJlMmJmYjczMC1lY2FhLTExZTYtOGY4OC0zNDM2M2JjN2M0YzAiOnsiY3JlYXRlIjo2MDAwMDAwMDAwMDAsImRlbGV0ZSI6MTIwMDAwMDAwMDAwMH0sInNjaGVtYV92ZXJzaW9uIjoiMSJ9",
          "dependencies": [
            "module.networking_primary.aws_vpc.main"
          ],
          "create_before_destroy": true
        }
      ]
    },
    {
      "module": "module.networking_primary",
      "mode": "managed",
      "type": "aws_subnet",
      "name": "db_subnets",
      "provider": "module.networking_primary.provider[\"registry.terraform.io/hashicorp/aws\"].region",
      "instances": [
        {
          "index_key": 0,
          "schema_version": 1,
          "attributes": {
            "arn": "arn:aws:ec2:us-east-1:015117030551:subnet/subnet-04882385e9c1b6057",
            "assign_ipv6_address_on_creation": false,
            "availability_zone": "us-east-1a",
            "availability_zone_id": "use1-az4",
            "cidr_block": "10.0.5.0/24",
            "customer_owned_ipv4_pool": "",
            "enable_dns64": false,
            "enable_lni_at_device_index": 0,
            "enable_resource_name_dns_a_record_on_launch": false,
            "enable_resource_name_dns_aaaa_record_on_launch": false,
            "id": "subnet-04882385e9c1b6057",
            "ipv6_cidr_block": "",
            "ipv6_cidr_block_association_id": "",
            "ipv6_native": false,
            "map_customer_owned_ip_on_launch": false,
            "map_public_ip_on_launch": false,
            "outpost_arn": "",
            "owner_id": "015117030551",
            "private_dns_hostname_type_on_launch": "ip-name",
            "tags": {
              "Name": "db-subnet-0-us-east-1"
            },
            "tags_all": {
              "Name": "db-subnet-0-us-east-1"
            },
            "timeouts": null,
            "vpc_id": "vpc-0b906e421c277c322"
          },
          "sensitive_attributes": [],
          "private": "eyJlMmJmYjczMC1lY2FhLTExZTYtOGY4OC0zNDM2M2JjN2M0YzAiOnsiY3JlYXRlIjo2MDAwMDAwMDAwMDAsImRlbGV0ZSI6MTIwMDAwMDAwMDAwMH0sInNjaGVtYV92ZXJzaW9uIjoiMSJ9",
          "dependencies": [
            "module.networking_primary.aws_vpc.main"
          ],
          "create_before_destroy": true
        },
        {
          "index_key": 1,
          "schema_version": 1,
          "attributes": {
            "arn": "arn:aws:ec2:us-east-1:015117030551:subnet/subnet-004dda22aa60dba6a",
            "assign_ipv6_address_on_creation": false,
            "availability_zone": "us-east-1b",
            "availability_zone_id": "use1-az6",
            "cidr_block": "10.0.6.0/24",
            "customer_owned_ipv4_pool": "",
            "enable_dns64": false,
            "enable_lni_at_device_index": 0,
            "enable_resource_name_dns_a_record_on_launch": false,
            "enable_resource_name_dns_aaaa_record_on_launch": false,
            "id": "subnet-004dda22aa60dba6a",
            "ipv6_cidr_block": "",
            "ipv6_cidr_block_association_id": "",
            "ipv6_native": false,
            "map_customer_owned_ip_on_launch": false,
            "map_public_ip_on_launch": false,
            "outpost_arn": "",
            "owner_id": "015117030551",
            "private_dns_hostname_type_on_launch": "ip-name",
            "tags": {
              "Name": "db-subnet-1-us-east-1"
            },
            "tags_all": {
              "Name": "db-subnet-1-us-east-1"
            },
            "timeouts": null,
            "vpc_id": "vpc-0b906e421c277c322"
          },
          "sensitive_attributes": [],
          "private": "eyJlMmJmYjczMC1lY2FhLTExZTYtOGY4OC0zNDM2M2JjN2M0YzAiOnsiY3JlYXRlIjo2MDAwMDAwMDAwMDAsImRlbGV0ZSI6MTIwMDAwMDAwMDAwMH0sInNjaGVtYV92ZXJzaW9uIjoiMSJ9",
          "dependencies": [
            "module.networking_primary.aws_vpc.main"
          ],
          "create_before_destroy": true
        }
      ]
    },
    {
      "module": "module.networking_primary",
      "mode": "managed",
      "type": "aws_subnet",
      "name": "public_subnets",
      "provider": "module.networking_primary.provider[\"registry.terraform.io/hashicorp/aws\"].region",
      "instances": [
        {
          "index_key": 0,
          "schema_version": 1,
          "attributes": {
            "arn": "arn:aws:ec2:us-east-1:015117030551:subnet/subnet-03ff07066b85532ba",
            "assign_ipv6_address_on_creation": false,
            "availability_zone": "us-east-1a",
            "availability_zone_id": "use1-az4",
            "cidr_block": "10.0.1.0/24",
            "customer_owned_ipv4_pool": "",
            "enable_dns64": false,
            "enable_lni_at_device_index": 0,
            "enable_resource_name_dns_a_record_on_launch": false,
            "enable_resource_name_dns_aaaa_record_on_launch": false,
            "id": "subnet-03ff07066b85532ba",
            "ipv6_cidr_block": "",
            "ipv6_cidr_block_association_id": "",
            "ipv6_native": false,
            "map_customer_owned_ip_on_launch": false,
            "map_public_ip_on_launch": true,
            "outpost_arn": "",
            "owner_id": "015117030551",
            "private_dns_hostname_type_on_launch": "ip-name",
            "tags": {
              "Name": "public-subnet-0-us-east-1"
            },
            "tags_all": {
              "Name": "public-subnet-0-us-east-1"
            },
            "timeouts": null,
            "vpc_id": "vpc-0b906e421c277c322"
          },
          "sensitive_attributes": [],
          "private": "eyJlMmJmYjczMC1lY2FhLTExZTYtOGY4OC0zNDM2M2JjN2M0YzAiOnsiY3JlYXRlIjo2MDAwMDAwMDAwMDAsImRlbGV0ZSI6MTIwMDAwMDAwMDAwMH0sInNjaGVtYV92ZXJzaW9uIjoiMSJ9",
          "dependencies": [
            "module.networking_primary.aws_vpc.main"
          ],
          "create_before_destroy": true
        },
        {
          "index_key": 1,
          "schema_version": 1,
          "attributes": {
            "arn": "arn:aws:ec2:us-east-1:015117030551:subnet/subnet-0b899a041426acd92",
            "assign_ipv6_address_on_creation": false,
            "availability_zone": "us-east-1b",
            "availability_zone_id": "use1-az6",
            "cidr_block": "10.0.2.0/24",
            "customer_owned_ipv4_pool": "",
            "enable_dns64": false,
            "enable_lni_at_device_index": 0,
            "enable_resource_name_dns_a_record_on_launch": false,
            "enable_resource_name_dns_aaaa_record_on_launch": false,
            "id": "subnet-0b899a041426acd92",
            "ipv6_cidr_block": "",
            "ipv6_cidr_block_association_id": "",
            "ipv6_native": false,
            "map_customer_owned_ip_on_launch": false,
            "map_public_ip_on_launch": true,
            "outpost_arn": "",
            "owner_id": "015117030551",
            "private_dns_hostname_type_on_launch": "ip-name",
            "tags": {
              "Name": "public-subnet-1-us-east-1"
            },
            "tags_all": {
              "Name": "public-subnet-1-us-east-1"
            },
            "timeouts": null,
            "vpc_id": "vpc-0b906e421c277c322"
          },
          "sensitive_attributes": [],
          "private": "eyJlMmJmYjczMC1lY2FhLTExZTYtOGY4OC0zNDM2M2JjN2M0YzAiOnsiY3JlYXRlIjo2MDAwMDAwMDAwMDAsImRlbGV0ZSI6MTIwMDAwMDAwMDAwMH0sInNjaGVtYV92ZXJzaW9uIjoiMSJ9",
          "dependencies": [
            "module.networking_primary.aws_vpc.main"
          ],
          "create_before_destroy": true
        }
      ]
    },
    {
      "module": "module.networking_primary",
      "mode": "managed",
      "type": "aws_vpc",
      "name": "main",
      "provider": "module.networking_primary.provider[\"registry.terraform.io/hashicorp/aws\"].region",
      "instances": [
        {
          "schema_version": 1,
          "attributes": {
            "arn": "arn:aws:ec2:us-east-1:015117030551:vpc/vpc-0b906e421c277c322",
            "assign_generated_ipv6_cidr_block": false,
            "cidr_block": "10.0.0.0/16",
            "default_network_acl_id": "acl-000d73a27bf281558",
            "default_route_table_id": "rtb-0d6357e342a211b7a",
            "default_security_group_id": "sg-017554f2509fcf836",
            "dhcp_options_id": "dopt-012914b46a5b5fab6",
            "enable_dns_hostnames": true,
            "enable_dns_support": true,
            "enable_network_address_usage_metrics": false,
            "id": "vpc-0b906e421c277c322",
            "instance_tenancy": "default",
            "ipv4_ipam_pool_id": null,
            "ipv4_netmask_length": null,
            "ipv6_association_id": "",
            "ipv6_cidr_block": "",
            "ipv6_cidr_block_network_border_group": "",
            "ipv6_ipam_pool_id": "",
            "ipv6_netmask_length": 0,
            "main_route_table_id": "rtb-0d6357e342a211b7a",
            "owner_id": "015117030551",
            "tags": {
              "Name": "vpc-us-east-1"
            },
            "tags_all": {
              "Name": "vpc-us-east-1"
            }
          },
          "sensitive_attributes": [],
          "private": "eyJzY2hlbWFfdmVyc2lvbiI6IjEifQ==",
          "create_before_destroy": true
        }
      ]
    },
    {
      "module": "module.networking_secondary",
      "mode": "managed",
      "type": "aws_eip",
      "name": "nat_eip",
      "provider": "module.networking_secondary.provider[\"registry.terraform.io/hashicorp/aws\"].region",
      "instances": [
        {
          "schema_version": 0,
          "attributes": {
            "address": null,
            "allocation_id": "eipalloc-0bce086e55e44f1b1",
            "arn": "arn:aws:ec2:us-east-2:015117030551:elastic-ip/eipalloc-0bce086e55e44f1b1",
            "associate_with_private_ip": null,
            "association_id": "",
            "carrier_ip": "",
            "customer_owned_ip": "",
            "customer_owned_ipv4_pool": "",
            "domain": "vpc",
            "id": "eipalloc-0bce086e55e44f1b1",
            "instance": "",
            "ipam_pool_id": null,
            "network_border_group": "us-east-2",
            "network_interface": "",
            "private_dns": null,
            "private_ip": "",
            "ptr_record": "",
            "public_dns": "ec2-18-119-62-46.us-east-2.compute.amazonaws.com",
            "public_ip": "18.119.62.46",
            "public_ipv4_pool": "amazon",
            "tags": {
              "Name": "nat-eip-us-east-2"
            },
            "tags_all": {
              "Name": "nat-eip-us-east-2"
            },
            "timeouts": null,
            "vpc": true
          },
          "sensitive_attributes": [],
          "private": "eyJlMmJmYjczMC1lY2FhLTExZTYtOGY4OC0zNDM2M2JjN2M0YzAiOnsiZGVsZXRlIjoxODAwMDAwMDAwMDAsInJlYWQiOjkwMDAwMDAwMDAwMCwidXBkYXRlIjozMDAwMDAwMDAwMDB9fQ==",
          "create_before_destroy": true
        }
      ]
    },
    {
      "module": "module.networking_secondary",
      "mode": "managed",
      "type": "aws_internet_gateway",
      "name": "igw",
      "provider": "module.networking_secondary.provider[\"registry.terraform.io/hashicorp/aws\"].region",
      "instances": [
        {
          "schema_version": 0,
          "attributes": {
            "arn": "arn:aws:ec2:us-east-2:015117030551:internet-gateway/igw-0194836e4ef083007",
            "id": "igw-0194836e4ef083007",
            "owner_id": "015117030551",
            "tags": {
              "Name": "igw-us-east-2"
            },
            "tags_all": {
              "Name": "igw-us-east-2"
            },
            "timeouts": null,
            "vpc_id": "vpc-054d10f11cafece0f"
          },
          "sensitive_attributes": [],
          "private": "eyJlMmJmYjczMC1lY2FhLTExZTYtOGY4OC0zNDM2M2JjN2M0YzAiOnsiY3JlYXRlIjoxMjAwMDAwMDAwMDAwLCJkZWxldGUiOjEyMDAwMDAwMDAwMDAsInVwZGF0ZSI6MTIwMDAwMDAwMDAwMH19",
          "dependencies": [
            "module.networking_secondary.aws_vpc.main"
          ],
          "create_before_destroy": true
        }
      ]
    },
    {
      "module": "module.networking_secondary",
      "mode": "managed",
      "type": "aws_nat_gateway",
      "name": "nat",
      "provider": "module.networking_secondary.provider[\"registry.terraform.io/hashicorp/aws\"].region",
      "instances": [
        {
          "schema_version": 0,
          "attributes": {
            "allocation_id": "eipalloc-0bce086e55e44f1b1",
            "association_id": "eipassoc-0c641aab5755e4147",
            "connectivity_type": "public",
            "id": "nat-0f41d9bc86559331c",
            "network_interface_id": "eni-0ebd45bd34af8b24a",
            "private_ip": "10.1.1.38",
            "public_ip": "18.119.62.46",
            "secondary_allocation_ids": null,
            "secondary_private_ip_address_count": 0,
            "secondary_private_ip_addresses": [],
            "subnet_id": "subnet-0ed32de5eff4dd599",
            "tags": {
              "Name": "nat-gateway-us-east-2"
            },
            "tags_all": {
              "Name": "nat-gateway-us-east-2"
            },
            "timeouts": null
          },
          "sensitive_attributes": [],
          "private": "eyJlMmJmYjczMC1lY2FhLTExZTYtOGY4OC0zNDM2M2JjN2M0YzAiOnsiY3JlYXRlIjo2MDAwMDAwMDAwMDAsImRlbGV0ZSI6MTgwMDAwMDAwMDAwMCwidXBkYXRlIjo2MDAwMDAwMDAwMDB9fQ==",
          "dependencies": [
            "module.networking_secondary.aws_eip.nat_eip",
            "module.networking_secondary.aws_internet_gateway.igw",
            "module.networking_secondary.aws_subnet.public_subnets",
            "module.networking_secondary.aws_vpc.main"
          ],
          "create_before_destroy": true
        }
      ]
    },
    {
      "module": "module.networking_secondary",
      "mode": "managed",
      "type": "aws_route_table",
      "name": "private_app",
      "provider": "module.networking_secondary.provider[\"registry.terraform.io/hashicorp/aws\"].region",
      "instances": [
        {
          "index_key": 0,
          "schema_version": 0,
          "attributes": {
            "arn": "arn:aws:ec2:us-east-2:015117030551:route-table/rtb-04edd16ebdb5fbe4e",
            "id": "rtb-04edd16ebdb5fbe4e",
            "owner_id": "015117030551",
            "propagating_vgws": [],
            "route": [
              {
                "carrier_gateway_id": "",
                "cidr_block": "0.0.0.0/0",
                "core_network_arn": "",
                "destination_prefix_list_id": "",
                "egress_only_gateway_id": "",
                "gateway_id": "",
                "ipv6_cidr_block": "",
                "local_gateway_id": "",
                "nat_gateway_id": "nat-0f41d9bc86559331c",
                "network_interface_id": "",
                "transit_gateway_id": "",
                "vpc_endpoint_id": "",
                "vpc_peering_connection_id": ""
              }
            ],
            "tags": {
              "Name": "private-app-rt-0-us-east-2"
            },
            "tags_all": {
              "Name": "private-app-rt-0-us-east-2"
            },
            "timeouts": null,
            "vpc_id": "vpc-054d10f11cafece0f"
          },
          "sensitive_attributes": [],
          "private": "eyJlMmJmYjczMC1lY2FhLTExZTYtOGY4OC0zNDM2M2JjN2M0YzAiOnsiY3JlYXRlIjozMDAwMDAwMDAwMDAsImRlbGV0ZSI6MzAwMDAwMDAwMDAwLCJ1cGRhdGUiOjEyMDAwMDAwMDAwMH19",
          "dependencies": [
            "module.networking_secondary.aws_eip.nat_eip",
            "module.networking_secondary.aws_internet_gateway.igw",
            "module.networking_secondary.aws_nat_gateway.nat",
            "module.networking_secondary.aws_subnet.app_subnets",
            "module.networking_secondary.aws_subnet.public_subnets",
            "module.networking_secondary.aws_vpc.main"
          ],
          "create_before_destroy": true
        },
        {
          "index_key": 1,
          "schema_version": 0,
          "attributes": {
            "arn": "arn:aws:ec2:us-east-2:015117030551:route-table/rtb-0eba4b22a7a898d52",
            "id": "rtb-0eba4b22a7a898d52",
            "owner_id": "015117030551",
            "propagating_vgws": [],
            "route": [
              {
                "carrier_gateway_id": "",
                "cidr_block": "0.0.0.0/0",
                "core_network_arn": "",
                "destination_prefix_list_id": "",
                "egress_only_gateway_id": "",
                "gateway_id": "",
                "ipv6_cidr_block": "",
                "local_gateway_id": "",
                "nat_gateway_id": "nat-0f41d9bc86559331c",
                "network_interface_id": "",
                "transit_gateway_id": "",
                "vpc_endpoint_id": "",
                "vpc_peering_connection_id": ""
              }
            ],
            "tags": {
              "Name": "private-app-rt-1-us-east-2"
            },
            "tags_all": {
              "Name": "private-app-rt-1-us-east-2"
            },
            "timeouts": null,
            "vpc_id": "vpc-054d10f11cafece0f"
          },
          "sensitive_attributes": [],
          "private": "eyJlMmJmYjczMC1lY2FhLTExZTYtOGY4OC0zNDM2M2JjN2M0YzAiOnsiY3JlYXRlIjozMDAwMDAwMDAwMDAsImRlbGV0ZSI6MzAwMDAwMDAwMDAwLCJ1cGRhdGUiOjEyMDAwMDAwMDAwMH19",
          "dependencies": [
            "module.networking_secondary.aws_eip.nat_eip",
            "module.networking_secondary.aws_internet_gateway.igw",
            "module.networking_secondary.aws_nat_gateway.nat",
            "module.networking_secondary.aws_subnet.app_subnets",
            "module.networking_secondary.aws_subnet.public_subnets",
            "module.networking_secondary.aws_vpc.main"
          ],
          "create_before_destroy": true
        }
      ]
    },
    {
      "module": "module.networking_secondary",
      "mode": "managed",
      "type": "aws_route_table",
      "name": "private_db",
      "provider": "module.networking_secondary.provider[\"registry.terraform.io/hashicorp/aws\"].region",
      "instances": [
        {
          "schema_version": 0,
          "attributes": {
            "arn": "arn:aws:ec2:us-east-2:015117030551:route-table/rtb-0ec7fd2c07cf43207",
            "id": "rtb-0ec7fd2c07cf43207",
            "owner_id": "015117030551",
            "propagating_vgws": [],
            "route": [],
            "tags": {
              "Name": "private-db-rt-us-east-2"
            },
            "tags_all": {
              "Name": "private-db-rt-us-east-2"
            },
            "timeouts": null,
            "vpc_id": "vpc-054d10f11cafece0f"
          },
          "sensitive_attributes": [],
          "private": "eyJlMmJmYjczMC1lY2FhLTExZTYtOGY4OC0zNDM2M2JjN2M0YzAiOnsiY3JlYXRlIjozMDAwMDAwMDAwMDAsImRlbGV0ZSI6MzAwMDAwMDAwMDAwLCJ1cGRhdGUiOjEyMDAwMDAwMDAwMH19",
          "dependencies": [
            "module.networking_secondary.aws_vpc.main"
          ],
          "create_before_destroy": true
        }
      ]
    },
    {
      "module": "module.networking_secondary",
      "mode": "managed",
      "type": "aws_route_table",
      "name": "public",
      "provider": "module.networking_secondary.provider[\"registry.terraform.io/hashicorp/aws\"].region",
      "instances": [
        {
          "schema_version": 0,
          "attributes": {
            "arn": "arn:aws:ec2:us-east-2:015117030551:route-table/rtb-07fb80d4833024378",
            "id": "rtb-07fb80d4833024378",
            "owner_id": "015117030551",
            "propagating_vgws": [],
            "route": [
              {
                "carrier_gateway_id": "",
                "cidr_block": "0.0.0.0/0",
                "core_network_arn": "",
                "destination_prefix_list_id": "",
                "egress_only_gateway_id": "",
                "gateway_id": "igw-0194836e4ef083007",
                "ipv6_cidr_block": "",
                "local_gateway_id": "",
                "nat_gateway_id": "",
                "network_interface_id": "",
                "transit_gateway_id": "",
                "vpc_endpoint_id": "",
                "vpc_peering_connection_id": ""
              }
            ],
            "tags": {
              "Name": "public-rt-us-east-2"
            },
            "tags_all": {
              "Name": "public-rt-us-east-2"
            },
            "timeouts": null,
            "vpc_id": "vpc-054d10f11cafece0f"
          },
          "sensitive_attributes": [],
          "private": "eyJlMmJmYjczMC1lY2FhLTExZTYtOGY4OC0zNDM2M2JjN2M0YzAiOnsiY3JlYXRlIjozMDAwMDAwMDAwMDAsImRlbGV0ZSI6MzAwMDAwMDAwMDAwLCJ1cGRhdGUiOjEyMDAwMDAwMDAwMH19",
          "dependencies": [
            "module.networking_secondary.aws_internet_gateway.igw",
            "module.networking_secondary.aws_vpc.main"
          ],
          "create_before_destroy": true
        }
      ]
    },
    {
      "module": "module.networking_secondary",
      "mode": "managed",
      "type": "aws_route_table_association",
      "name": "private_app",
      "provider": "module.networking_secondary.provider[\"registry.terraform.io/hashicorp/aws\"].region",
      "instances": [
        {
          "index_key": 0,
          "schema_version": 0,
          "attributes": {
            "gateway_id": "",
            "id": "rtbassoc-0dc4c75fa5d14bd1a",
            "route_table_id": "rtb-04edd16ebdb5fbe4e",
            "subnet_id": "subnet-06d54ef60706fe65a",
            "timeouts": null
          },
          "sensitive_attributes": [],
          "private": "eyJlMmJmYjczMC1lY2FhLTExZTYtOGY4OC0zNDM2M2JjN2M0YzAiOnsiY3JlYXRlIjozMDAwMDAwMDAwMDAsImRlbGV0ZSI6MzAwMDAwMDAwMDAwLCJ1cGRhdGUiOjEyMDAwMDAwMDAwMH19",
          "dependencies": [
            "module.networking_secondary.aws_eip.nat_eip",
            "module.networking_secondary.aws_internet_gateway.igw",
            "module.networking_secondary.aws_nat_gateway.nat",
            "module.networking_secondary.aws_route_table.private_app",
            "module.networking_secondary.aws_subnet.app_subnets",
            "module.networking_secondary.aws_subnet.public_subnets",
            "module.networking_secondary.aws_vpc.main"
          ],
          "create_before_destroy": true
        },
        {
          "index_key": 1,
          "schema_version": 0,
          "attributes": {
            "gateway_id": "",
            "id": "rtbassoc-0d54bbaf4560ccc26",
            "route_table_id": "rtb-0eba4b22a7a898d52",
            "subnet_id": "subnet-0f0148a4bda4f58b6",
            "timeouts": null
          },
          "sensitive_attributes": [],
          "private": "eyJlMmJmYjczMC1lY2FhLTExZTYtOGY4OC0zNDM2M2JjN2M0YzAiOnsiY3JlYXRlIjozMDAwMDAwMDAwMDAsImRlbGV0ZSI6MzAwMDAwMDAwMDAwLCJ1cGRhdGUiOjEyMDAwMDAwMDAwMH19",
          "dependencies": [
            "module.networking_secondary.aws_eip.nat_eip",
            "module.networking_secondary.aws_internet_gateway.igw",
            "module.networking_secondary.aws_nat_gateway.nat",
            "module.networking_secondary.aws_route_table.private_app",
            "module.networking_secondary.aws_subnet.app_subnets",
            "module.networking_secondary.aws_subnet.public_subnets",
            "module.networking_secondary.aws_vpc.main"
          ],
          "create_before_destroy": true
        }
      ]
    },
    {
      "module": "module.networking_secondary",
      "mode": "managed",
      "type": "aws_route_table_association",
      "name": "private_db",
      "provider": "module.networking_secondary.provider[\"registry.terraform.io/hashicorp/aws\"].region",
      "instances": [
        {
          "index_key": 0,
          "schema_version": 0,
          "attributes": {
            "gateway_id": "",
            "id": "rtbassoc-0680241866551186a",
            "route_table_id": "rtb-0ec7fd2c07cf43207",
            "subnet_id": "subnet-083a68392aed00ddc",
            "timeouts": null
          },
          "sensitive_attributes": [],
          "private": "eyJlMmJmYjczMC1lY2FhLTExZTYtOGY4OC0zNDM2M2JjN2M0YzAiOnsiY3JlYXRlIjozMDAwMDAwMDAwMDAsImRlbGV0ZSI6MzAwMDAwMDAwMDAwLCJ1cGRhdGUiOjEyMDAwMDAwMDAwMH19",
          "dependencies": [
            "module.networking_secondary.aws_route_table.private_db",
            "module.networking_secondary.aws_subnet.db_subnets",
            "module.networking_secondary.aws_vpc.main"
          ],
          "create_before_destroy": true
        },
        {
          "index_key": 1,
          "schema_version": 0,
          "attributes": {
            "gateway_id": "",
            "id": "rtbassoc-086beb5744ea7ec9c",
            "route_table_id": "rtb-0ec7fd2c07cf43207",
            "subnet_id": "subnet-0f112332ff4fd2e07",
            "timeouts": null
          },
          "sensitive_attributes": [],
          "private": "eyJlMmJmYjczMC1lY2FhLTExZTYtOGY4OC0zNDM2M2JjN2M0YzAiOnsiY3JlYXRlIjozMDAwMDAwMDAwMDAsImRlbGV0ZSI6MzAwMDAwMDAwMDAwLCJ1cGRhdGUiOjEyMDAwMDAwMDAwMH19",
          "dependencies": [
            "module.networking_secondary.aws_route_table.private_db",
            "module.networking_secondary.aws_subnet.db_subnets",
            "module.networking_secondary.aws_vpc.main"
          ],
          "create_before_destroy": true
        }
      ]
    },
    {
      "module": "module.networking_secondary",
      "mode": "managed",
      "type": "aws_route_table_association",
      "name": "public",
      "provider": "module.networking_secondary.provider[\"registry.terraform.io/hashicorp/aws\"].region",
      "instances": [
        {
          "index_key": 0,
          "schema_version": 0,
          "attributes": {
            "gateway_id": "",
            "id": "rtbassoc-0bb428a07f19e9bec",
            "route_table_id": "rtb-07fb80d4833024378",
            "subnet_id": "subnet-0ed32de5eff4dd599",
            "timeouts": null
          },
          "sensitive_attributes": [],
          "private": "eyJlMmJmYjczMC1lY2FhLTExZTYtOGY4OC0zNDM2M2JjN2M0YzAiOnsiY3JlYXRlIjozMDAwMDAwMDAwMDAsImRlbGV0ZSI6MzAwMDAwMDAwMDAwLCJ1cGRhdGUiOjEyMDAwMDAwMDAwMH19",
          "dependencies": [
            "module.networking_secondary.aws_internet_gateway.igw",
            "module.networking_secondary.aws_route_table.public",
            "module.networking_secondary.aws_subnet.public_subnets",
            "module.networking_secondary.aws_vpc.main"
          ],
          "create_before_destroy": true
        },
        {
          "index_key": 1,
          "schema_version": 0,
          "attributes": {
            "gateway_id": "",
            "id": "rtbassoc-088409fa92315ce12",
            "route_table_id": "rtb-07fb80d4833024378",
            "subnet_id": "subnet-0cd46cbf93872f286",
            "timeouts": null
          },
          "sensitive_attributes": [],
          "private": "eyJlMmJmYjczMC1lY2FhLTExZTYtOGY4OC0zNDM2M2JjN2M0YzAiOnsiY3JlYXRlIjozMDAwMDAwMDAwMDAsImRlbGV0ZSI6MzAwMDAwMDAwMDAwLCJ1cGRhdGUiOjEyMDAwMDAwMDAwMH19",
          "dependencies": [
            "module.networking_secondary.aws_internet_gateway.igw",
            "module.networking_secondary.aws_route_table.public",
            "module.networking_secondary.aws_subnet.public_subnets",
            "module.networking_secondary.aws_vpc.main"
          ],
          "create_before_destroy": true
        }
      ]
    },
    {
      "module": "module.networking_secondary",
      "mode": "managed",
      "type": "aws_subnet",
      "name": "app_subnets",
      "provider": "module.networking_secondary.provider[\"registry.terraform.io/hashicorp/aws\"].region",
      "instances": [
        {
          "index_key": 0,
          "schema_version": 1,
          "attributes": {
            "arn": "arn:aws:ec2:us-east-2:015117030551:subnet/subnet-06d54ef60706fe65a",
            "assign_ipv6_address_on_creation": false,
            "availability_zone": "us-east-2a",
            "availability_zone_id": "use2-az1",
            "cidr_block": "10.1.3.0/24",
            "customer_owned_ipv4_pool": "",
            "enable_dns64": false,
            "enable_lni_at_device_index": 0,
            "enable_resource_name_dns_a_record_on_launch": false,
            "enable_resource_name_dns_aaaa_record_on_launch": false,
            "id": "subnet-06d54ef60706fe65a",
            "ipv6_cidr_block": "",
            "ipv6_cidr_block_association_id": "",
            "ipv6_native": false,
            "map_customer_owned_ip_on_launch": false,
            "map_public_ip_on_launch": false,
            "outpost_arn": "",
            "owner_id": "015117030551",
            "private_dns_hostname_type_on_launch": "ip-name",
            "tags": {
              "Name": "app-subnet-0-us-east-2"
            },
            "tags_all": {
              "Name": "app-subnet-0-us-east-2"
            },
            "timeouts": null,
            "vpc_id": "vpc-054d10f11cafece0f"
          },
          "sensitive_attributes": [],
          "private": "eyJlMmJmYjczMC1lY2FhLTExZTYtOGY4OC0zNDM2M2JjN2M0YzAiOnsiY3JlYXRlIjo2MDAwMDAwMDAwMDAsImRlbGV0ZSI6MTIwMDAwMDAwMDAwMH0sInNjaGVtYV92ZXJzaW9uIjoiMSJ9",
          "dependencies": [
            "module.networking_secondary.aws_vpc.main"
          ],
          "create_before_destroy": true
        },
        {
          "index_key": 1,
          "schema_version": 1,
          "attributes": {
            "arn": "arn:aws:ec2:us-east-2:015117030551:subnet/subnet-0f0148a4bda4f58b6",
            "assign_ipv6_address_on_creation": false,
            "availability_zone": "us-east-2b",
            "availability_zone_id": "use2-az2",
            "cidr_block": "10.1.4.0/24",
            "customer_owned_ipv4_pool": "",
            "enable_dns64": false,
            "enable_lni_at_device_index": 0,
            "enable_resource_name_dns_a_record_on_launch": false,
            "enable_resource_name_dns_aaaa_record_on_launch": false,
            "id": "subnet-0f0148a4bda4f58b6",
            "ipv6_cidr_block": "",
            "ipv6_cidr_block_association_id": "",
            "ipv6_native": false,
            "map_customer_owned_ip_on_launch": false,
            "map_public_ip_on_launch": false,
            "outpost_arn": "",
            "owner_id": "015117030551",
            "private_dns_hostname_type_on_launch": "ip-name",
            "tags": {
              "Name": "app-subnet-1-us-east-2"
            },
            "tags_all": {
              "Name": "app-subnet-1-us-east-2"
            },
            "timeouts": null,
            "vpc_id": "vpc-054d10f11cafece0f"
          },
          "sensitive_attributes": [],
          "private": "eyJlMmJmYjczMC1lY2FhLTExZTYtOGY4OC0zNDM2M2JjN2M0YzAiOnsiY3JlYXRlIjo2MDAwMDAwMDAwMDAsImRlbGV0ZSI6MTIwMDAwMDAwMDAwMH0sInNjaGVtYV92ZXJzaW9uIjoiMSJ9",
          "dependencies": [
            "module.networking_secondary.aws_vpc.main"
          ],
          "create_before_destroy": true
        }
      ]
    },
    {
      "module": "module.networking_secondary",
      "mode": "managed",
      "type": "aws_subnet",
      "name": "db_subnets",
      "provider": "module.networking_secondary.provider[\"registry.terraform.io/hashicorp/aws\"].region",
      "instances": [
        {
          "index_key": 0,
          "schema_version": 1,
          "attributes": {
            "arn": "arn:aws:ec2:us-east-2:015117030551:subnet/subnet-083a68392aed00ddc",
            "assign_ipv6_address_on_creation": false,
            "availability_zone": "us-east-2a",
            "availability_zone_id": "use2-az1",
            "cidr_block": "10.1.5.0/24",
            "customer_owned_ipv4_pool": "",
            "enable_dns64": false,
            "enable_lni_at_device_index": 0,
            "enable_resource_name_dns_a_record_on_launch": false,
            "enable_resource_name_dns_aaaa_record_on_launch": false,
            "id": "subnet-083a68392aed00ddc",
            "ipv6_cidr_block": "",
            "ipv6_cidr_block_association_id": "",
            "ipv6_native": false,
            "map_customer_owned_ip_on_launch": false,
            "map_public_ip_on_launch": false,
            "outpost_arn": "",
            "owner_id": "015117030551",
            "private_dns_hostname_type_on_launch": "ip-name",
            "tags": {
              "Name": "db-subnet-0-us-east-2"
            },
            "tags_all": {
              "Name": "db-subnet-0-us-east-2"
            },
            "timeouts": null,
            "vpc_id": "vpc-054d10f11cafece0f"
          },
          "sensitive_attributes": [],
          "private": "eyJlMmJmYjczMC1lY2FhLTExZTYtOGY4OC0zNDM2M2JjN2M0YzAiOnsiY3JlYXRlIjo2MDAwMDAwMDAwMDAsImRlbGV0ZSI6MTIwMDAwMDAwMDAwMH0sInNjaGVtYV92ZXJzaW9uIjoiMSJ9",
          "dependencies": [
            "module.networking_secondary.aws_vpc.main"
          ],
          "create_before_destroy": true
        },
        {
          "index_key": 1,
          "schema_version": 1,
          "attributes": {
            "arn": "arn:aws:ec2:us-east-2:015117030551:subnet/subnet-0f112332ff4fd2e07",
            "assign_ipv6_address_on_creation": false,
            "availability_zone": "us-east-2b",
            "availability_zone_id": "use2-az2",
            "cidr_block": "10.1.6.0/24",
            "customer_owned_ipv4_pool": "",
            "enable_dns64": false,
            "enable_lni_at_device_index": 0,
            "enable_resource_name_dns_a_record_on_launch": false,
            "enable_resource_name_dns_aaaa_record_on_launch": false,
            "id": "subnet-0f112332ff4fd2e07",
            "ipv6_cidr_block": "",
            "ipv6_cidr_block_association_id": "",
            "ipv6_native": false,
            "map_customer_owned_ip_on_launch": false,
            "map_public_ip_on_launch": false,
            "outpost_arn": "",
            "owner_id": "015117030551",
            "private_dns_hostname_type_on_launch": "ip-name",
            "tags": {
              "Name": "db-subnet-1-us-east-2"
            },
            "tags_all": {
              "Name": "db-subnet-1-us-east-2"
            },
            "timeouts": null,
            "vpc_id": "vpc-054d10f11cafece0f"
          },
          "sensitive_attributes": [],
          "private": "eyJlMmJmYjczMC1lY2FhLTExZTYtOGY4OC0zNDM2M2JjN2M0YzAiOnsiY3JlYXRlIjo2MDAwMDAwMDAwMDAsImRlbGV0ZSI6MTIwMDAwMDAwMDAwMH0sInNjaGVtYV92ZXJzaW9uIjoiMSJ9",
          "dependencies": [
            "module.networking_secondary.aws_vpc.main"
          ],
          "create_before_destroy": true
        }
      ]
    },
    {
      "module": "module.networking_secondary",
      "mode": "managed",
      "type": "aws_subnet",
      "name": "public_subnets",
      "provider": "module.networking_secondary.provider[\"registry.terraform.io/hashicorp/aws\"].region",
      "instances": [
        {
          "index_key": 0,
          "schema_version": 1,
          "attributes": {
            "arn": "arn:aws:ec2:us-east-2:015117030551:subnet/subnet-0ed32de5eff4dd599",
            "assign_ipv6_address_on_creation": false,
            "availability_zone": "us-east-2a",
            "availability_zone_id": "use2-az1",
            "cidr_block": "10.1.1.0/24",
            "customer_owned_ipv4_pool": "",
            "enable_dns64": false,
            "enable_lni_at_device_index": 0,
            "enable_resource_name_dns_a_record_on_launch": false,
            "enable_resource_name_dns_aaaa_record_on_launch": false,
            "id": "subnet-0ed32de5eff4dd599",
            "ipv6_cidr_block": "",
            "ipv6_cidr_block_association_id": "",
            "ipv6_native": false,
            "map_customer_owned_ip_on_launch": false,
            "map_public_ip_on_launch": true,
            "outpost_arn": "",
            "owner_id": "015117030551",
            "private_dns_hostname_type_on_launch": "ip-name",
            "tags": {
              "Name": "public-subnet-0-us-east-2"
            },
            "tags_all": {
              "Name": "public-subnet-0-us-east-2"
            },
            "timeouts": null,
            "vpc_id": "vpc-054d10f11cafece0f"
          },
          "sensitive_attributes": [],
          "private": "eyJlMmJmYjczMC1lY2FhLTExZTYtOGY4OC0zNDM2M2JjN2M0YzAiOnsiY3JlYXRlIjo2MDAwMDAwMDAwMDAsImRlbGV0ZSI6MTIwMDAwMDAwMDAwMH0sInNjaGVtYV92ZXJzaW9uIjoiMSJ9",
          "dependencies": [
            "module.networking_secondary.aws_vpc.main"
          ],
          "create_before_destroy": true
        },
        {
          "index_key": 1,
          "schema_version": 1,
          "attributes": {
            "arn": "arn:aws:ec2:us-east-2:015117030551:subnet/subnet-0cd46cbf93872f286",
            "assign_ipv6_address_on_creation": false,
            "availability_zone": "us-east-2b",
            "availability_zone_id": "use2-az2",
            "cidr_block": "10.1.2.0/24",
            "customer_owned_ipv4_pool": "",
            "enable_dns64": false,
            "enable_lni_at_device_index": 0,
            "enable_resource_name_dns_a_record_on_launch": false,
            "enable_resource_name_dns_aaaa_record_on_launch": false,
            "id": "subnet-0cd46cbf93872f286",
            "ipv6_cidr_block": "",
            "ipv6_cidr_block_association_id": "",
            "ipv6_native": false,
            "map_customer_owned_ip_on_launch": false,
            "map_public_ip_on_launch": true,
            "outpost_arn": "",
            "owner_id": "015117030551",
            "private_dns_hostname_type_on_launch": "ip-name",
            "tags": {
              "Name": "public-subnet-1-us-east-2"
            },
            "tags_all": {
              "Name": "public-subnet-1-us-east-2"
            },
            "timeouts": null,
            "vpc_id": "vpc-054d10f11cafece0f"
          },
          "sensitive_attributes": [],
          "private": "eyJlMmJmYjczMC1lY2FhLTExZTYtOGY4OC0zNDM2M2JjN2M0YzAiOnsiY3JlYXRlIjo2MDAwMDAwMDAwMDAsImRlbGV0ZSI6MTIwMDAwMDAwMDAwMH0sInNjaGVtYV92ZXJzaW9uIjoiMSJ9",
          "dependencies": [
            "module.networking_secondary.aws_vpc.main"
          ],
          "create_before_destroy": true
        }
      ]
    },
    {
      "module": "module.networking_secondary",
      "mode": "managed",
      "type": "aws_vpc",
      "name": "main",
      "provider": "module.networking_secondary.provider[\"registry.terraform.io/hashicorp/aws\"].region",
      "instances": [
        {
          "schema_version": 1,
          "attributes": {
            "arn": "arn:aws:ec2:us-east-2:015117030551:vpc/vpc-054d10f11cafece0f",
            "assign_generated_ipv6_cidr_block": false,
            "cidr_block": "10.1.0.0/16",
            "default_network_acl_id": "acl-05f1c39b15421aba1",
            "default_route_table_id": "rtb-0a73898edb14c3e72",
            "default_security_group_id": "sg-01ebad18ccaed7c19",
            "dhcp_options_id": "dopt-0dd1365176c7399a4",
            "enable_dns_hostnames": true,
            "enable_dns_support": true,
            "enable_network_address_usage_metrics": false,
            "id": "vpc-054d10f11cafece0f",
            "instance_tenancy": "default",
            "ipv4_ipam_pool_id": null,
            "ipv4_netmask_length": null,
            "ipv6_association_id": "",
            "ipv6_cidr_block": "",
            "ipv6_cidr_block_network_border_group": "",
            "ipv6_ipam_pool_id": "",
            "ipv6_netmask_length": 0,
            "main_route_table_id": "rtb-0a73898edb14c3e72",
            "owner_id": "015117030551",
            "tags": {
              "Name": "vpc-us-east-2"
            },
            "tags_all": {
              "Name": "vpc-us-east-2"
            }
          },
          "sensitive_attributes": [],
          "private": "eyJzY2hlbWFfdmVyc2lvbiI6IjEifQ==",
          "create_before_destroy": true
        }
      ]
    },
    {
      "module": "module.security_groups_primary",
      "mode": "managed",
      "type": "aws_security_group",
      "name": "alb_external_sg",
      "provider": "provider[\"registry.terraform.io/hashicorp/aws\"].east1",
      "instances": [
        {
          "schema_version": 1,
          "attributes": {
            "arn": "arn:aws:ec2:us-east-1:015117030551:security-group/sg-0bd7edccf89a61363",
            "description": "External ALB SG",
            "egress": [
              {
                "cidr_blocks": [
                  "0.0.0.0/0"
                ],
                "description": "",
                "from_port": 0,
                "ipv6_cidr_blocks": [],
                "prefix_list_ids": [],
                "protocol": "-1",
                "security_groups": [],
                "self": false,
                "to_port": 0
              }
            ],
            "id": "sg-0bd7edccf89a61363",
            "ingress": [
              {
                "cidr_blocks": [
                  "0.0.0.0/0"
                ],
                "description": "",
                "from_port": 443,
                "ipv6_cidr_blocks": [],
                "prefix_list_ids": [],
                "protocol": "tcp",
                "security_groups": [],
                "self": false,
                "to_port": 443
              },
              {
                "cidr_blocks": [
                  "0.0.0.0/0"
                ],
                "description": "",
                "from_port": 80,
                "ipv6_cidr_blocks": [],
                "prefix_list_ids": [],
                "protocol": "tcp",
                "security_groups": [],
                "self": false,
                "to_port": 80
              }
            ],
            "name": "alb-external-sg-us-east-1",
            "name_prefix": "",
            "owner_id": "015117030551",
            "revoke_rules_on_delete": false,
            "tags": {
              "Name": "alb-external-sg-us-east-1"
            },
            "tags_all": {
              "Name": "alb-external-sg-us-east-1"
            },
            "timeouts": null,
            "vpc_id": "vpc-0b906e421c277c322"
          },
          "sensitive_attributes": [],
          "private": "eyJlMmJmYjczMC1lY2FhLTExZTYtOGY4OC0zNDM2M2JjN2M0YzAiOnsiY3JlYXRlIjo2MDAwMDAwMDAwMDAsImRlbGV0ZSI6OTAwMDAwMDAwMDAwfSwic2NoZW1hX3ZlcnNpb24iOiIxIn0=",
          "dependencies": [
            "module.networking_primary.aws_eip.nat_eip",
            "module.networking_primary.aws_internet_gateway.igw",
            "module.networking_primary.aws_nat_gateway.nat",
            "module.networking_primary.aws_route_table.private_app",
            "module.networking_primary.aws_route_table.private_db",
            "module.networking_primary.aws_route_table.public",
            "module.networking_primary.aws_route_table_association.private_app",
            "module.networking_primary.aws_route_table_association.private_db",
            "module.networking_primary.aws_route_table_association.public",
            "module.networking_primary.aws_subnet.app_subnets",
            "module.networking_primary.aws_subnet.db_subnets",
            "module.networking_primary.aws_subnet.public_subnets",
            "module.networking_primary.aws_vpc.main"
          ],
          "create_before_destroy": true
        }
      ]
    },
    {
      "module": "module.security_groups_primary",
      "mode": "managed",
      "type": "aws_security_group",
      "name": "alb_internal_sg",
      "provider": "provider[\"registry.terraform.io/hashicorp/aws\"].east1",
      "instances": [
        {
          "schema_version": 1,
          "attributes": {
            "arn": "arn:aws:ec2:us-east-1:015117030551:security-group/sg-0d36352fb60cacf36",
            "description": "Internal ALB SG",
            "egress": [
              {
                "cidr_blocks": [
                  "0.0.0.0/0"
                ],
                "description": "",
                "from_port": 0,
                "ipv6_cidr_blocks": [],
                "prefix_list_ids": [],
                "protocol": "-1",
                "security_groups": [],
                "self": false,
                "to_port": 0
              }
            ],
            "id": "sg-0d36352fb60cacf36",
            "ingress": [
              {
                "cidr_blocks": [
                  "10.0.0.0/16"
                ],
                "description": "",
                "from_port": 80,
                "ipv6_cidr_blocks": [],
                "prefix_list_ids": [],
                "protocol": "tcp",
                "security_groups": [],
                "self": false,
                "to_port": 80
              }
            ],
            "name": "alb-internal-sg-us-east-1",
            "name_prefix": "",
            "owner_id": "015117030551",
            "revoke_rules_on_delete": false,
            "tags": {
              "Name": "alb-internal-sg-us-east-1"
            },
            "tags_all": {
              "Name": "alb-internal-sg-us-east-1"
            },
            "timeouts": null,
            "vpc_id": "vpc-0b906e421c277c322"
          },
          "sensitive_attributes": [],
          "private": "eyJlMmJmYjczMC1lY2FhLTExZTYtOGY4OC0zNDM2M2JjN2M0YzAiOnsiY3JlYXRlIjo2MDAwMDAwMDAwMDAsImRlbGV0ZSI6OTAwMDAwMDAwMDAwfSwic2NoZW1hX3ZlcnNpb24iOiIxIn0=",
          "dependencies": [
            "module.networking_primary.aws_eip.nat_eip",
            "module.networking_primary.aws_internet_gateway.igw",
            "module.networking_primary.aws_nat_gateway.nat",
            "module.networking_primary.aws_route_table.private_app",
            "module.networking_primary.aws_route_table.private_db",
            "module.networking_primary.aws_route_table.public",
            "module.networking_primary.aws_route_table_association.private_app",
            "module.networking_primary.aws_route_table_association.private_db",
            "module.networking_primary.aws_route_table_association.public",
            "module.networking_primary.aws_subnet.app_subnets",
            "module.networking_primary.aws_subnet.db_subnets",
            "module.networking_primary.aws_subnet.public_subnets",
            "module.networking_primary.aws_vpc.main"
          ],
          "create_before_destroy": true
        }
      ]
    },
    {
      "module": "module.security_groups_primary",
      "mode": "managed",
      "type": "aws_security_group",
      "name": "app_sg",
      "provider": "provider[\"registry.terraform.io/hashicorp/aws\"].east1",
      "instances": [
        {
          "schema_version": 1,
          "attributes": {
            "arn": "arn:aws:ec2:us-east-1:015117030551:security-group/sg-0a6d481c85ef2f305",
            "description": "App Tier SG",
            "egress": [
              {
                "cidr_blocks": [
                  "0.0.0.0/0"
                ],
                "description": "",
                "from_port": 0,
                "ipv6_cidr_blocks": [],
                "prefix_list_ids": [],
                "protocol": "-1",
                "security_groups": [],
                "self": false,
                "to_port": 0
              }
            ],
            "id": "sg-0a6d481c85ef2f305",
            "ingress": [
              {
                "cidr_blocks": [],
                "description": "",
                "from_port": 8080,
                "ipv6_cidr_blocks": [],
                "prefix_list_ids": [],
                "protocol": "tcp",
                "security_groups": [
                  "sg-0a1da16b06a338f30"
                ],
                "self": false,
                "to_port": 8080
              }
            ],
            "name": "app-sg-us-east-1",
            "name_prefix": "",
            "owner_id": "015117030551",
            "revoke_rules_on_delete": false,
            "tags": {
              "Name": "app-sg-us-east-1"
            },
            "tags_all": {
              "Name": "app-sg-us-east-1"
            },
            "timeouts": null,
            "vpc_id": "vpc-0b906e421c277c322"
          },
          "sensitive_attributes": [],
          "private": "eyJlMmJmYjczMC1lY2FhLTExZTYtOGY4OC0zNDM2M2JjN2M0YzAiOnsiY3JlYXRlIjo2MDAwMDAwMDAwMDAsImRlbGV0ZSI6OTAwMDAwMDAwMDAwfSwic2NoZW1hX3ZlcnNpb24iOiIxIn0=",
          "dependencies": [
            "module.networking_primary.aws_eip.nat_eip",
            "module.networking_primary.aws_internet_gateway.igw",
            "module.networking_primary.aws_nat_gateway.nat",
            "module.networking_primary.aws_route_table.private_app",
            "module.networking_primary.aws_route_table.private_db",
            "module.networking_primary.aws_route_table.public",
            "module.networking_primary.aws_route_table_association.private_app",
            "module.networking_primary.aws_route_table_association.private_db",
            "module.networking_primary.aws_route_table_association.public",
            "module.networking_primary.aws_subnet.app_subnets",
            "module.networking_primary.aws_subnet.db_subnets",
            "module.networking_primary.aws_subnet.public_subnets",
            "module.networking_primary.aws_vpc.main",
            "module.security_groups_primary.aws_security_group.alb_external_sg",
            "module.security_groups_primary.aws_security_group.web_sg"
          ],
          "create_before_destroy": true
        }
      ]
    },
    {
      "module": "module.security_groups_primary",
      "mode": "managed",
      "type": "aws_security_group",
      "name": "db_sg",
      "provider": "provider[\"registry.terraform.io/hashicorp/aws\"].east1",
      "instances": [
        {
          "schema_version": 1,
          "attributes": {
            "arn": "arn:aws:ec2:us-east-1:015117030551:security-group/sg-06a36b13877870da6",
            "description": "DB Tier SG",
            "egress": [
              {
                "cidr_blocks": [
                  "0.0.0.0/0"
                ],
                "description": "",
                "from_port": 0,
                "ipv6_cidr_blocks": [],
                "prefix_list_ids": [],
                "protocol": "-1",
                "security_groups": [],
                "self": false,
                "to_port": 0
              }
            ],
            "id": "sg-06a36b13877870da6",
            "ingress": [
              {
                "cidr_blocks": [],
                "description": "",
                "from_port": 3306,
                "ipv6_cidr_blocks": [],
                "prefix_list_ids": [],
                "protocol": "tcp",
                "security_groups": [
                  "sg-0a6d481c85ef2f305"
                ],
                "self": false,
                "to_port": 3306
              }
            ],
            "name": "db-sg-us-east-1",
            "name_prefix": "",
            "owner_id": "015117030551",
            "revoke_rules_on_delete": false,
            "tags": {
              "Name": "db-sg-us-east-1"
            },
            "tags_all": {
              "Name": "db-sg-us-east-1"
            },
            "timeouts": null,
            "vpc_id": "vpc-0b906e421c277c322"
          },
          "sensitive_attributes": [],
          "private": "eyJlMmJmYjczMC1lY2FhLTExZTYtOGY4OC0zNDM2M2JjN2M0YzAiOnsiY3JlYXRlIjo2MDAwMDAwMDAwMDAsImRlbGV0ZSI6OTAwMDAwMDAwMDAwfSwic2NoZW1hX3ZlcnNpb24iOiIxIn0=",
          "dependencies": [
            "module.networking_primary.aws_eip.nat_eip",
            "module.networking_primary.aws_internet_gateway.igw",
            "module.networking_primary.aws_nat_gateway.nat",
            "module.networking_primary.aws_route_table.private_app",
            "module.networking_primary.aws_route_table.private_db",
            "module.networking_primary.aws_route_table.public",
            "module.networking_primary.aws_route_table_association.private_app",
            "module.networking_primary.aws_route_table_association.private_db",
            "module.networking_primary.aws_route_table_association.public",
            "module.networking_primary.aws_subnet.app_subnets",
            "module.networking_primary.aws_subnet.db_subnets",
            "module.networking_primary.aws_subnet.public_subnets",
            "module.networking_primary.aws_vpc.main",
            "module.security_groups_primary.aws_security_group.alb_external_sg",
            "module.security_groups_primary.aws_security_group.app_sg",
            "module.security_groups_primary.aws_security_group.web_sg"
          ],
          "create_before_destroy": true
        }
      ]
    },
    {
      "module": "module.security_groups_primary",
      "mode": "managed",
      "type": "aws_security_group",
      "name": "web_sg",
      "provider": "provider[\"registry.terraform.io/hashicorp/aws\"].east1",
      "instances": [
        {
          "schema_version": 1,
          "attributes": {
            "arn": "arn:aws:ec2:us-east-1:015117030551:security-group/sg-0a1da16b06a338f30",
            "description": "Web Tier SG",
            "egress": [
              {
                "cidr_blocks": [
                  "0.0.0.0/0"
                ],
                "description": "",
                "from_port": 0,
                "ipv6_cidr_blocks": [],
                "prefix_list_ids": [],
                "protocol": "-1",
                "security_groups": [],
                "self": false,
                "to_port": 0
              }
            ],
            "id": "sg-0a1da16b06a338f30",
            "ingress": [
              {
                "cidr_blocks": [],
                "description": "",
                "from_port": 443,
                "ipv6_cidr_blocks": [],
                "prefix_list_ids": [],
                "protocol": "tcp",
                "security_groups": [
                  "sg-0bd7edccf89a61363"
                ],
                "self": false,
                "to_port": 443
              },
              {
                "cidr_blocks": [],
                "description": "",
                "from_port": 80,
                "ipv6_cidr_blocks": [],
                "prefix_list_ids": [],
                "protocol": "tcp",
                "security_groups": [
                  "sg-0bd7edccf89a61363"
                ],
                "self": false,
                "to_port": 80
              }
            ],
            "name": "web-sg-us-east-1",
            "name_prefix": "",
            "owner_id": "015117030551",
            "revoke_rules_on_delete": false,
            "tags": {
              "Name": "web-sg-us-east-1"
            },
            "tags_all": {
              "Name": "web-sg-us-east-1"
            },
            "timeouts": null,
            "vpc_id": "vpc-0b906e421c277c322"
          },
          "sensitive_attributes": [],
          "private": "eyJlMmJmYjczMC1lY2FhLTExZTYtOGY4OC0zNDM2M2JjN2M0YzAiOnsiY3JlYXRlIjo2MDAwMDAwMDAwMDAsImRlbGV0ZSI6OTAwMDAwMDAwMDAwfSwic2NoZW1hX3ZlcnNpb24iOiIxIn0=",
          "dependencies": [
            "module.networking_primary.aws_eip.nat_eip",
            "module.networking_primary.aws_internet_gateway.igw",
            "module.networking_primary.aws_nat_gateway.nat",
            "module.networking_primary.aws_route_table.private_app",
            "module.networking_primary.aws_route_table.private_db",
            "module.networking_primary.aws_route_table.public",
            "module.networking_primary.aws_route_table_association.private_app",
            "module.networking_primary.aws_route_table_association.private_db",
            "module.networking_primary.aws_route_table_association.public",
            "module.networking_primary.aws_subnet.app_subnets",
            "module.networking_primary.aws_subnet.db_subnets",
            "module.networking_primary.aws_subnet.public_subnets",
            "module.networking_primary.aws_vpc.main",
            "module.security_groups_primary.aws_security_group.alb_external_sg"
          ],
          "create_before_destroy": true
        }
      ]
    },
    {
      "module": "module.security_groups_secondary",
      "mode": "managed",
      "type": "aws_security_group",
      "name": "alb_external_sg",
      "provider": "provider[\"registry.terraform.io/hashicorp/aws\"].east2",
      "instances": [
        {
          "schema_version": 1,
          "attributes": {
            "arn": "arn:aws:ec2:us-east-2:015117030551:security-group/sg-090c081acc6c44652",
            "description": "External ALB SG",
            "egress": [
              {
                "cidr_blocks": [
                  "0.0.0.0/0"
                ],
                "description": "",
                "from_port": 0,
                "ipv6_cidr_blocks": [],
                "prefix_list_ids": [],
                "protocol": "-1",
                "security_groups": [],
                "self": false,
                "to_port": 0
              }
            ],
            "id": "sg-090c081acc6c44652",
            "ingress": [
              {
                "cidr_blocks": [
                  "0.0.0.0/0"
                ],
                "description": "",
                "from_port": 443,
                "ipv6_cidr_blocks": [],
                "prefix_list_ids": [],
                "protocol": "tcp",
                "security_groups": [],
                "self": false,
                "to_port": 443
              },
              {
                "cidr_blocks": [
                  "0.0.0.0/0"
                ],
                "description": "",
                "from_port": 80,
                "ipv6_cidr_blocks": [],
                "prefix_list_ids": [],
                "protocol": "tcp",
                "security_groups": [],
                "self": false,
                "to_port": 80
              }
            ],
            "name": "alb-external-sg-us-east-2",
            "name_prefix": "",
            "owner_id": "015117030551",
            "revoke_rules_on_delete": false,
            "tags": {
              "Name": "alb-external-sg-us-east-2"
            },
            "tags_all": {
              "Name": "alb-external-sg-us-east-2"
            },
            "timeouts": null,
            "vpc_id": "vpc-054d10f11cafece0f"
          },
          "sensitive_attributes": [],
          "private": "eyJlMmJmYjczMC1lY2FhLTExZTYtOGY4OC0zNDM2M2JjN2M0YzAiOnsiY3JlYXRlIjo2MDAwMDAwMDAwMDAsImRlbGV0ZSI6OTAwMDAwMDAwMDAwfSwic2NoZW1hX3ZlcnNpb24iOiIxIn0=",
          "dependencies": [
            "module.networking_secondary.aws_eip.nat_eip",
            "module.networking_secondary.aws_internet_gateway.igw",
            "module.networking_secondary.aws_nat_gateway.nat",
            "module.networking_secondary.aws_route_table.private_app",
            "module.networking_secondary.aws_route_table.private_db",
            "module.networking_secondary.aws_route_table.public",
            "module.networking_secondary.aws_route_table_association.private_app",
            "module.networking_secondary.aws_route_table_association.private_db",
            "module.networking_secondary.aws_route_table_association.public",
            "module.networking_secondary.aws_subnet.app_subnets",
            "module.networking_secondary.aws_subnet.db_subnets",
            "module.networking_secondary.aws_subnet.public_subnets",
            "module.networking_secondary.aws_vpc.main"
          ],
          "create_before_destroy": true
        }
      ]
    },
    {
      "module": "module.security_groups_secondary",
      "mode": "managed",
      "type": "aws_security_group",
      "name": "alb_internal_sg",
      "provider": "provider[\"registry.terraform.io/hashicorp/aws\"].east2",
      "instances": [
        {
          "schema_version": 1,
          "attributes": {
            "arn": "arn:aws:ec2:us-east-2:015117030551:security-group/sg-00bf841979d74442b",
            "description": "Internal ALB SG",
            "egress": [
              {
                "cidr_blocks": [
                  "0.0.0.0/0"
                ],
                "description": "",
                "from_port": 0,
                "ipv6_cidr_blocks": [],
                "prefix_list_ids": [],
                "protocol": "-1",
                "security_groups": [],
                "self": false,
                "to_port": 0
              }
            ],
            "id": "sg-00bf841979d74442b",
            "ingress": [
              {
                "cidr_blocks": [
                  "10.1.0.0/16"
                ],
                "description": "",
                "from_port": 80,
                "ipv6_cidr_blocks": [],
                "prefix_list_ids": [],
                "protocol": "tcp",
                "security_groups": [],
                "self": false,
                "to_port": 80
              }
            ],
            "name": "alb-internal-sg-us-east-2",
            "name_prefix": "",
            "owner_id": "015117030551",
            "revoke_rules_on_delete": false,
            "tags": {
              "Name": "alb-internal-sg-us-east-2"
            },
            "tags_all": {
              "Name": "alb-internal-sg-us-east-2"
            },
            "timeouts": null,
            "vpc_id": "vpc-054d10f11cafece0f"
          },
          "sensitive_attributes": [],
          "private": "eyJlMmJmYjczMC1lY2FhLTExZTYtOGY4OC0zNDM2M2JjN2M0YzAiOnsiY3JlYXRlIjo2MDAwMDAwMDAwMDAsImRlbGV0ZSI6OTAwMDAwMDAwMDAwfSwic2NoZW1hX3ZlcnNpb24iOiIxIn0=",
          "dependencies": [
            "module.networking_secondary.aws_eip.nat_eip",
            "module.networking_secondary.aws_internet_gateway.igw",
            "module.networking_secondary.aws_nat_gateway.nat",
            "module.networking_secondary.aws_route_table.private_app",
            "module.networking_secondary.aws_route_table.private_db",
            "module.networking_secondary.aws_route_table.public",
            "module.networking_secondary.aws_route_table_association.private_app",
            "module.networking_secondary.aws_route_table_association.private_db",
            "module.networking_secondary.aws_route_table_association.public",
            "module.networking_secondary.aws_subnet.app_subnets",
            "module.networking_secondary.aws_subnet.db_subnets",
            "module.networking_secondary.aws_subnet.public_subnets",
            "module.networking_secondary.aws_vpc.main"
          ],
          "create_before_destroy": true
        }
      ]
    },
    {
      "module": "module.security_groups_secondary",
      "mode": "managed",
      "type": "aws_security_group",
      "name": "app_sg",
      "provider": "provider[\"registry.terraform.io/hashicorp/aws\"].east2",
      "instances": [
        {
          "schema_version": 1,
          "attributes": {
            "arn": "arn:aws:ec2:us-east-2:015117030551:security-group/sg-0413b19ec3af25c00",
            "description": "App Tier SG",
            "egress": [
              {
                "cidr_blocks": [
                  "0.0.0.0/0"
                ],
                "description": "",
                "from_port": 0,
                "ipv6_cidr_blocks": [],
                "prefix_list_ids": [],
                "protocol": "-1",
                "security_groups": [],
                "self": false,
                "to_port": 0
              }
            ],
            "id": "sg-0413b19ec3af25c00",
            "ingress": [
              {
                "cidr_blocks": [],
                "description": "",
                "from_port": 8080,
                "ipv6_cidr_blocks": [],
                "prefix_list_ids": [],
                "protocol": "tcp",
                "security_groups": [
                  "sg-02091ff6699df9958"
                ],
                "self": false,
                "to_port": 8080
              }
            ],
            "name": "app-sg-us-east-2",
            "name_prefix": "",
            "owner_id": "015117030551",
            "revoke_rules_on_delete": false,
            "tags": {
              "Name": "app-sg-us-east-2"
            },
            "tags_all": {
              "Name": "app-sg-us-east-2"
            },
            "timeouts": null,
            "vpc_id": "vpc-054d10f11cafece0f"
          },
          "sensitive_attributes": [],
          "private": "eyJlMmJmYjczMC1lY2FhLTExZTYtOGY4OC0zNDM2M2JjN2M0YzAiOnsiY3JlYXRlIjo2MDAwMDAwMDAwMDAsImRlbGV0ZSI6OTAwMDAwMDAwMDAwfSwic2NoZW1hX3ZlcnNpb24iOiIxIn0=",
          "dependencies": [
            "module.networking_secondary.aws_eip.nat_eip",
            "module.networking_secondary.aws_internet_gateway.igw",
            "module.networking_secondary.aws_nat_gateway.nat",
            "module.networking_secondary.aws_route_table.private_app",
            "module.networking_secondary.aws_route_table.private_db",
            "module.networking_secondary.aws_route_table.public",
            "module.networking_secondary.aws_route_table_association.private_app",
            "module.networking_secondary.aws_route_table_association.private_db",
            "module.networking_secondary.aws_route_table_association.public",
            "module.networking_secondary.aws_subnet.app_subnets",
            "module.networking_secondary.aws_subnet.db_subnets",
            "module.networking_secondary.aws_subnet.public_subnets",
            "module.networking_secondary.aws_vpc.main",
            "module.security_groups_secondary.aws_security_group.alb_external_sg",
            "module.security_groups_secondary.aws_security_group.web_sg"
          ],
          "create_before_destroy": true
        }
      ]
    },
    {
      "module": "module.security_groups_secondary",
      "mode": "managed",
      "type": "aws_security_group",
      "name": "db_sg",
      "provider": "provider[\"registry.terraform.io/hashicorp/aws\"].east2",
      "instances": [
        {
          "schema_version": 1,
          "attributes": {
            "arn": "arn:aws:ec2:us-east-2:015117030551:security-group/sg-0c2e555a73a2eb3aa",
            "description": "DB Tier SG",
            "egress": [
              {
                "cidr_blocks": [
                  "0.0.0.0/0"
                ],
                "description": "",
                "from_port": 0,
                "ipv6_cidr_blocks": [],
                "prefix_list_ids": [],
                "protocol": "-1",
                "security_groups": [],
                "self": false,
                "to_port": 0
              }
            ],
            "id": "sg-0c2e555a73a2eb3aa",
            "ingress": [
              {
                "cidr_blocks": [],
                "description": "",
                "from_port": 3306,
                "ipv6_cidr_blocks": [],
                "prefix_list_ids": [],
                "protocol": "tcp",
                "security_groups": [
                  "sg-0413b19ec3af25c00"
                ],
                "self": false,
                "to_port": 3306
              }
            ],
            "name": "db-sg-us-east-2",
            "name_prefix": "",
            "owner_id": "015117030551",
            "revoke_rules_on_delete": false,
            "tags": {
              "Name": "db-sg-us-east-2"
            },
            "tags_all": {
              "Name": "db-sg-us-east-2"
            },
            "timeouts": null,
            "vpc_id": "vpc-054d10f11cafece0f"
          },
          "sensitive_attributes": [],
          "private": "eyJlMmJmYjczMC1lY2FhLTExZTYtOGY4OC0zNDM2M2JjN2M0YzAiOnsiY3JlYXRlIjo2MDAwMDAwMDAwMDAsImRlbGV0ZSI6OTAwMDAwMDAwMDAwfSwic2NoZW1hX3ZlcnNpb24iOiIxIn0=",
          "dependencies": [
            "module.networking_secondary.aws_eip.nat_eip",
            "module.networking_secondary.aws_internet_gateway.igw",
            "module.networking_secondary.aws_nat_gateway.nat",
            "module.networking_secondary.aws_route_table.private_app",
            "module.networking_secondary.aws_route_table.private_db",
            "module.networking_secondary.aws_route_table.public",
            "module.networking_secondary.aws_route_table_association.private_app",
            "module.networking_secondary.aws_route_table_association.private_db",
            "module.networking_secondary.aws_route_table_association.public",
            "module.networking_secondary.aws_subnet.app_subnets",
            "module.networking_secondary.aws_subnet.db_subnets",
            "module.networking_secondary.aws_subnet.public_subnets",
            "module.networking_secondary.aws_vpc.main",
            "module.security_groups_secondary.aws_security_group.alb_external_sg",
            "module.security_groups_secondary.aws_security_group.app_sg",
            "module.security_groups_secondary.aws_security_group.web_sg"
          ],
          "create_before_destroy": true
        }
      ]
    },
    {
      "module": "module.security_groups_secondary",
      "mode": "managed",
      "type": "aws_security_group",
      "name": "web_sg",
      "provider": "provider[\"registry.terraform.io/hashicorp/aws\"].east2",
      "instances": [
        {
          "schema_version": 1,
          "attributes": {
            "arn": "arn:aws:ec2:us-east-2:015117030551:security-group/sg-02091ff6699df9958",
            "description": "Web Tier SG",
            "egress": [
              {
                "cidr_blocks": [
                  "0.0.0.0/0"
                ],
                "description": "",
                "from_port": 0,
                "ipv6_cidr_blocks": [],
                "prefix_list_ids": [],
                "protocol": "-1",
                "security_groups": [],
                "self": false,
                "to_port": 0
              }
            ],
            "id": "sg-02091ff6699df9958",
            "ingress": [
              {
                "cidr_blocks": [],
                "description": "",
                "from_port": 443,
                "ipv6_cidr_blocks": [],
                "prefix_list_ids": [],
                "protocol": "tcp",
                "security_groups": [
                  "sg-090c081acc6c44652"
                ],
                "self": false,
                "to_port": 443
              },
              {
                "cidr_blocks": [],
                "description": "",
                "from_port": 80,
                "ipv6_cidr_blocks": [],
                "prefix_list_ids": [],
                "protocol": "tcp",
                "security_groups": [
                  "sg-090c081acc6c44652"
                ],
                "self": false,
                "to_port": 80
              }
            ],
            "name": "web-sg-us-east-2",
            "name_prefix": "",
            "owner_id": "015117030551",
            "revoke_rules_on_delete": false,
            "tags": {
              "Name": "web-sg-us-east-2"
            },
            "tags_all": {
              "Name": "web-sg-us-east-2"
            },
            "timeouts": null,
            "vpc_id": "vpc-054d10f11cafece0f"
          },
          "sensitive_attributes": [],
          "private": "eyJlMmJmYjczMC1lY2FhLTExZTYtOGY4OC0zNDM2M2JjN2M0YzAiOnsiY3JlYXRlIjo2MDAwMDAwMDAwMDAsImRlbGV0ZSI6OTAwMDAwMDAwMDAwfSwic2NoZW1hX3ZlcnNpb24iOiIxIn0=",
          "dependencies": [
            "module.networking_secondary.aws_eip.nat_eip",
            "module.networking_secondary.aws_internet_gateway.igw",
            "module.networking_secondary.aws_nat_gateway.nat",
            "module.networking_secondary.aws_route_table.private_app",
            "module.networking_secondary.aws_route_table.private_db",
            "module.networking_secondary.aws_route_table.public",
            "module.networking_secondary.aws_route_table_association.private_app",
            "module.networking_secondary.aws_route_table_association.private_db",
            "module.networking_secondary.aws_route_table_association.public",
            "module.networking_secondary.aws_subnet.app_subnets",
            "module.networking_secondary.aws_subnet.db_subnets",
            "module.networking_secondary.aws_subnet.public_subnets",
            "module.networking_secondary.aws_vpc.main",
            "module.security_groups_secondary.aws_security_group.alb_external_sg"
          ],
          "create_before_destroy": true
        }
      ]
    },
    {
      "module": "module.web_alb_asg_primary",
      "mode": "managed",
      "type": "aws_autoscaling_group",
      "name": "this",
      "provider": "provider[\"registry.terraform.io/hashicorp/aws\"].east1",
      "instances": [
        {
          "schema_version": 1,
          "attributes": {
            "arn": "arn:aws:autoscaling:us-east-1:015117030551:autoScalingGroup:a90039e6-bc4f-4d55-aabe-c6962da73d54:autoScalingGroupName/asg-web-e1-2686d88c",
            "availability_zone_distribution": [
              {
                "capacity_distribution_strategy": "balanced-best-effort"
              }
            ],
            "availability_zones": [
              "us-east-1a",
              "us-east-1b"
            ],
            "capacity_rebalance": false,
            "capacity_reservation_specification": [
              {
                "capacity_reservation_preference": "default",
                "capacity_reservation_target": []
              }
            ],
            "context": "",
            "default_cooldown": 300,
            "default_instance_warmup": 0,
            "desired_capacity": 2,
            "desired_capacity_type": "",
            "enabled_metrics": null,
            "force_delete": false,
            "force_delete_warm_pool": false,
            "health_check_grace_period": 300,
            "health_check_type": "EC2",
            "id": "asg-web-e1-2686d88c",
            "ignore_failed_scaling_activities": false,
            "initial_lifecycle_hook": [],
            "instance_maintenance_policy": [],
            "instance_refresh": [],
            "launch_configuration": "",
            "launch_template": [
              {
                "id": "lt-00338898119262172",
                "name": "lt-web-e1-2686d88c-20250712020342913300000001",
                "version": "$Latest"
              }
            ],
            "load_balancers": [],
            "max_instance_lifetime": 0,
            "max_size": 3,
            "metrics_granularity": "1Minute",
            "min_elb_capacity": null,
            "min_size": 1,
            "mixed_instances_policy": [],
            "name": "asg-web-e1-2686d88c",
            "name_prefix": "",
            "placement_group": "",
            "predicted_capacity": 0,
            "protect_from_scale_in": false,
            "service_linked_role_arn": "arn:aws:iam::015117030551:role/aws-service-role/autoscaling.amazonaws.com/AWSServiceRoleForAutoScaling",
            "suspended_processes": null,
            "tag": [
              {
                "key": "Name",
                "propagate_at_launch": true,
                "value": "asg-web-e1"
              }
            ],
            "target_group_arns": [
              "arn:aws:elasticloadbalancing:us-east-1:015117030551:targetgroup/tg-web-e1-2686d88c/e9664b6d691dc8d6"
            ],
            "termination_policies": null,
            "timeouts": null,
            "traffic_source": [
              {
                "identifier": "arn:aws:elasticloadbalancing:us-east-1:015117030551:targetgroup/tg-web-e1-2686d88c/e9664b6d691dc8d6",
                "type": "elbv2"
              }
            ],
            "vpc_zone_identifier": [
              "subnet-004dda22aa60dba6a",
              "subnet-02f6080adf93eba39",
              "subnet-04882385e9c1b6057",
              "subnet-0f9ff3943622b57e5"
            ],
            "wait_for_capacity_timeout": "10m",
            "wait_for_elb_capacity": null,
            "warm_pool": [],
            "warm_pool_size": 0
          },
          "sensitive_attributes": [],
          "private": "eyJlMmJmYjczMC1lY2FhLTExZTYtOGY4OC0zNDM2M2JjN2M0YzAiOnsiZGVsZXRlIjo2MDAwMDAwMDAwMDAsInVwZGF0ZSI6NjAwMDAwMDAwMDAwfSwic2NoZW1hX3ZlcnNpb24iOiIxIn0=",
          "dependencies": [
            "module.networking_primary.aws_eip.nat_eip",
            "module.networking_primary.aws_internet_gateway.igw",
            "module.networking_primary.aws_nat_gateway.nat",
            "module.networking_primary.aws_route_table.private_app",
            "module.networking_primary.aws_route_table.private_db",
            "module.networking_primary.aws_route_table.public",
            "module.networking_primary.aws_route_table_association.private_app",
            "module.networking_primary.aws_route_table_association.private_db",
            "module.networking_primary.aws_route_table_association.public",
            "module.networking_primary.aws_subnet.app_subnets",
            "module.networking_primary.aws_subnet.db_subnets",
            "module.networking_primary.aws_subnet.public_subnets",
            "module.networking_primary.aws_vpc.main",
            "module.security_groups_primary.aws_security_group.alb_external_sg",
            "module.security_groups_primary.aws_security_group.alb_internal_sg",
            "module.security_groups_primary.aws_security_group.app_sg",
            "module.security_groups_primary.aws_security_group.db_sg",
            "module.security_groups_primary.aws_security_group.web_sg",
            "module.web_alb_asg_primary.aws_launch_template.this",
            "module.web_alb_asg_primary.aws_lb_target_group.this",
            "module.web_alb_asg_primary.random_id.suffix"
          ],
          "create_before_destroy": true
        }
      ]
    },
    {
      "module": "module.web_alb_asg_primary",
      "mode": "managed",
      "type": "aws_launch_template",
      "name": "this",
      "provider": "provider[\"registry.terraform.io/hashicorp/aws\"].east1",
      "instances": [
        {
          "schema_version": 0,
          "attributes": {
            "arn": "arn:aws:ec2:us-east-1:015117030551:launch-template/lt-00338898119262172",
            "block_device_mappings": [],
            "capacity_reservation_specification": [],
            "cpu_options": [],
            "credit_specification": [],
            "default_version": 1,
            "description": "",
            "disable_api_stop": false,
            "disable_api_termination": false,
            "ebs_optimized": "",
            "elastic_gpu_specifications": [],
            "elastic_inference_accelerator": [],
            "enclave_options": [],
            "hibernation_options": [],
            "iam_instance_profile": [],
            "id": "lt-00338898119262172",
            "image_id": "ami-05ffe3c48a9991133",
            "instance_initiated_shutdown_behavior": "",
            "instance_market_options": [],
            "instance_requirements": [],
            "instance_type": "t3.micro",
            "kernel_id": "",
            "key_name": "",
            "latest_version": 1,
            "license_specification": [],
            "maintenance_options": [],
            "metadata_options": [],
            "monitoring": [],
            "name": "lt-web-e1-2686d88c-20250712020342913300000001",
            "name_prefix": "lt-web-e1-2686d88c-",
            "network_interfaces": [
              {
                "associate_carrier_ip_address": "",
                "associate_public_ip_address": "true",
                "connection_tracking_specification": [],
                "delete_on_termination": "",
                "description": "",
                "device_index": 0,
                "ena_srd_specification": [],
                "interface_type": "",
                "ipv4_address_count": 0,
                "ipv4_addresses": null,
                "ipv4_prefix_count": 0,
                "ipv4_prefixes": null,
                "ipv6_address_count": 0,
                "ipv6_addresses": null,
                "ipv6_prefix_count": 0,
                "ipv6_prefixes": null,
                "network_card_index": 0,
                "network_interface_id": "",
                "primary_ipv6": "",
                "private_ip_address": "",
                "security_groups": [
                  "sg-0a1da16b06a338f30"
                ],
                "subnet_id": ""
              }
            ],
            "placement": [],
            "private_dns_name_options": [],
            "ram_disk_id": "",
            "security_group_names": null,
            "tag_specifications": [
              {
                "resource_type": "instance",
                "tags": {
                  "Name": "web-e1-instance"
                }
              }
            ],
            "tags": null,
            "tags_all": {},
            "update_default_version": null,
            "user_data": "IyEvYmluL2Jhc2gKeXVtIHVwZGF0ZSAteQp5dW0gaW5zdGFsbCAteSBodHRwZAoKIyBTdGFydCBhbmQgZW5hYmxlIEFwYWNoZQpzeXN0ZW1jdGwgc3RhcnQgaHR0cGQKc3lzdGVtY3RsIGVuYWJsZSBodHRwZAoKIyBDcmVhdGUgSFRNTCBmaWxlCmNhdCA8PEVPRiA+IC92YXIvd3d3L2h0bWwvaW5kZXguaHRtbAo8IURPQ1RZUEUgaHRtbD4KPGh0bWwgbGFuZz0iZW4iPgo8aGVhZD4KICA8bWV0YSBjaGFyc2V0PSJVVEYtOCIgLz4KICA8bWV0YSBuYW1lPSJ2aWV3cG9ydCIgY29udGVudD0id2lkdGg9ZGV2aWNlLXdpZHRoLCBpbml0aWFsLXNjYWxlPTEuMCIvPgogIDx0aXRsZT5JbWFnZSBVcGxvYWQgJiBEYXRhIEZvcm08L3RpdGxlPgogIDxzdHlsZT4KICAgIGJvZHkgewogICAgICBmb250LWZhbWlseTogQXJpYWwsIHNhbnMtc2VyaWY7CiAgICAgIGJhY2tncm91bmQtY29sb3I6ICNmNGY3Zjk7CiAgICAgIG1hcmdpbjogMDsKICAgICAgcGFkZGluZzogNDBweDsKICAgIH0KICAgIGgxIHsKICAgICAgdGV4dC1hbGlnbjogY2VudGVyOwogICAgICBjb2xvcjogIzMzMzsKICAgIH0KICAgIC5jb250YWluZXIgewogICAgICBtYXgtd2lkdGg6IDUwMHB4OwogICAgICBtYXJnaW46IGF1dG87CiAgICAgIGJhY2tncm91bmQ6ICNmZmY7CiAgICAgIHBhZGRpbmc6IDIwcHg7CiAgICAgIGJvcmRlci1yYWRpdXM6IDEwcHg7CiAgICAgIGJveC1zaGFkb3c6IDAgMCAxMHB4IHJnYmEoMCwwLDAsMC4xKTsKICAgIH0KICAgIGlucHV0W3R5cGU9InRleHQiXSwgaW5wdXRbdHlwZT0iZW1haWwiXSwgaW5wdXRbdHlwZT0iZmlsZSJdIHsKICAgICAgd2lkdGg6IDEwMCU7CiAgICAgIHBhZGRpbmc6IDEycHg7CiAgICAgIG1hcmdpbjogOHB4IDAgMjBweDsKICAgICAgYm9yZGVyOiAxcHggc29saWQgI2NjYzsKICAgICAgYm9yZGVyLXJhZGl1czogNHB4OwogICAgfQogICAgYnV0dG9uIHsKICAgICAgd2lkdGg6IDEwMCU7CiAgICAgIGJhY2tncm91bmQtY29sb3I6ICM0Q0FGNTA7CiAgICAgIGNvbG9yOiB3aGl0ZTsKICAgICAgcGFkZGluZzogMTRweDsKICAgICAgYm9yZGVyOiBub25lOwogICAgICBib3JkZXItcmFkaXVzOiA0cHg7CiAgICAgIGN1cnNvcjogcG9pbnRlcjsKICAgIH0KICAgIGJ1dHRvbjpob3ZlciB7CiAgICAgIGJhY2tncm91bmQtY29sb3I6ICM0NWEwNDk7CiAgICB9CiAgICBsYWJlbCB7CiAgICAgIGZvbnQtd2VpZ2h0OiBib2xkOwogICAgfQogIDwvc3R5bGU+CjwvaGVhZD4KPGJvZHk+CiAgPGgxPlVwbG9hZCBJbWFnZSAmIFNhdmUgVXNlcjwvaDE+CiAgPGRpdiBjbGFzcz0iY29udGFpbmVyIj4KICAgIDxmb3JtIGlkPSJ1cGxvYWRGb3JtIiBtZXRob2Q9IlBPU1QiIGVuY3R5cGU9Im11bHRpcGFydC9mb3JtLWRhdGEiIGFjdGlvbj0iL3VwbG9hZCI+CiAgICAgIDxsYWJlbCBmb3I9Im5hbWUiPk5hbWU6PC9sYWJlbD4KICAgICAgPGlucHV0IHR5cGU9InRleHQiIGlkPSJuYW1lIiBuYW1lPSJuYW1lIiByZXF1aXJlZCAvPgoKICAgICAgPGxhYmVsIGZvcj0iZW1haWwiPkVtYWlsOjwvbGFiZWw+CiAgICAgIDxpbnB1dCB0eXBlPSJlbWFpbCIgaWQ9ImVtYWlsIiBuYW1lPSJlbWFpbCIgcmVxdWlyZWQgLz4KCiAgICAgIDxsYWJlbCBmb3I9ImltYWdlIj5VcGxvYWQgSW1hZ2U6PC9sYWJlbD4KICAgICAgPGlucHV0IHR5cGU9ImZpbGUiIGlkPSJpbWFnZSIgbmFtZT0iaW1hZ2UiIGFjY2VwdD0iaW1hZ2UvKiIgcmVxdWlyZWQgLz4KCiAgICAgIDxidXR0b24gdHlwZT0ic3VibWl0Ij5TdWJtaXQ8L2J1dHRvbj4KICAgIDwvZm9ybT4KICA8L2Rpdj4KPC9ib2R5Pgo8L2h0bWw+CkVPRgo=",
            "vpc_security_group_ids": null
          },
          "sensitive_attributes": [],
          "private": "bnVsbA==",
          "dependencies": [
            "module.networking_primary.aws_eip.nat_eip",
            "module.networking_primary.aws_internet_gateway.igw",
            "module.networking_primary.aws_nat_gateway.nat",
            "module.networking_primary.aws_route_table.private_app",
            "module.networking_primary.aws_route_table.private_db",
            "module.networking_primary.aws_route_table.public",
            "module.networking_primary.aws_route_table_association.private_app",
            "module.networking_primary.aws_route_table_association.private_db",
            "module.networking_primary.aws_route_table_association.public",
            "module.networking_primary.aws_subnet.app_subnets",
            "module.networking_primary.aws_subnet.db_subnets",
            "module.networking_primary.aws_subnet.public_subnets",
            "module.networking_primary.aws_vpc.main",
            "module.security_groups_primary.aws_security_group.alb_external_sg",
            "module.security_groups_primary.aws_security_group.alb_internal_sg",
            "module.security_groups_primary.aws_security_group.app_sg",
            "module.security_groups_primary.aws_security_group.db_sg",
            "module.security_groups_primary.aws_security_group.web_sg",
            "module.web_alb_asg_primary.random_id.suffix"
          ],
          "create_before_destroy": true
        }
      ]
    },
    {
      "module": "module.web_alb_asg_primary",
      "mode": "managed",
      "type": "aws_lb",
      "name": "this",
      "provider": "provider[\"registry.terraform.io/hashicorp/aws\"].east1",
      "instances": [
        {
          "schema_version": 0,
          "attributes": {
            "access_logs": [
              {
                "bucket": "",
                "enabled": false,
                "prefix": ""
              }
            ],
            "arn": "arn:aws:elasticloadbalancing:us-east-1:015117030551:loadbalancer/app/alb-web-e1-2686d88c/ff2303dd32102e8d",
            "arn_suffix": "app/alb-web-e1-2686d88c/ff2303dd32102e8d",
            "client_keep_alive": 3600,
            "connection_logs": [
              {
                "bucket": "",
                "enabled": false,
                "prefix": ""
              }
            ],
            "customer_owned_ipv4_pool": "",
            "desync_mitigation_mode": "defensive",
            "dns_name": "alb-web-e1-2686d88c-1712941775.us-east-1.elb.amazonaws.com",
            "dns_record_client_routing_policy": null,
            "drop_invalid_header_fields": false,
            "enable_cross_zone_load_balancing": true,
            "enable_deletion_protection": false,
            "enable_http2": true,
            "enable_tls_version_and_cipher_suite_headers": false,
            "enable_waf_fail_open": false,
            "enable_xff_client_port": false,
            "enable_zonal_shift": false,
            "enforce_security_group_inbound_rules_on_private_link_traffic": "",
            "id": "arn:aws:elasticloadbalancing:us-east-1:015117030551:loadbalancer/app/alb-web-e1-2686d88c/ff2303dd32102e8d",
            "idle_timeout": 60,
            "internal": false,
            "ip_address_type": "ipv4",
            "ipam_pools": [],
            "load_balancer_type": "application",
            "minimum_load_balancer_capacity": [],
            "name": "alb-web-e1-2686d88c",
            "name_prefix": "",
            "preserve_host_header": false,
            "security_groups": [
              "sg-0bd7edccf89a61363"
            ],
            "subnet_mapping": [
              {
                "allocation_id": "",
                "ipv6_address": "",
                "outpost_id": "",
                "private_ipv4_address": "",
                "subnet_id": "subnet-02f6080adf93eba39"
              },
              {
                "allocation_id": "",
                "ipv6_address": "",
                "outpost_id": "",
                "private_ipv4_address": "",
                "subnet_id": "subnet-0f9ff3943622b57e5"
              }
            ],
            "subnets": [
              "subnet-02f6080adf93eba39",
              "subnet-0f9ff3943622b57e5"
            ],
            "tags": {
              "Name": "alb-web-e1"
            },
            "tags_all": {
              "Name": "alb-web-e1"
            },
            "timeouts": null,
            "vpc_id": "vpc-0b906e421c277c322",
            "xff_header_processing_mode": "append",
            "zone_id": "Z35SXDOTRQ7X7K"
          },
          "sensitive_attributes": [],
          "private": "eyJlMmJmYjczMC1lY2FhLTExZTYtOGY4OC0zNDM2M2JjN2M0YzAiOnsiY3JlYXRlIjo2MDAwMDAwMDAwMDAsImRlbGV0ZSI6NjAwMDAwMDAwMDAwLCJ1cGRhdGUiOjYwMDAwMDAwMDAwMH19",
          "dependencies": [
            "module.networking_primary.aws_eip.nat_eip",
            "module.networking_primary.aws_internet_gateway.igw",
            "module.networking_primary.aws_nat_gateway.nat",
            "module.networking_primary.aws_route_table.private_app",
            "module.networking_primary.aws_route_table.private_db",
            "module.networking_primary.aws_route_table.public",
            "module.networking_primary.aws_route_table_association.private_app",
            "module.networking_primary.aws_route_table_association.private_db",
            "module.networking_primary.aws_route_table_association.public",
            "module.networking_primary.aws_subnet.app_subnets",
            "module.networking_primary.aws_subnet.db_subnets",
            "module.networking_primary.aws_subnet.public_subnets",
            "module.networking_primary.aws_vpc.main",
            "module.security_groups_primary.aws_security_group.alb_external_sg",
            "module.security_groups_primary.aws_security_group.alb_internal_sg",
            "module.security_groups_primary.aws_security_group.app_sg",
            "module.security_groups_primary.aws_security_group.db_sg",
            "module.security_groups_primary.aws_security_group.web_sg",
            "module.web_alb_asg_primary.random_id.suffix"
          ]
        }
      ]
    },
    {
      "module": "module.web_alb_asg_primary",
      "mode": "managed",
      "type": "aws_lb_listener",
      "name": "http",
      "provider": "provider[\"registry.terraform.io/hashicorp/aws\"].east1",
      "instances": [
        {
          "schema_version": 0,
          "attributes": {
            "alpn_policy": null,
            "arn": "arn:aws:elasticloadbalancing:us-east-1:015117030551:listener/app/alb-web-e1-2686d88c/ff2303dd32102e8d/be6e54b781e57727",
            "certificate_arn": null,
            "default_action": [
              {
                "authenticate_cognito": [],
                "authenticate_oidc": [],
                "fixed_response": [],
                "forward": [],
                "order": 1,
                "redirect": [],
                "target_group_arn": "arn:aws:elasticloadbalancing:us-east-1:015117030551:targetgroup/tg-web-e1-2686d88c/e9664b6d691dc8d6",
                "type": "forward"
              }
            ],
            "id": "arn:aws:elasticloadbalancing:us-east-1:015117030551:listener/app/alb-web-e1-2686d88c/ff2303dd32102e8d/be6e54b781e57727",
            "load_balancer_arn": "arn:aws:elasticloadbalancing:us-east-1:015117030551:loadbalancer/app/alb-web-e1-2686d88c/ff2303dd32102e8d",
            "mutual_authentication": [],
            "port": 80,
            "protocol": "HTTP",
            "routing_http_request_x_amzn_mtls_clientcert_header_name": null,
            "routing_http_request_x_amzn_mtls_clientcert_issuer_header_name": null,
            "routing_http_request_x_amzn_mtls_clientcert_leaf_header_name": null,
            "routing_http_request_x_amzn_mtls_clientcert_serial_number_header_name": null,
            "routing_http_request_x_amzn_mtls_clientcert_subject_header_name": null,
            "routing_http_request_x_amzn_mtls_clientcert_validity_header_name": null,
            "routing_http_request_x_amzn_tls_cipher_suite_header_name": null,
            "routing_http_request_x_amzn_tls_version_header_name": null,
            "routing_http_response_access_control_allow_credentials_header_value": "",
            "routing_http_response_access_control_allow_headers_header_value": "",
            "routing_http_response_access_control_allow_methods_header_value": "",
            "routing_http_response_access_control_allow_origin_header_value": "",
            "routing_http_response_access_control_expose_headers_header_value": "",
            "routing_http_response_access_control_max_age_header_value": "",
            "routing_http_response_content_security_policy_header_value": "",
            "routing_http_response_server_enabled": true,
            "routing_http_response_strict_transport_security_header_value": "",
            "routing_http_response_x_content_type_options_header_value": "",
            "routing_http_response_x_frame_options_header_value": "",
            "ssl_policy": "",
            "tags": null,
            "tags_all": {},
            "tcp_idle_timeout_seconds": null,
            "timeouts": null
          },
          "sensitive_attributes": [],
          "private": "eyJlMmJmYjczMC1lY2FhLTExZTYtOGY4OC0zNDM2M2JjN2M0YzAiOnsiY3JlYXRlIjozMDAwMDAwMDAwMDAsInVwZGF0ZSI6MzAwMDAwMDAwMDAwfX0=",
          "dependencies": [
            "module.networking_primary.aws_eip.nat_eip",
            "module.networking_primary.aws_internet_gateway.igw",
            "module.networking_primary.aws_nat_gateway.nat",
            "module.networking_primary.aws_route_table.private_app",
            "module.networking_primary.aws_route_table.private_db",
            "module.networking_primary.aws_route_table.public",
            "module.networking_primary.aws_route_table_association.private_app",
            "module.networking_primary.aws_route_table_association.private_db",
            "module.networking_primary.aws_route_table_association.public",
            "module.networking_primary.aws_subnet.app_subnets",
            "module.networking_primary.aws_subnet.db_subnets",
            "module.networking_primary.aws_subnet.public_subnets",
            "module.networking_primary.aws_vpc.main",
            "module.security_groups_primary.aws_security_group.alb_external_sg",
            "module.security_groups_primary.aws_security_group.alb_internal_sg",
            "module.security_groups_primary.aws_security_group.app_sg",
            "module.security_groups_primary.aws_security_group.db_sg",
            "module.security_groups_primary.aws_security_group.web_sg",
            "module.web_alb_asg_primary.aws_lb.this",
            "module.web_alb_asg_primary.aws_lb_target_group.this",
            "module.web_alb_asg_primary.random_id.suffix"
          ]
        }
      ]
    },
    {
      "module": "module.web_alb_asg_primary",
      "mode": "managed",
      "type": "aws_lb_target_group",
      "name": "this",
      "provider": "provider[\"registry.terraform.io/hashicorp/aws\"].east1",
      "instances": [
        {
          "schema_version": 0,
          "attributes": {
            "arn": "arn:aws:elasticloadbalancing:us-east-1:015117030551:targetgroup/tg-web-e1-2686d88c/e9664b6d691dc8d6",
            "arn_suffix": "targetgroup/tg-web-e1-2686d88c/e9664b6d691dc8d6",
            "connection_termination": null,
            "deregistration_delay": "300",
            "health_check": [
              {
                "enabled": true,
                "healthy_threshold": 3,
                "interval": 30,
                "matcher": "200",
                "path": "/",
                "port": "traffic-port",
                "protocol": "HTTP",
                "timeout": 5,
                "unhealthy_threshold": 2
              }
            ],
            "id": "arn:aws:elasticloadbalancing:us-east-1:015117030551:targetgroup/tg-web-e1-2686d88c/e9664b6d691dc8d6",
            "ip_address_type": "ipv4",
            "lambda_multi_value_headers_enabled": false,
            "load_balancer_arns": [],
            "load_balancing_algorithm_type": "round_robin",
            "load_balancing_anomaly_mitigation": "off",
            "load_balancing_cross_zone_enabled": "use_load_balancer_configuration",
            "name": "tg-web-e1-2686d88c",
            "name_prefix": "",
            "port": 80,
            "preserve_client_ip": null,
            "protocol": "HTTP",
            "protocol_version": "HTTP1",
            "proxy_protocol_v2": false,
            "slow_start": 0,
            "stickiness": [
              {
                "cookie_duration": 86400,
                "cookie_name": "",
                "enabled": false,
                "type": "lb_cookie"
              }
            ],
            "tags": {
              "Name": "tg-web-e1"
            },
            "tags_all": {
              "Name": "tg-web-e1"
            },
            "target_failover": [
              {
                "on_deregistration": null,
                "on_unhealthy": null
              }
            ],
            "target_group_health": [
              {
                "dns_failover": [
                  {
                    "minimum_healthy_targets_count": "1",
                    "minimum_healthy_targets_percentage": "off"
                  }
                ],
                "unhealthy_state_routing": [
                  {
                    "minimum_healthy_targets_count": 1,
                    "minimum_healthy_targets_percentage": "off"
                  }
                ]
              }
            ],
            "target_health_state": [
              {
                "enable_unhealthy_connection_termination": null,
                "unhealthy_draining_interval": null
              }
            ],
            "target_type": "instance",
            "vpc_id": "vpc-0b906e421c277c322"
          },
          "sensitive_attributes": [],
          "private": "bnVsbA==",
          "dependencies": [
            "module.networking_primary.aws_eip.nat_eip",
            "module.networking_primary.aws_internet_gateway.igw",
            "module.networking_primary.aws_nat_gateway.nat",
            "module.networking_primary.aws_route_table.private_app",
            "module.networking_primary.aws_route_table.private_db",
            "module.networking_primary.aws_route_table.public",
            "module.networking_primary.aws_route_table_association.private_app",
            "module.networking_primary.aws_route_table_association.private_db",
            "module.networking_primary.aws_route_table_association.public",
            "module.networking_primary.aws_subnet.app_subnets",
            "module.networking_primary.aws_subnet.db_subnets",
            "module.networking_primary.aws_subnet.public_subnets",
            "module.networking_primary.aws_vpc.main",
            "module.security_groups_primary.aws_security_group.alb_external_sg",
            "module.security_groups_primary.aws_security_group.alb_internal_sg",
            "module.security_groups_primary.aws_security_group.app_sg",
            "module.security_groups_primary.aws_security_group.db_sg",
            "module.security_groups_primary.aws_security_group.web_sg",
            "module.web_alb_asg_primary.random_id.suffix"
          ],
          "create_before_destroy": true
        }
      ]
    },
    {
      "module": "module.web_alb_asg_primary",
      "mode": "managed",
      "type": "random_id",
      "name": "suffix",
      "provider": "provider[\"registry.terraform.io/hashicorp/random\"]",
      "instances": [
        {
          "schema_version": 0,
          "attributes": {
            "b64_std": "JobYjA==",
            "b64_url": "JobYjA",
            "byte_length": 4,
            "dec": "646371468",
            "hex": "2686d88c",
            "id": "JobYjA",
            "keepers": null,
            "prefix": null
          },
          "sensitive_attributes": [],
          "dependencies": [
            "module.networking_primary.aws_eip.nat_eip",
            "module.networking_primary.aws_internet_gateway.igw",
            "module.networking_primary.aws_nat_gateway.nat",
            "module.networking_primary.aws_route_table.private_app",
            "module.networking_primary.aws_route_table.private_db",
            "module.networking_primary.aws_route_table.public",
            "module.networking_primary.aws_route_table_association.private_app",
            "module.networking_primary.aws_route_table_association.private_db",
            "module.networking_primary.aws_route_table_association.public",
            "module.networking_primary.aws_subnet.app_subnets",
            "module.networking_primary.aws_subnet.db_subnets",
            "module.networking_primary.aws_subnet.public_subnets",
            "module.networking_primary.aws_vpc.main",
            "module.security_groups_primary.aws_security_group.alb_external_sg",
            "module.security_groups_primary.aws_security_group.alb_internal_sg",
            "module.security_groups_primary.aws_security_group.app_sg",
            "module.security_groups_primary.aws_security_group.db_sg",
            "module.security_groups_primary.aws_security_group.web_sg"
          ],
          "create_before_destroy": true
        }
      ]
    },
    {
      "module": "module.web_alb_asg_secondary",
      "mode": "managed",
      "type": "aws_autoscaling_group",
      "name": "this",
      "provider": "provider[\"registry.terraform.io/hashicorp/aws\"].east2",
      "instances": [
        {
          "schema_version": 1,
          "attributes": {
            "arn": "arn:aws:autoscaling:us-east-2:015117030551:autoScalingGroup:9b47252b-0080-4f22-8ae7-9fa69b850ba2:autoScalingGroupName/asg-web-e2-81ec9b7b",
            "availability_zone_distribution": [
              {
                "capacity_distribution_strategy": "balanced-best-effort"
              }
            ],
            "availability_zones": [
              "us-east-2a",
              "us-east-2b"
            ],
            "capacity_rebalance": false,
            "capacity_reservation_specification": [
              {
                "capacity_reservation_preference": "default",
                "capacity_reservation_target": []
              }
            ],
            "context": "",
            "default_cooldown": 300,
            "default_instance_warmup": 0,
            "desired_capacity": 2,
            "desired_capacity_type": "",
            "enabled_metrics": null,
            "force_delete": false,
            "force_delete_warm_pool": false,
            "health_check_grace_period": 300,
            "health_check_type": "EC2",
            "id": "asg-web-e2-81ec9b7b",
            "ignore_failed_scaling_activities": false,
            "initial_lifecycle_hook": [],
            "instance_maintenance_policy": [],
            "instance_refresh": [],
            "launch_configuration": "",
            "launch_template": [
              {
                "id": "lt-01e83072cc9e8b81b",
                "name": "lt-web-e2-81ec9b7b-20250712020401413900000003",
                "version": "$Latest"
              }
            ],
            "load_balancers": [],
            "max_instance_lifetime": 0,
            "max_size": 3,
            "metrics_granularity": "1Minute",
            "min_elb_capacity": null,
            "min_size": 1,
            "mixed_instances_policy": [],
            "name": "asg-web-e2-81ec9b7b",
            "name_prefix": "",
            "placement_group": "",
            "predicted_capacity": 0,
            "protect_from_scale_in": false,
            "service_linked_role_arn": "arn:aws:iam::015117030551:role/aws-service-role/autoscaling.amazonaws.com/AWSServiceRoleForAutoScaling",
            "suspended_processes": null,
            "tag": [
              {
                "key": "Name",
                "propagate_at_launch": true,
                "value": "asg-web-e2"
              }
            ],
            "target_group_arns": [
              "arn:aws:elasticloadbalancing:us-east-2:015117030551:targetgroup/tg-web-e2-81ec9b7b/d347a6daa491cfd3"
            ],
            "termination_policies": null,
            "timeouts": null,
            "traffic_source": [
              {
                "identifier": "arn:aws:elasticloadbalancing:us-east-2:015117030551:targetgroup/tg-web-e2-81ec9b7b/d347a6daa491cfd3",
                "type": "elbv2"
              }
            ],
            "vpc_zone_identifier": [
              "subnet-06d54ef60706fe65a",
              "subnet-083a68392aed00ddc",
              "subnet-0f0148a4bda4f58b6",
              "subnet-0f112332ff4fd2e07"
            ],
            "wait_for_capacity_timeout": "10m",
            "wait_for_elb_capacity": null,
            "warm_pool": [],
            "warm_pool_size": 0
          },
          "sensitive_attributes": [],
          "private": "eyJlMmJmYjczMC1lY2FhLTExZTYtOGY4OC0zNDM2M2JjN2M0YzAiOnsiZGVsZXRlIjo2MDAwMDAwMDAwMDAsInVwZGF0ZSI6NjAwMDAwMDAwMDAwfSwic2NoZW1hX3ZlcnNpb24iOiIxIn0=",
          "dependencies": [
            "module.networking_secondary.aws_eip.nat_eip",
            "module.networking_secondary.aws_internet_gateway.igw",
            "module.networking_secondary.aws_nat_gateway.nat",
            "module.networking_secondary.aws_route_table.private_app",
            "module.networking_secondary.aws_route_table.private_db",
            "module.networking_secondary.aws_route_table.public",
            "module.networking_secondary.aws_route_table_association.private_app",
            "module.networking_secondary.aws_route_table_association.private_db",
            "module.networking_secondary.aws_route_table_association.public",
            "module.networking_secondary.aws_subnet.app_subnets",
            "module.networking_secondary.aws_subnet.db_subnets",
            "module.networking_secondary.aws_subnet.public_subnets",
            "module.networking_secondary.aws_vpc.main",
            "module.security_groups_secondary.aws_security_group.alb_external_sg",
            "module.security_groups_secondary.aws_security_group.alb_internal_sg",
            "module.security_groups_secondary.aws_security_group.app_sg",
            "module.security_groups_secondary.aws_security_group.db_sg",
            "module.security_groups_secondary.aws_security_group.web_sg",
            "module.web_alb_asg_secondary.aws_launch_template.this",
            "module.web_alb_asg_secondary.aws_lb_target_group.this",
            "module.web_alb_asg_secondary.random_id.suffix"
          ],
          "create_before_destroy": true
        }
      ]
    },
    {
      "module": "module.web_alb_asg_secondary",
      "mode": "managed",
      "type": "aws_launch_template",
      "name": "this",
      "provider": "provider[\"registry.terraform.io/hashicorp/aws\"].east2",
      "instances": [
        {
          "schema_version": 0,
          "attributes": {
            "arn": "arn:aws:ec2:us-east-2:015117030551:launch-template/lt-01e83072cc9e8b81b",
            "block_device_mappings": [],
            "capacity_reservation_specification": [],
            "cpu_options": [],
            "credit_specification": [],
            "default_version": 1,
            "description": "",
            "disable_api_stop": false,
            "disable_api_termination": false,
            "ebs_optimized": "",
            "elastic_gpu_specifications": [],
            "elastic_inference_accelerator": [],
            "enclave_options": [],
            "hibernation_options": [],
            "iam_instance_profile": [],
            "id": "lt-01e83072cc9e8b81b",
            "image_id": "ami-0c803b171269e2d72",
            "instance_initiated_shutdown_behavior": "",
            "instance_market_options": [],
            "instance_requirements": [],
            "instance_type": "t3.micro",
            "kernel_id": "",
            "key_name": "",
            "latest_version": 1,
            "license_specification": [],
            "maintenance_options": [],
            "metadata_options": [],
            "monitoring": [],
            "name": "lt-web-e2-81ec9b7b-20250712020401413900000003",
            "name_prefix": "lt-web-e2-81ec9b7b-",
            "network_interfaces": [
              {
                "associate_carrier_ip_address": "",
                "associate_public_ip_address": "true",
                "connection_tracking_specification": [],
                "delete_on_termination": "",
                "description": "",
                "device_index": 0,
                "ena_srd_specification": [],
                "interface_type": "",
                "ipv4_address_count": 0,
                "ipv4_addresses": null,
                "ipv4_prefix_count": 0,
                "ipv4_prefixes": null,
                "ipv6_address_count": 0,
                "ipv6_addresses": null,
                "ipv6_prefix_count": 0,
                "ipv6_prefixes": null,
                "network_card_index": 0,
                "network_interface_id": "",
                "primary_ipv6": "",
                "private_ip_address": "",
                "security_groups": [
                  "sg-02091ff6699df9958"
                ],
                "subnet_id": ""
              }
            ],
            "placement": [],
            "private_dns_name_options": [],
            "ram_disk_id": "",
            "security_group_names": null,
            "tag_specifications": [
              {
                "resource_type": "instance",
                "tags": {
                  "Name": "web-e2-instance"
                }
              }
            ],
            "tags": null,
            "tags_all": {},
            "update_default_version": null,
            "user_data": "IyEvYmluL2Jhc2gKeXVtIHVwZGF0ZSAteQp5dW0gaW5zdGFsbCAteSBodHRwZAoKIyBTdGFydCBhbmQgZW5hYmxlIEFwYWNoZQpzeXN0ZW1jdGwgc3RhcnQgaHR0cGQKc3lzdGVtY3RsIGVuYWJsZSBodHRwZAoKIyBDcmVhdGUgSFRNTCBmaWxlCmNhdCA8PEVPRiA+IC92YXIvd3d3L2h0bWwvaW5kZXguaHRtbAo8IURPQ1RZUEUgaHRtbD4KPGh0bWwgbGFuZz0iZW4iPgo8aGVhZD4KICA8bWV0YSBjaGFyc2V0PSJVVEYtOCIgLz4KICA8bWV0YSBuYW1lPSJ2aWV3cG9ydCIgY29udGVudD0id2lkdGg9ZGV2aWNlLXdpZHRoLCBpbml0aWFsLXNjYWxlPTEuMCIvPgogIDx0aXRsZT5JbWFnZSBVcGxvYWQgJiBEYXRhIEZvcm08L3RpdGxlPgogIDxzdHlsZT4KICAgIGJvZHkgewogICAgICBmb250LWZhbWlseTogQXJpYWwsIHNhbnMtc2VyaWY7CiAgICAgIGJhY2tncm91bmQtY29sb3I6ICNmNGY3Zjk7CiAgICAgIG1hcmdpbjogMDsKICAgICAgcGFkZGluZzogNDBweDsKICAgIH0KICAgIGgxIHsKICAgICAgdGV4dC1hbGlnbjogY2VudGVyOwogICAgICBjb2xvcjogIzMzMzsKICAgIH0KICAgIC5jb250YWluZXIgewogICAgICBtYXgtd2lkdGg6IDUwMHB4OwogICAgICBtYXJnaW46IGF1dG87CiAgICAgIGJhY2tncm91bmQ6ICNmZmY7CiAgICAgIHBhZGRpbmc6IDIwcHg7CiAgICAgIGJvcmRlci1yYWRpdXM6IDEwcHg7CiAgICAgIGJveC1zaGFkb3c6IDAgMCAxMHB4IHJnYmEoMCwwLDAsMC4xKTsKICAgIH0KICAgIGlucHV0W3R5cGU9InRleHQiXSwgaW5wdXRbdHlwZT0iZW1haWwiXSwgaW5wdXRbdHlwZT0iZmlsZSJdIHsKICAgICAgd2lkdGg6IDEwMCU7CiAgICAgIHBhZGRpbmc6IDEycHg7CiAgICAgIG1hcmdpbjogOHB4IDAgMjBweDsKICAgICAgYm9yZGVyOiAxcHggc29saWQgI2NjYzsKICAgICAgYm9yZGVyLXJhZGl1czogNHB4OwogICAgfQogICAgYnV0dG9uIHsKICAgICAgd2lkdGg6IDEwMCU7CiAgICAgIGJhY2tncm91bmQtY29sb3I6ICM0Q0FGNTA7CiAgICAgIGNvbG9yOiB3aGl0ZTsKICAgICAgcGFkZGluZzogMTRweDsKICAgICAgYm9yZGVyOiBub25lOwogICAgICBib3JkZXItcmFkaXVzOiA0cHg7CiAgICAgIGN1cnNvcjogcG9pbnRlcjsKICAgIH0KICAgIGJ1dHRvbjpob3ZlciB7CiAgICAgIGJhY2tncm91bmQtY29sb3I6ICM0NWEwNDk7CiAgICB9CiAgICBsYWJlbCB7CiAgICAgIGZvbnQtd2VpZ2h0OiBib2xkOwogICAgfQogIDwvc3R5bGU+CjwvaGVhZD4KPGJvZHk+CiAgPGgxPlVwbG9hZCBJbWFnZSAmIFNhdmUgVXNlcjwvaDE+CiAgPGRpdiBjbGFzcz0iY29udGFpbmVyIj4KICAgIDxmb3JtIGlkPSJ1cGxvYWRGb3JtIiBtZXRob2Q9IlBPU1QiIGVuY3R5cGU9Im11bHRpcGFydC9mb3JtLWRhdGEiIGFjdGlvbj0iL3VwbG9hZCI+CiAgICAgIDxsYWJlbCBmb3I9Im5hbWUiPk5hbWU6PC9sYWJlbD4KICAgICAgPGlucHV0IHR5cGU9InRleHQiIGlkPSJuYW1lIiBuYW1lPSJuYW1lIiByZXF1aXJlZCAvPgoKICAgICAgPGxhYmVsIGZvcj0iZW1haWwiPkVtYWlsOjwvbGFiZWw+CiAgICAgIDxpbnB1dCB0eXBlPSJlbWFpbCIgaWQ9ImVtYWlsIiBuYW1lPSJlbWFpbCIgcmVxdWlyZWQgLz4KCiAgICAgIDxsYWJlbCBmb3I9ImltYWdlIj5VcGxvYWQgSW1hZ2U6PC9sYWJlbD4KICAgICAgPGlucHV0IHR5cGU9ImZpbGUiIGlkPSJpbWFnZSIgbmFtZT0iaW1hZ2UiIGFjY2VwdD0iaW1hZ2UvKiIgcmVxdWlyZWQgLz4KCiAgICAgIDxidXR0b24gdHlwZT0ic3VibWl0Ij5TdWJtaXQ8L2J1dHRvbj4KICAgIDwvZm9ybT4KICA8L2Rpdj4KPC9ib2R5Pgo8L2h0bWw+CkVPRgo=",
            "vpc_security_group_ids": null
          },
          "sensitive_attributes": [],
          "private": "bnVsbA==",
          "dependencies": [
            "module.networking_secondary.aws_eip.nat_eip",
            "module.networking_secondary.aws_internet_gateway.igw",
            "module.networking_secondary.aws_nat_gateway.nat",
            "module.networking_secondary.aws_route_table.private_app",
            "module.networking_secondary.aws_route_table.private_db",
            "module.networking_secondary.aws_route_table.public",
            "module.networking_secondary.aws_route_table_association.private_app",
            "module.networking_secondary.aws_route_table_association.private_db",
            "module.networking_secondary.aws_route_table_association.public",
            "module.networking_secondary.aws_subnet.app_subnets",
            "module.networking_secondary.aws_subnet.db_subnets",
            "module.networking_secondary.aws_subnet.public_subnets",
            "module.networking_secondary.aws_vpc.main",
            "module.security_groups_secondary.aws_security_group.alb_external_sg",
            "module.security_groups_secondary.aws_security_group.alb_internal_sg",
            "module.security_groups_secondary.aws_security_group.app_sg",
            "module.security_groups_secondary.aws_security_group.db_sg",
            "module.security_groups_secondary.aws_security_group.web_sg",
            "module.web_alb_asg_secondary.random_id.suffix"
          ],
          "create_before_destroy": true
        }
      ]
    },
    {
      "module": "module.web_alb_asg_secondary",
      "mode": "managed",
      "type": "aws_lb",
      "name": "this",
      "provider": "provider[\"registry.terraform.io/hashicorp/aws\"].east2",
      "instances": [
        {
          "schema_version": 0,
          "attributes": {
            "access_logs": [
              {
                "bucket": "",
                "enabled": false,
                "prefix": ""
              }
            ],
            "arn": "arn:aws:elasticloadbalancing:us-east-2:015117030551:loadbalancer/app/alb-web-e2-81ec9b7b/81afe1fc8d77b76b",
            "arn_suffix": "app/alb-web-e2-81ec9b7b/81afe1fc8d77b76b",
            "client_keep_alive": 3600,
            "connection_logs": [
              {
                "bucket": "",
                "enabled": false,
                "prefix": ""
              }
            ],
            "customer_owned_ipv4_pool": "",
            "desync_mitigation_mode": "defensive",
            "dns_name": "alb-web-e2-81ec9b7b-1286826706.us-east-2.elb.amazonaws.com",
            "dns_record_client_routing_policy": null,
            "drop_invalid_header_fields": false,
            "enable_cross_zone_load_balancing": true,
            "enable_deletion_protection": false,
            "enable_http2": true,
            "enable_tls_version_and_cipher_suite_headers": false,
            "enable_waf_fail_open": false,
            "enable_xff_client_port": false,
            "enable_zonal_shift": false,
            "enforce_security_group_inbound_rules_on_private_link_traffic": "",
            "id": "arn:aws:elasticloadbalancing:us-east-2:015117030551:loadbalancer/app/alb-web-e2-81ec9b7b/81afe1fc8d77b76b",
            "idle_timeout": 60,
            "internal": false,
            "ip_address_type": "ipv4",
            "ipam_pools": [],
            "load_balancer_type": "application",
            "minimum_load_balancer_capacity": [],
            "name": "alb-web-e2-81ec9b7b",
            "name_prefix": "",
            "preserve_host_header": false,
            "security_groups": [
              "sg-090c081acc6c44652"
            ],
            "subnet_mapping": [
              {
                "allocation_id": "",
                "ipv6_address": "",
                "outpost_id": "",
                "private_ipv4_address": "",
                "subnet_id": "subnet-06d54ef60706fe65a"
              },
              {
                "allocation_id": "",
                "ipv6_address": "",
                "outpost_id": "",
                "private_ipv4_address": "",
                "subnet_id": "subnet-0f0148a4bda4f58b6"
              }
            ],
            "subnets": [
              "subnet-06d54ef60706fe65a",
              "subnet-0f0148a4bda4f58b6"
            ],
            "tags": {
              "Name": "alb-web-e2"
            },
            "tags_all": {
              "Name": "alb-web-e2"
            },
            "timeouts": null,
            "vpc_id": "vpc-054d10f11cafece0f",
            "xff_header_processing_mode": "append",
            "zone_id": "Z3AADJGX6KTTL2"
          },
          "sensitive_attributes": [],
          "private": "eyJlMmJmYjczMC1lY2FhLTExZTYtOGY4OC0zNDM2M2JjN2M0YzAiOnsiY3JlYXRlIjo2MDAwMDAwMDAwMDAsImRlbGV0ZSI6NjAwMDAwMDAwMDAwLCJ1cGRhdGUiOjYwMDAwMDAwMDAwMH19",
          "dependencies": [
            "module.networking_secondary.aws_eip.nat_eip",
            "module.networking_secondary.aws_internet_gateway.igw",
            "module.networking_secondary.aws_nat_gateway.nat",
            "module.networking_secondary.aws_route_table.private_app",
            "module.networking_secondary.aws_route_table.private_db",
            "module.networking_secondary.aws_route_table.public",
            "module.networking_secondary.aws_route_table_association.private_app",
            "module.networking_secondary.aws_route_table_association.private_db",
            "module.networking_secondary.aws_route_table_association.public",
            "module.networking_secondary.aws_subnet.app_subnets",
            "module.networking_secondary.aws_subnet.db_subnets",
            "module.networking_secondary.aws_subnet.public_subnets",
            "module.networking_secondary.aws_vpc.main",
            "module.security_groups_secondary.aws_security_group.alb_external_sg",
            "module.security_groups_secondary.aws_security_group.alb_internal_sg",
            "module.security_groups_secondary.aws_security_group.app_sg",
            "module.security_groups_secondary.aws_security_group.db_sg",
            "module.security_groups_secondary.aws_security_group.web_sg",
            "module.web_alb_asg_secondary.random_id.suffix"
          ]
        }
      ]
    },
    {
      "module": "module.web_alb_asg_secondary",
      "mode": "managed",
      "type": "aws_lb_listener",
      "name": "http",
      "provider": "provider[\"registry.terraform.io/hashicorp/aws\"].east2",
      "instances": [
        {
          "schema_version": 0,
          "attributes": {
            "alpn_policy": null,
            "arn": "arn:aws:elasticloadbalancing:us-east-2:015117030551:listener/app/alb-web-e2-81ec9b7b/81afe1fc8d77b76b/3593033079d56494",
            "certificate_arn": null,
            "default_action": [
              {
                "authenticate_cognito": [],
                "authenticate_oidc": [],
                "fixed_response": [],
                "forward": [],
                "order": 1,
                "redirect": [],
                "target_group_arn": "arn:aws:elasticloadbalancing:us-east-2:015117030551:targetgroup/tg-web-e2-81ec9b7b/d347a6daa491cfd3",
                "type": "forward"
              }
            ],
            "id": "arn:aws:elasticloadbalancing:us-east-2:015117030551:listener/app/alb-web-e2-81ec9b7b/81afe1fc8d77b76b/3593033079d56494",
            "load_balancer_arn": "arn:aws:elasticloadbalancing:us-east-2:015117030551:loadbalancer/app/alb-web-e2-81ec9b7b/81afe1fc8d77b76b",
            "mutual_authentication": [],
            "port": 80,
            "protocol": "HTTP",
            "routing_http_request_x_amzn_mtls_clientcert_header_name": null,
            "routing_http_request_x_amzn_mtls_clientcert_issuer_header_name": null,
            "routing_http_request_x_amzn_mtls_clientcert_leaf_header_name": null,
            "routing_http_request_x_amzn_mtls_clientcert_serial_number_header_name": null,
            "routing_http_request_x_amzn_mtls_clientcert_subject_header_name": null,
            "routing_http_request_x_amzn_mtls_clientcert_validity_header_name": null,
            "routing_http_request_x_amzn_tls_cipher_suite_header_name": null,
            "routing_http_request_x_amzn_tls_version_header_name": null,
            "routing_http_response_access_control_allow_credentials_header_value": "",
            "routing_http_response_access_control_allow_headers_header_value": "",
            "routing_http_response_access_control_allow_methods_header_value": "",
            "routing_http_response_access_control_allow_origin_header_value": "",
            "routing_http_response_access_control_expose_headers_header_value": "",
            "routing_http_response_access_control_max_age_header_value": "",
            "routing_http_response_content_security_policy_header_value": "",
            "routing_http_response_server_enabled": true,
            "routing_http_response_strict_transport_security_header_value": "",
            "routing_http_response_x_content_type_options_header_value": "",
            "routing_http_response_x_frame_options_header_value": "",
            "ssl_policy": "",
            "tags": null,
            "tags_all": {},
            "tcp_idle_timeout_seconds": null,
            "timeouts": null
          },
          "sensitive_attributes": [],
          "private": "eyJlMmJmYjczMC1lY2FhLTExZTYtOGY4OC0zNDM2M2JjN2M0YzAiOnsiY3JlYXRlIjozMDAwMDAwMDAwMDAsInVwZGF0ZSI6MzAwMDAwMDAwMDAwfX0=",
          "dependencies": [
            "module.networking_secondary.aws_eip.nat_eip",
            "module.networking_secondary.aws_internet_gateway.igw",
            "module.networking_secondary.aws_nat_gateway.nat",
            "module.networking_secondary.aws_route_table.private_app",
            "module.networking_secondary.aws_route_table.private_db",
            "module.networking_secondary.aws_route_table.public",
            "module.networking_secondary.aws_route_table_association.private_app",
            "module.networking_secondary.aws_route_table_association.private_db",
            "module.networking_secondary.aws_route_table_association.public",
            "module.networking_secondary.aws_subnet.app_subnets",
            "module.networking_secondary.aws_subnet.db_subnets",
            "module.networking_secondary.aws_subnet.public_subnets",
            "module.networking_secondary.aws_vpc.main",
            "module.security_groups_secondary.aws_security_group.alb_external_sg",
            "module.security_groups_secondary.aws_security_group.alb_internal_sg",
            "module.security_groups_secondary.aws_security_group.app_sg",
            "module.security_groups_secondary.aws_security_group.db_sg",
            "module.security_groups_secondary.aws_security_group.web_sg",
            "module.web_alb_asg_secondary.aws_lb.this",
            "module.web_alb_asg_secondary.aws_lb_target_group.this",
            "module.web_alb_asg_secondary.random_id.suffix"
          ]
        }
      ]
    },
    {
      "module": "module.web_alb_asg_secondary",
      "mode": "managed",
      "type": "aws_lb_target_group",
      "name": "this",
      "provider": "provider[\"registry.terraform.io/hashicorp/aws\"].east2",
      "instances": [
        {
          "schema_version": 0,
          "attributes": {
            "arn": "arn:aws:elasticloadbalancing:us-east-2:015117030551:targetgroup/tg-web-e2-81ec9b7b/d347a6daa491cfd3",
            "arn_suffix": "targetgroup/tg-web-e2-81ec9b7b/d347a6daa491cfd3",
            "connection_termination": null,
            "deregistration_delay": "300",
            "health_check": [
              {
                "enabled": true,
                "healthy_threshold": 3,
                "interval": 30,
                "matcher": "200",
                "path": "/",
                "port": "traffic-port",
                "protocol": "HTTP",
                "timeout": 5,
                "unhealthy_threshold": 2
              }
            ],
            "id": "arn:aws:elasticloadbalancing:us-east-2:015117030551:targetgroup/tg-web-e2-81ec9b7b/d347a6daa491cfd3",
            "ip_address_type": "ipv4",
            "lambda_multi_value_headers_enabled": false,
            "load_balancer_arns": [],
            "load_balancing_algorithm_type": "round_robin",
            "load_balancing_anomaly_mitigation": "off",
            "load_balancing_cross_zone_enabled": "use_load_balancer_configuration",
            "name": "tg-web-e2-81ec9b7b",
            "name_prefix": "",
            "port": 80,
            "preserve_client_ip": null,
            "protocol": "HTTP",
            "protocol_version": "HTTP1",
            "proxy_protocol_v2": false,
            "slow_start": 0,
            "stickiness": [
              {
                "cookie_duration": 86400,
                "cookie_name": "",
                "enabled": false,
                "type": "lb_cookie"
              }
            ],
            "tags": {
              "Name": "tg-web-e2"
            },
            "tags_all": {
              "Name": "tg-web-e2"
            },
            "target_failover": [
              {
                "on_deregistration": null,
                "on_unhealthy": null
              }
            ],
            "target_group_health": [
              {
                "dns_failover": [
                  {
                    "minimum_healthy_targets_count": "1",
                    "minimum_healthy_targets_percentage": "off"
                  }
                ],
                "unhealthy_state_routing": [
                  {
                    "minimum_healthy_targets_count": 1,
                    "minimum_healthy_targets_percentage": "off"
                  }
                ]
              }
            ],
            "target_health_state": [
              {
                "enable_unhealthy_connection_termination": null,
                "unhealthy_draining_interval": null
              }
            ],
            "target_type": "instance",
            "vpc_id": "vpc-054d10f11cafece0f"
          },
          "sensitive_attributes": [],
          "private": "bnVsbA==",
          "dependencies": [
            "module.networking_secondary.aws_eip.nat_eip",
            "module.networking_secondary.aws_internet_gateway.igw",
            "module.networking_secondary.aws_nat_gateway.nat",
            "module.networking_secondary.aws_route_table.private_app",
            "module.networking_secondary.aws_route_table.private_db",
            "module.networking_secondary.aws_route_table.public",
            "module.networking_secondary.aws_route_table_association.private_app",
            "module.networking_secondary.aws_route_table_association.private_db",
            "module.networking_secondary.aws_route_table_association.public",
            "module.networking_secondary.aws_subnet.app_subnets",
            "module.networking_secondary.aws_subnet.db_subnets",
            "module.networking_secondary.aws_subnet.public_subnets",
            "module.networking_secondary.aws_vpc.main",
            "module.security_groups_secondary.aws_security_group.alb_external_sg",
            "module.security_groups_secondary.aws_security_group.alb_internal_sg",
            "module.security_groups_secondary.aws_security_group.app_sg",
            "module.security_groups_secondary.aws_security_group.db_sg",
            "module.security_groups_secondary.aws_security_group.web_sg",
            "module.web_alb_asg_secondary.random_id.suffix"
          ],
          "create_before_destroy": true
        }
      ]
    },
    {
      "module": "module.web_alb_asg_secondary",
      "mode": "managed",
      "type": "random_id",
      "name": "suffix",
      "provider": "provider[\"registry.terraform.io/hashicorp/random\"]",
      "instances": [
        {
          "schema_version": 0,
          "attributes": {
            "b64_std": "geybew==",
            "b64_url": "geybew",
            "byte_length": 4,
            "dec": "2179767163",
            "hex": "81ec9b7b",
            "id": "geybew",
            "keepers": null,
            "prefix": null
          },
          "sensitive_attributes": [],
          "dependencies": [
            "module.networking_secondary.aws_eip.nat_eip",
            "module.networking_secondary.aws_internet_gateway.igw",
            "module.networking_secondary.aws_nat_gateway.nat",
            "module.networking_secondary.aws_route_table.private_app",
            "module.networking_secondary.aws_route_table.private_db",
            "module.networking_secondary.aws_route_table.public",
            "module.networking_secondary.aws_route_table_association.private_app",
            "module.networking_secondary.aws_route_table_association.private_db",
            "module.networking_secondary.aws_route_table_association.public",
            "module.networking_secondary.aws_subnet.app_subnets",
            "module.networking_secondary.aws_subnet.db_subnets",
            "module.networking_secondary.aws_subnet.public_subnets",
            "module.networking_secondary.aws_vpc.main",
            "module.security_groups_secondary.aws_security_group.alb_external_sg",
            "module.security_groups_secondary.aws_security_group.alb_internal_sg",
            "module.security_groups_secondary.aws_security_group.app_sg",
            "module.security_groups_secondary.aws_security_group.db_sg",
            "module.security_groups_secondary.aws_security_group.web_sg"
          ],
          "create_before_destroy": true
        }
      ]
    }
  ],
  "check_results": null
}
