{
  "version": 4,
  "terraform_version": "1.11.4",
  "serial": 297,
  "lineage": "ef2dd657-ddb5-79d4-f610-043740191fc1",
  "outputs": {
    "private_subnets_east1": {
      "value": [
        "subnet-0a9f2656a0e3f309c",
        "subnet-059aeec3abede6c9a",
        "subnet-0cf57c5039aaf748f",
        "subnet-00967f0c2d74a52a6"
      ],
      "type": [
        "tuple",
        [
          "string",
          "string",
          "string",
          "string"
        ]
      ]
    },
    "private_subnets_east2": {
      "value": [
        "subnet-0181473ea737b62ec",
        "subnet-04c43f08d10013d40",
        "subnet-0e5bf33738596d285",
        "subnet-035c638c36247e2a8"
      ],
      "type": [
        "tuple",
        [
          "string",
          "string",
          "string",
          "string"
        ]
      ]
    },
    "public_subnets_east1": {
      "value": [
        "subnet-032636c768b1e584e",
        "subnet-0000ad37434d97da2"
      ],
      "type": [
        "tuple",
        [
          "string",
          "string"
        ]
      ]
    },
    "public_subnets_east2": {
      "value": [
        "subnet-030240c4e88209390",
        "subnet-02aabc860802fdae0"
      ],
      "type": [
        "tuple",
        [
          "string",
          "string"
        ]
      ]
    },
    "vpc_east1_id": {
      "value": "vpc-09ba07caf442d2ff2",
      "type": "string"
    },
    "vpc_east2_id": {
      "value": "vpc-0f681b4aebd0f5b73",
      "type": "string"
    }
  },
  "resources": [
    {
      "module": "module.app_alb_asg_secondary",
      "mode": "managed",
      "type": "aws_autoscaling_group",
      "name": "this",
      "provider": "provider[\"registry.terraform.io/hashicorp/aws\"].east2",
      "instances": [
        {
          "schema_version": 1,
          "attributes": {
            "arn": "arn:aws:autoscaling:us-east-2:030537971016:autoScalingGroup:4a22d179-aba0-4024-9ce9-ebbb103b2aff:autoScalingGroupName/asg-app-e2",
            "availability_zone_distribution": [
              {
                "capacity_distribution_strategy": "balanced-best-effort"
              }
            ],
            "availability_zones": [
              "us-east-2a",
              "us-east-2b"
            ],
            "capacity_rebalance": false,
            "capacity_reservation_specification": [
              {
                "capacity_reservation_preference": "default",
                "capacity_reservation_target": []
              }
            ],
            "context": "",
            "default_cooldown": 300,
            "default_instance_warmup": 0,
            "desired_capacity": 2,
            "desired_capacity_type": "",
            "enabled_metrics": [],
            "force_delete": false,
            "force_delete_warm_pool": false,
            "health_check_grace_period": 300,
            "health_check_type": "EC2",
            "id": "asg-app-e2",
            "ignore_failed_scaling_activities": false,
            "initial_lifecycle_hook": [],
            "instance_maintenance_policy": [],
            "instance_refresh": [],
            "launch_configuration": "",
            "launch_template": [
              {
                "id": "lt-0e1f13fa09e723f91",
                "name": "lt-app-e2-20250710220422765900000002",
                "version": "$Latest"
              }
            ],
            "load_balancers": [],
            "max_instance_lifetime": 0,
            "max_size": 3,
            "metrics_granularity": "1Minute",
            "min_elb_capacity": null,
            "min_size": 1,
            "mixed_instances_policy": [],
            "name": "asg-app-e2",
            "name_prefix": "",
            "placement_group": "",
            "predicted_capacity": 0,
            "protect_from_scale_in": false,
            "service_linked_role_arn": "arn:aws:iam::030537971016:role/aws-service-role/autoscaling.amazonaws.com/AWSServiceRoleForAutoScaling",
            "suspended_processes": [],
            "tag": [
              {
                "key": "Name",
                "propagate_at_launch": true,
                "value": "asg-app-e2"
              }
            ],
            "target_group_arns": [
              "arn:aws:elasticloadbalancing:us-east-2:030537971016:targetgroup/tg-app-e2-3bc3611d/5bf22e9a26b99cb8"
            ],
            "termination_policies": [],
            "timeouts": null,
            "traffic_source": [
              {
                "identifier": "arn:aws:elasticloadbalancing:us-east-2:030537971016:targetgroup/tg-app-e2/ea444e4b3cf8001c",
                "type": "elbv2"
              }
            ],
            "vpc_zone_identifier": [
              "subnet-0181473ea737b62ec",
              "subnet-035c638c36247e2a8",
              "subnet-04c43f08d10013d40",
              "subnet-0e5bf33738596d285"
            ],
            "wait_for_capacity_timeout": "10m",
            "wait_for_elb_capacity": null,
            "warm_pool": [],
            "warm_pool_size": 0
          },
          "sensitive_attributes": [],
          "private": "eyJlMmJmYjczMC1lY2FhLTExZTYtOGY4OC0zNDM2M2JjN2M0YzAiOnsiZGVsZXRlIjo2MDAwMDAwMDAwMDAsInVwZGF0ZSI6NjAwMDAwMDAwMDAwfSwic2NoZW1hX3ZlcnNpb24iOiIxIn0=",
          "dependencies": [
            "module.app_alb_asg_secondary.aws_launch_template.this",
            "module.app_alb_asg_secondary.aws_lb_target_group.this",
            "module.app_alb_asg_secondary.random_id.suffix",
            "module.networking_secondary.aws_eip.nat_eip",
            "module.networking_secondary.aws_internet_gateway.igw",
            "module.networking_secondary.aws_nat_gateway.nat",
            "module.networking_secondary.aws_route_table.private_app",
            "module.networking_secondary.aws_route_table.private_db",
            "module.networking_secondary.aws_route_table.public",
            "module.networking_secondary.aws_route_table_association.private_app",
            "module.networking_secondary.aws_route_table_association.private_db",
            "module.networking_secondary.aws_route_table_association.public",
            "module.networking_secondary.aws_subnet.app_subnets",
            "module.networking_secondary.aws_subnet.db_subnets",
            "module.networking_secondary.aws_subnet.public_subnets",
            "module.networking_secondary.aws_vpc.main",
            "module.security_groups_secondary.aws_security_group.alb_external_sg",
            "module.security_groups_secondary.aws_security_group.alb_internal_sg",
            "module.security_groups_secondary.aws_security_group.app_sg",
            "module.security_groups_secondary.aws_security_group.db_sg",
            "module.security_groups_secondary.aws_security_group.web_sg"
          ],
          "create_before_destroy": true
        }
      ]
    },
    {
      "module": "module.app_alb_asg_secondary",
      "mode": "managed",
      "type": "aws_launch_template",
      "name": "this",
      "provider": "provider[\"registry.terraform.io/hashicorp/aws\"].east2",
      "instances": [
        {
          "schema_version": 0,
          "attributes": {
            "arn": "arn:aws:ec2:us-east-2:030537971016:launch-template/lt-0e1f13fa09e723f91",
            "block_device_mappings": [],
            "capacity_reservation_specification": [],
            "cpu_options": [],
            "credit_specification": [],
            "default_version": 1,
            "description": "",
            "disable_api_stop": false,
            "disable_api_termination": false,
            "ebs_optimized": "",
            "elastic_gpu_specifications": [],
            "elastic_inference_accelerator": [],
            "enclave_options": [],
            "hibernation_options": [],
            "iam_instance_profile": [],
            "id": "lt-0e1f13fa09e723f91",
            "image_id": "ami-0c803b171269e2d72",
            "instance_initiated_shutdown_behavior": "",
            "instance_market_options": [],
            "instance_requirements": [],
            "instance_type": "t3.micro",
            "kernel_id": "",
            "key_name": "",
            "latest_version": 1,
            "license_specification": [],
            "maintenance_options": [],
            "metadata_options": [],
            "monitoring": [],
            "name": "lt-app-e2-20250710220422765900000002",
            "name_prefix": "lt-app-e2-",
            "network_interfaces": [],
            "placement": [],
            "private_dns_name_options": [],
            "ram_disk_id": "",
            "security_group_names": [],
            "tag_specifications": [
              {
                "resource_type": "instance",
                "tags": {
                  "Name": "app-e2-instance"
                }
              }
            ],
            "tags": {},
            "tags_all": {},
            "update_default_version": null,
            "user_data": "IyEvYmluL2Jhc2gKeXVtIHVwZGF0ZSAteQp5dW0gaW5zdGFsbCAteSBodHRwZAoKIyBTdGFydCBhbmQgZW5hYmxlIEFwYWNoZQpzeXN0ZW1jdGwgc3RhcnQgaHR0cGQKc3lzdGVtY3RsIGVuYWJsZSBodHRwZAoKIyBDcmVhdGUgSFRNTCBmaWxlCmNhdCA8PEVPRiA+IC92YXIvd3d3L2h0bWwvaW5kZXguaHRtbAo8IURPQ1RZUEUgaHRtbD4KPGh0bWwgbGFuZz0iZW4iPgo8aGVhZD4KICA8bWV0YSBjaGFyc2V0PSJVVEYtOCIgLz4KICA8bWV0YSBuYW1lPSJ2aWV3cG9ydCIgY29udGVudD0id2lkdGg9ZGV2aWNlLXdpZHRoLCBpbml0aWFsLXNjYWxlPTEuMCIvPgogIDx0aXRsZT5JbWFnZSBVcGxvYWQgJiBEYXRhIEZvcm08L3RpdGxlPgogIDxzdHlsZT4KICAgIGJvZHkgewogICAgICBmb250LWZhbWlseTogQXJpYWwsIHNhbnMtc2VyaWY7CiAgICAgIGJhY2tncm91bmQtY29sb3I6ICNmNGY3Zjk7CiAgICAgIG1hcmdpbjogMDsKICAgICAgcGFkZGluZzogNDBweDsKICAgIH0KICAgIGgxIHsKICAgICAgdGV4dC1hbGlnbjogY2VudGVyOwogICAgICBjb2xvcjogIzMzMzsKICAgIH0KICAgIC5jb250YWluZXIgewogICAgICBtYXgtd2lkdGg6IDUwMHB4OwogICAgICBtYXJnaW46IGF1dG87CiAgICAgIGJhY2tncm91bmQ6ICNmZmY7CiAgICAgIHBhZGRpbmc6IDIwcHg7CiAgICAgIGJvcmRlci1yYWRpdXM6IDEwcHg7CiAgICAgIGJveC1zaGFkb3c6IDAgMCAxMHB4IHJnYmEoMCwwLDAsMC4xKTsKICAgIH0KICAgIGlucHV0W3R5cGU9InRleHQiXSwgaW5wdXRbdHlwZT0iZW1haWwiXSwgaW5wdXRbdHlwZT0iZmlsZSJdIHsKICAgICAgd2lkdGg6IDEwMCU7CiAgICAgIHBhZGRpbmc6IDEycHg7CiAgICAgIG1hcmdpbjogOHB4IDAgMjBweDsKICAgICAgYm9yZGVyOiAxcHggc29saWQgI2NjYzsKICAgICAgYm9yZGVyLXJhZGl1czogNHB4OwogICAgfQogICAgYnV0dG9uIHsKICAgICAgd2lkdGg6IDEwMCU7CiAgICAgIGJhY2tncm91bmQtY29sb3I6ICM0Q0FGNTA7CiAgICAgIGNvbG9yOiB3aGl0ZTsKICAgICAgcGFkZGluZzogMTRweDsKICAgICAgYm9yZGVyOiBub25lOwogICAgICBib3JkZXItcmFkaXVzOiA0cHg7CiAgICAgIGN1cnNvcjogcG9pbnRlcjsKICAgIH0KICAgIGJ1dHRvbjpob3ZlciB7CiAgICAgIGJhY2tncm91bmQtY29sb3I6ICM0NWEwNDk7CiAgICB9CiAgICBsYWJlbCB7CiAgICAgIGZvbnQtd2VpZ2h0OiBib2xkOwogICAgfQogIDwvc3R5bGU+CjwvaGVhZD4KPGJvZHk+CiAgPGgxPlVwbG9hZCBJbWFnZSAmIFNhdmUgVXNlcjwvaDE+CiAgPGRpdiBjbGFzcz0iY29udGFpbmVyIj4KICAgIDxmb3JtIGlkPSJ1cGxvYWRGb3JtIiBtZXRob2Q9IlBPU1QiIGVuY3R5cGU9Im11bHRpcGFydC9mb3JtLWRhdGEiIGFjdGlvbj0iL3VwbG9hZCI+CiAgICAgIDxsYWJlbCBmb3I9Im5hbWUiPk5hbWU6PC9sYWJlbD4KICAgICAgPGlucHV0IHR5cGU9InRleHQiIGlkPSJuYW1lIiBuYW1lPSJuYW1lIiByZXF1aXJlZCAvPgoKICAgICAgPGxhYmVsIGZvcj0iZW1haWwiPkVtYWlsOjwvbGFiZWw+CiAgICAgIDxpbnB1dCB0eXBlPSJlbWFpbCIgaWQ9ImVtYWlsIiBuYW1lPSJlbWFpbCIgcmVxdWlyZWQgLz4KCiAgICAgIDxsYWJlbCBmb3I9ImltYWdlIj5VcGxvYWQgSW1hZ2U6PC9sYWJlbD4KICAgICAgPGlucHV0IHR5cGU9ImZpbGUiIGlkPSJpbWFnZSIgbmFtZT0iaW1hZ2UiIGFjY2VwdD0iaW1hZ2UvKiIgcmVxdWlyZWQgLz4KCiAgICAgIDxidXR0b24gdHlwZT0ic3VibWl0Ij5TdWJtaXQ8L2J1dHRvbj4KICAgIDwvZm9ybT4KICA8L2Rpdj4KPC9ib2R5Pgo8L2h0bWw+CkVPRgo=",
            "vpc_security_group_ids": [
              "sg-0d72280cb940e3c15"
            ]
          },
          "sensitive_attributes": [],
          "private": "bnVsbA==",
          "dependencies": [
            "module.networking_secondary.aws_eip.nat_eip",
            "module.networking_secondary.aws_internet_gateway.igw",
            "module.networking_secondary.aws_nat_gateway.nat",
            "module.networking_secondary.aws_route_table.private_app",
            "module.networking_secondary.aws_route_table.private_db",
            "module.networking_secondary.aws_route_table.public",
            "module.networking_secondary.aws_route_table_association.private_app",
            "module.networking_secondary.aws_route_table_association.private_db",
            "module.networking_secondary.aws_route_table_association.public",
            "module.networking_secondary.aws_subnet.app_subnets",
            "module.networking_secondary.aws_subnet.db_subnets",
            "module.networking_secondary.aws_subnet.public_subnets",
            "module.networking_secondary.aws_vpc.main",
            "module.security_groups_secondary.aws_security_group.alb_external_sg",
            "module.security_groups_secondary.aws_security_group.alb_internal_sg",
            "module.security_groups_secondary.aws_security_group.app_sg",
            "module.security_groups_secondary.aws_security_group.db_sg",
            "module.security_groups_secondary.aws_security_group.web_sg"
          ],
          "create_before_destroy": true
        }
      ]
    },
    {
      "module": "module.app_alb_asg_secondary",
      "mode": "managed",
      "type": "random_id",
      "name": "suffix",
      "provider": "provider[\"registry.terraform.io/hashicorp/random\"]",
      "instances": [
        {
          "schema_version": 0,
          "attributes": {
            "b64_std": "O8NhHQ==",
            "b64_url": "O8NhHQ",
            "byte_length": 4,
            "dec": "1002660125",
            "hex": "3bc3611d",
            "id": "O8NhHQ",
            "keepers": null,
            "prefix": null
          },
          "sensitive_attributes": [],
          "dependencies": [
            "module.networking_secondary.aws_eip.nat_eip",
            "module.networking_secondary.aws_internet_gateway.igw",
            "module.networking_secondary.aws_nat_gateway.nat",
            "module.networking_secondary.aws_route_table.private_app",
            "module.networking_secondary.aws_route_table.private_db",
            "module.networking_secondary.aws_route_table.public",
            "module.networking_secondary.aws_route_table_association.private_app",
            "module.networking_secondary.aws_route_table_association.private_db",
            "module.networking_secondary.aws_route_table_association.public",
            "module.networking_secondary.aws_subnet.app_subnets",
            "module.networking_secondary.aws_subnet.db_subnets",
            "module.networking_secondary.aws_subnet.public_subnets",
            "module.networking_secondary.aws_vpc.main",
            "module.security_groups_secondary.aws_security_group.alb_external_sg",
            "module.security_groups_secondary.aws_security_group.alb_internal_sg",
            "module.security_groups_secondary.aws_security_group.app_sg",
            "module.security_groups_secondary.aws_security_group.db_sg",
            "module.security_groups_secondary.aws_security_group.web_sg"
          ],
          "create_before_destroy": true
        }
      ]
    },
    {
      "module": "module.networking_primary",
      "mode": "managed",
      "type": "aws_eip",
      "name": "nat_eip",
      "provider": "module.networking_primary.provider[\"registry.terraform.io/hashicorp/aws\"].region",
      "instances": [
        {
          "schema_version": 0,
          "attributes": {
            "address": null,
            "allocation_id": "eipalloc-0d21c8d90a3317ee3",
            "arn": "arn:aws:ec2:us-east-1:030537971016:elastic-ip/eipalloc-0d21c8d90a3317ee3",
            "associate_with_private_ip": null,
            "association_id": "eipassoc-0f5999a31a317091d",
            "carrier_ip": "",
            "customer_owned_ip": "",
            "customer_owned_ipv4_pool": "",
            "domain": "vpc",
            "id": "eipalloc-0d21c8d90a3317ee3",
            "instance": "",
            "ipam_pool_id": null,
            "network_border_group": "us-east-1",
            "network_interface": "eni-0051655713875e3be",
            "private_dns": "ip-10-0-1-76.ec2.internal",
            "private_ip": "10.0.1.76",
            "ptr_record": "",
            "public_dns": "ec2-107-22-161-123.compute-1.amazonaws.com",
            "public_ip": "107.22.161.123",
            "public_ipv4_pool": "amazon",
            "tags": {
              "Name": "nat-eip-us-east-1"
            },
            "tags_all": {
              "Name": "nat-eip-us-east-1"
            },
            "timeouts": null,
            "vpc": true
          },
          "sensitive_attributes": [],
          "private": "eyJlMmJmYjczMC1lY2FhLTExZTYtOGY4OC0zNDM2M2JjN2M0YzAiOnsiZGVsZXRlIjoxODAwMDAwMDAwMDAsInJlYWQiOjkwMDAwMDAwMDAwMCwidXBkYXRlIjozMDAwMDAwMDAwMDB9fQ==",
          "create_before_destroy": true
        }
      ]
    },
    {
      "module": "module.networking_primary",
      "mode": "managed",
      "type": "aws_internet_gateway",
      "name": "igw",
      "provider": "module.networking_primary.provider[\"registry.terraform.io/hashicorp/aws\"].region",
      "instances": [
        {
          "schema_version": 0,
          "attributes": {
            "arn": "arn:aws:ec2:us-east-1:030537971016:internet-gateway/igw-0a565be718fa8d2af",
            "id": "igw-0a565be718fa8d2af",
            "owner_id": "030537971016",
            "tags": {
              "Name": "igw-us-east-1"
            },
            "tags_all": {
              "Name": "igw-us-east-1"
            },
            "timeouts": null,
            "vpc_id": "vpc-09ba07caf442d2ff2"
          },
          "sensitive_attributes": [],
          "private": "eyJlMmJmYjczMC1lY2FhLTExZTYtOGY4OC0zNDM2M2JjN2M0YzAiOnsiY3JlYXRlIjoxMjAwMDAwMDAwMDAwLCJkZWxldGUiOjEyMDAwMDAwMDAwMDAsInVwZGF0ZSI6MTIwMDAwMDAwMDAwMH19",
          "dependencies": [
            "module.networking_primary.aws_vpc.main"
          ],
          "create_before_destroy": true
        }
      ]
    },
    {
      "module": "module.networking_primary",
      "mode": "managed",
      "type": "aws_nat_gateway",
      "name": "nat",
      "provider": "module.networking_primary.provider[\"registry.terraform.io/hashicorp/aws\"].region",
      "instances": [
        {
          "schema_version": 0,
          "attributes": {
            "allocation_id": "eipalloc-0d21c8d90a3317ee3",
            "association_id": "eipassoc-0f5999a31a317091d",
            "connectivity_type": "public",
            "id": "nat-0ef1400cf825113ff",
            "network_interface_id": "eni-0051655713875e3be",
            "private_ip": "10.0.1.76",
            "public_ip": "107.22.161.123",
            "secondary_allocation_ids": [],
            "secondary_private_ip_address_count": 0,
            "secondary_private_ip_addresses": [],
            "subnet_id": "subnet-032636c768b1e584e",
            "tags": {
              "Name": "nat-gateway-us-east-1"
            },
            "tags_all": {
              "Name": "nat-gateway-us-east-1"
            },
            "timeouts": null
          },
          "sensitive_attributes": [],
          "private": "eyJlMmJmYjczMC1lY2FhLTExZTYtOGY4OC0zNDM2M2JjN2M0YzAiOnsiY3JlYXRlIjo2MDAwMDAwMDAwMDAsImRlbGV0ZSI6MTgwMDAwMDAwMDAwMCwidXBkYXRlIjo2MDAwMDAwMDAwMDB9fQ==",
          "dependencies": [
            "module.networking_primary.aws_eip.nat_eip",
            "module.networking_primary.aws_internet_gateway.igw",
            "module.networking_primary.aws_subnet.public_subnets",
            "module.networking_primary.aws_vpc.main"
          ],
          "create_before_destroy": true
        }
      ]
    },
    {
      "module": "module.networking_primary",
      "mode": "managed",
      "type": "aws_route_table",
      "name": "private_app",
      "provider": "module.networking_primary.provider[\"registry.terraform.io/hashicorp/aws\"].region",
      "instances": [
        {
          "index_key": 0,
          "schema_version": 0,
          "attributes": {
            "arn": "arn:aws:ec2:us-east-1:030537971016:route-table/rtb-0078347b2435771c9",
            "id": "rtb-0078347b2435771c9",
            "owner_id": "030537971016",
            "propagating_vgws": [],
            "route": [
              {
                "carrier_gateway_id": "",
                "cidr_block": "0.0.0.0/0",
                "core_network_arn": "",
                "destination_prefix_list_id": "",
                "egress_only_gateway_id": "",
                "gateway_id": "",
                "ipv6_cidr_block": "",
                "local_gateway_id": "",
                "nat_gateway_id": "nat-0ef1400cf825113ff",
                "network_interface_id": "",
                "transit_gateway_id": "",
                "vpc_endpoint_id": "",
                "vpc_peering_connection_id": ""
              }
            ],
            "tags": {
              "Name": "private-app-rt-0-us-east-1"
            },
            "tags_all": {
              "Name": "private-app-rt-0-us-east-1"
            },
            "timeouts": null,
            "vpc_id": "vpc-09ba07caf442d2ff2"
          },
          "sensitive_attributes": [],
          "private": "eyJlMmJmYjczMC1lY2FhLTExZTYtOGY4OC0zNDM2M2JjN2M0YzAiOnsiY3JlYXRlIjozMDAwMDAwMDAwMDAsImRlbGV0ZSI6MzAwMDAwMDAwMDAwLCJ1cGRhdGUiOjEyMDAwMDAwMDAwMH19",
          "dependencies": [
            "module.networking_primary.aws_eip.nat_eip",
            "module.networking_primary.aws_internet_gateway.igw",
            "module.networking_primary.aws_nat_gateway.nat",
            "module.networking_primary.aws_subnet.app_subnets",
            "module.networking_primary.aws_subnet.public_subnets",
            "module.networking_primary.aws_vpc.main"
          ],
          "create_before_destroy": true
        },
        {
          "index_key": 1,
          "schema_version": 0,
          "attributes": {
            "arn": "arn:aws:ec2:us-east-1:030537971016:route-table/rtb-0e15b61254af58d3f",
            "id": "rtb-0e15b61254af58d3f",
            "owner_id": "030537971016",
            "propagating_vgws": [],
            "route": [
              {
                "carrier_gateway_id": "",
                "cidr_block": "0.0.0.0/0",
                "core_network_arn": "",
                "destination_prefix_list_id": "",
                "egress_only_gateway_id": "",
                "gateway_id": "",
                "ipv6_cidr_block": "",
                "local_gateway_id": "",
                "nat_gateway_id": "nat-0ef1400cf825113ff",
                "network_interface_id": "",
                "transit_gateway_id": "",
                "vpc_endpoint_id": "",
                "vpc_peering_connection_id": ""
              }
            ],
            "tags": {
              "Name": "private-app-rt-1-us-east-1"
            },
            "tags_all": {
              "Name": "private-app-rt-1-us-east-1"
            },
            "timeouts": null,
            "vpc_id": "vpc-09ba07caf442d2ff2"
          },
          "sensitive_attributes": [],
          "private": "eyJlMmJmYjczMC1lY2FhLTExZTYtOGY4OC0zNDM2M2JjN2M0YzAiOnsiY3JlYXRlIjozMDAwMDAwMDAwMDAsImRlbGV0ZSI6MzAwMDAwMDAwMDAwLCJ1cGRhdGUiOjEyMDAwMDAwMDAwMH19",
          "dependencies": [
            "module.networking_primary.aws_eip.nat_eip",
            "module.networking_primary.aws_internet_gateway.igw",
            "module.networking_primary.aws_nat_gateway.nat",
            "module.networking_primary.aws_subnet.app_subnets",
            "module.networking_primary.aws_subnet.public_subnets",
            "module.networking_primary.aws_vpc.main"
          ],
          "create_before_destroy": true
        }
      ]
    },
    {
      "module": "module.networking_primary",
      "mode": "managed",
      "type": "aws_route_table",
      "name": "private_db",
      "provider": "module.networking_primary.provider[\"registry.terraform.io/hashicorp/aws\"].region",
      "instances": [
        {
          "schema_version": 0,
          "attributes": {
            "arn": "arn:aws:ec2:us-east-1:030537971016:route-table/rtb-05ee1caedca5ff185",
            "id": "rtb-05ee1caedca5ff185",
            "owner_id": "030537971016",
            "propagating_vgws": [],
            "route": [],
            "tags": {
              "Name": "private-db-rt-us-east-1"
            },
            "tags_all": {
              "Name": "private-db-rt-us-east-1"
            },
            "timeouts": null,
            "vpc_id": "vpc-09ba07caf442d2ff2"
          },
          "sensitive_attributes": [],
          "private": "eyJlMmJmYjczMC1lY2FhLTExZTYtOGY4OC0zNDM2M2JjN2M0YzAiOnsiY3JlYXRlIjozMDAwMDAwMDAwMDAsImRlbGV0ZSI6MzAwMDAwMDAwMDAwLCJ1cGRhdGUiOjEyMDAwMDAwMDAwMH19",
          "dependencies": [
            "module.networking_primary.aws_vpc.main"
          ],
          "create_before_destroy": true
        }
      ]
    },
    {
      "module": "module.networking_primary",
      "mode": "managed",
      "type": "aws_route_table",
      "name": "public",
      "provider": "module.networking_primary.provider[\"registry.terraform.io/hashicorp/aws\"].region",
      "instances": [
        {
          "schema_version": 0,
          "attributes": {
            "arn": "arn:aws:ec2:us-east-1:030537971016:route-table/rtb-06b297843e1dc3289",
            "id": "rtb-06b297843e1dc3289",
            "owner_id": "030537971016",
            "propagating_vgws": [],
            "route": [
              {
                "carrier_gateway_id": "",
                "cidr_block": "0.0.0.0/0",
                "core_network_arn": "",
                "destination_prefix_list_id": "",
                "egress_only_gateway_id": "",
                "gateway_id": "igw-0a565be718fa8d2af",
                "ipv6_cidr_block": "",
                "local_gateway_id": "",
                "nat_gateway_id": "",
                "network_interface_id": "",
                "transit_gateway_id": "",
                "vpc_endpoint_id": "",
                "vpc_peering_connection_id": ""
              }
            ],
            "tags": {
              "Name": "public-rt-us-east-1"
            },
            "tags_all": {
              "Name": "public-rt-us-east-1"
            },
            "timeouts": null,
            "vpc_id": "vpc-09ba07caf442d2ff2"
          },
          "sensitive_attributes": [],
          "private": "eyJlMmJmYjczMC1lY2FhLTExZTYtOGY4OC0zNDM2M2JjN2M0YzAiOnsiY3JlYXRlIjozMDAwMDAwMDAwMDAsImRlbGV0ZSI6MzAwMDAwMDAwMDAwLCJ1cGRhdGUiOjEyMDAwMDAwMDAwMH19",
          "dependencies": [
            "module.networking_primary.aws_internet_gateway.igw",
            "module.networking_primary.aws_vpc.main"
          ],
          "create_before_destroy": true
        }
      ]
    },
    {
      "module": "module.networking_primary",
      "mode": "managed",
      "type": "aws_route_table_association",
      "name": "private_app",
      "provider": "module.networking_primary.provider[\"registry.terraform.io/hashicorp/aws\"].region",
      "instances": [
        {
          "index_key": 0,
          "schema_version": 0,
          "attributes": {
            "gateway_id": "",
            "id": "rtbassoc-0365f6e444cfae67d",
            "route_table_id": "rtb-0078347b2435771c9",
            "subnet_id": "subnet-0a9f2656a0e3f309c",
            "timeouts": null
          },
          "sensitive_attributes": [],
          "private": "eyJlMmJmYjczMC1lY2FhLTExZTYtOGY4OC0zNDM2M2JjN2M0YzAiOnsiY3JlYXRlIjozMDAwMDAwMDAwMDAsImRlbGV0ZSI6MzAwMDAwMDAwMDAwLCJ1cGRhdGUiOjEyMDAwMDAwMDAwMH19",
          "dependencies": [
            "module.networking_primary.aws_eip.nat_eip",
            "module.networking_primary.aws_internet_gateway.igw",
            "module.networking_primary.aws_nat_gateway.nat",
            "module.networking_primary.aws_route_table.private_app",
            "module.networking_primary.aws_subnet.app_subnets",
            "module.networking_primary.aws_subnet.public_subnets",
            "module.networking_primary.aws_vpc.main"
          ],
          "create_before_destroy": true
        },
        {
          "index_key": 1,
          "schema_version": 0,
          "attributes": {
            "gateway_id": "",
            "id": "rtbassoc-0b441485b394aa449",
            "route_table_id": "rtb-0e15b61254af58d3f",
            "subnet_id": "subnet-059aeec3abede6c9a",
            "timeouts": null
          },
          "sensitive_attributes": [],
          "private": "eyJlMmJmYjczMC1lY2FhLTExZTYtOGY4OC0zNDM2M2JjN2M0YzAiOnsiY3JlYXRlIjozMDAwMDAwMDAwMDAsImRlbGV0ZSI6MzAwMDAwMDAwMDAwLCJ1cGRhdGUiOjEyMDAwMDAwMDAwMH19",
          "dependencies": [
            "module.networking_primary.aws_eip.nat_eip",
            "module.networking_primary.aws_internet_gateway.igw",
            "module.networking_primary.aws_nat_gateway.nat",
            "module.networking_primary.aws_route_table.private_app",
            "module.networking_primary.aws_subnet.app_subnets",
            "module.networking_primary.aws_subnet.public_subnets",
            "module.networking_primary.aws_vpc.main"
          ],
          "create_before_destroy": true
        }
      ]
    },
    {
      "module": "module.networking_primary",
      "mode": "managed",
      "type": "aws_route_table_association",
      "name": "private_db",
      "provider": "module.networking_primary.provider[\"registry.terraform.io/hashicorp/aws\"].region",
      "instances": [
        {
          "index_key": 0,
          "schema_version": 0,
          "attributes": {
            "gateway_id": "",
            "id": "rtbassoc-0ecd69137299cf26a",
            "route_table_id": "rtb-05ee1caedca5ff185",
            "subnet_id": "subnet-0cf57c5039aaf748f",
            "timeouts": null
          },
          "sensitive_attributes": [],
          "private": "eyJlMmJmYjczMC1lY2FhLTExZTYtOGY4OC0zNDM2M2JjN2M0YzAiOnsiY3JlYXRlIjozMDAwMDAwMDAwMDAsImRlbGV0ZSI6MzAwMDAwMDAwMDAwLCJ1cGRhdGUiOjEyMDAwMDAwMDAwMH19",
          "dependencies": [
            "module.networking_primary.aws_route_table.private_db",
            "module.networking_primary.aws_subnet.db_subnets",
            "module.networking_primary.aws_vpc.main"
          ],
          "create_before_destroy": true
        },
        {
          "index_key": 1,
          "schema_version": 0,
          "attributes": {
            "gateway_id": "",
            "id": "rtbassoc-05e07e52db209f5bc",
            "route_table_id": "rtb-05ee1caedca5ff185",
            "subnet_id": "subnet-00967f0c2d74a52a6",
            "timeouts": null
          },
          "sensitive_attributes": [],
          "private": "eyJlMmJmYjczMC1lY2FhLTExZTYtOGY4OC0zNDM2M2JjN2M0YzAiOnsiY3JlYXRlIjozMDAwMDAwMDAwMDAsImRlbGV0ZSI6MzAwMDAwMDAwMDAwLCJ1cGRhdGUiOjEyMDAwMDAwMDAwMH19",
          "dependencies": [
            "module.networking_primary.aws_route_table.private_db",
            "module.networking_primary.aws_subnet.db_subnets",
            "module.networking_primary.aws_vpc.main"
          ],
          "create_before_destroy": true
        }
      ]
    },
    {
      "module": "module.networking_primary",
      "mode": "managed",
      "type": "aws_route_table_association",
      "name": "public",
      "provider": "module.networking_primary.provider[\"registry.terraform.io/hashicorp/aws\"].region",
      "instances": [
        {
          "index_key": 0,
          "schema_version": 0,
          "attributes": {
            "gateway_id": "",
            "id": "rtbassoc-0e28c0e6d47092225",
            "route_table_id": "rtb-06b297843e1dc3289",
            "subnet_id": "subnet-032636c768b1e584e",
            "timeouts": null
          },
          "sensitive_attributes": [],
          "private": "eyJlMmJmYjczMC1lY2FhLTExZTYtOGY4OC0zNDM2M2JjN2M0YzAiOnsiY3JlYXRlIjozMDAwMDAwMDAwMDAsImRlbGV0ZSI6MzAwMDAwMDAwMDAwLCJ1cGRhdGUiOjEyMDAwMDAwMDAwMH19",
          "dependencies": [
            "module.networking_primary.aws_internet_gateway.igw",
            "module.networking_primary.aws_route_table.public",
            "module.networking_primary.aws_subnet.public_subnets",
            "module.networking_primary.aws_vpc.main"
          ],
          "create_before_destroy": true
        },
        {
          "index_key": 1,
          "schema_version": 0,
          "attributes": {
            "gateway_id": "",
            "id": "rtbassoc-049452528a43d6717",
            "route_table_id": "rtb-06b297843e1dc3289",
            "subnet_id": "subnet-0000ad37434d97da2",
            "timeouts": null
          },
          "sensitive_attributes": [],
          "private": "eyJlMmJmYjczMC1lY2FhLTExZTYtOGY4OC0zNDM2M2JjN2M0YzAiOnsiY3JlYXRlIjozMDAwMDAwMDAwMDAsImRlbGV0ZSI6MzAwMDAwMDAwMDAwLCJ1cGRhdGUiOjEyMDAwMDAwMDAwMH19",
          "dependencies": [
            "module.networking_primary.aws_internet_gateway.igw",
            "module.networking_primary.aws_route_table.public",
            "module.networking_primary.aws_subnet.public_subnets",
            "module.networking_primary.aws_vpc.main"
          ],
          "create_before_destroy": true
        }
      ]
    },
    {
      "module": "module.networking_primary",
      "mode": "managed",
      "type": "aws_subnet",
      "name": "app_subnets",
      "provider": "module.networking_primary.provider[\"registry.terraform.io/hashicorp/aws\"].region",
      "instances": [
        {
          "index_key": 0,
          "schema_version": 1,
          "attributes": {
            "arn": "arn:aws:ec2:us-east-1:030537971016:subnet/subnet-0a9f2656a0e3f309c",
            "assign_ipv6_address_on_creation": false,
            "availability_zone": "us-east-1a",
            "availability_zone_id": "use1-az1",
            "cidr_block": "10.0.3.0/24",
            "customer_owned_ipv4_pool": "",
            "enable_dns64": false,
            "enable_lni_at_device_index": 0,
            "enable_resource_name_dns_a_record_on_launch": false,
            "enable_resource_name_dns_aaaa_record_on_launch": false,
            "id": "subnet-0a9f2656a0e3f309c",
            "ipv6_cidr_block": "",
            "ipv6_cidr_block_association_id": "",
            "ipv6_native": false,
            "map_customer_owned_ip_on_launch": false,
            "map_public_ip_on_launch": false,
            "outpost_arn": "",
            "owner_id": "030537971016",
            "private_dns_hostname_type_on_launch": "ip-name",
            "tags": {
              "Name": "app-subnet-0-us-east-1"
            },
            "tags_all": {
              "Name": "app-subnet-0-us-east-1"
            },
            "timeouts": null,
            "vpc_id": "vpc-09ba07caf442d2ff2"
          },
          "sensitive_attributes": [],
          "private": "eyJlMmJmYjczMC1lY2FhLTExZTYtOGY4OC0zNDM2M2JjN2M0YzAiOnsiY3JlYXRlIjo2MDAwMDAwMDAwMDAsImRlbGV0ZSI6MTIwMDAwMDAwMDAwMH0sInNjaGVtYV92ZXJzaW9uIjoiMSJ9",
          "dependencies": [
            "module.networking_primary.aws_vpc.main"
          ],
          "create_before_destroy": true
        },
        {
          "index_key": 1,
          "schema_version": 1,
          "attributes": {
            "arn": "arn:aws:ec2:us-east-1:030537971016:subnet/subnet-059aeec3abede6c9a",
            "assign_ipv6_address_on_creation": false,
            "availability_zone": "us-east-1b",
            "availability_zone_id": "use1-az2",
            "cidr_block": "10.0.4.0/24",
            "customer_owned_ipv4_pool": "",
            "enable_dns64": false,
            "enable_lni_at_device_index": 0,
            "enable_resource_name_dns_a_record_on_launch": false,
            "enable_resource_name_dns_aaaa_record_on_launch": false,
            "id": "subnet-059aeec3abede6c9a",
            "ipv6_cidr_block": "",
            "ipv6_cidr_block_association_id": "",
            "ipv6_native": false,
            "map_customer_owned_ip_on_launch": false,
            "map_public_ip_on_launch": false,
            "outpost_arn": "",
            "owner_id": "030537971016",
            "private_dns_hostname_type_on_launch": "ip-name",
            "tags": {
              "Name": "app-subnet-1-us-east-1"
            },
            "tags_all": {
              "Name": "app-subnet-1-us-east-1"
            },
            "timeouts": null,
            "vpc_id": "vpc-09ba07caf442d2ff2"
          },
          "sensitive_attributes": [],
          "private": "eyJlMmJmYjczMC1lY2FhLTExZTYtOGY4OC0zNDM2M2JjN2M0YzAiOnsiY3JlYXRlIjo2MDAwMDAwMDAwMDAsImRlbGV0ZSI6MTIwMDAwMDAwMDAwMH0sInNjaGVtYV92ZXJzaW9uIjoiMSJ9",
          "dependencies": [
            "module.networking_primary.aws_vpc.main"
          ],
          "create_before_destroy": true
        }
      ]
    },
    {
      "module": "module.networking_primary",
      "mode": "managed",
      "type": "aws_subnet",
      "name": "db_subnets",
      "provider": "module.networking_primary.provider[\"registry.terraform.io/hashicorp/aws\"].region",
      "instances": [
        {
          "index_key": 0,
          "schema_version": 1,
          "attributes": {
            "arn": "arn:aws:ec2:us-east-1:030537971016:subnet/subnet-0cf57c5039aaf748f",
            "assign_ipv6_address_on_creation": false,
            "availability_zone": "us-east-1a",
            "availability_zone_id": "use1-az1",
            "cidr_block": "10.0.5.0/24",
            "customer_owned_ipv4_pool": "",
            "enable_dns64": false,
            "enable_lni_at_device_index": 0,
            "enable_resource_name_dns_a_record_on_launch": false,
            "enable_resource_name_dns_aaaa_record_on_launch": false,
            "id": "subnet-0cf57c5039aaf748f",
            "ipv6_cidr_block": "",
            "ipv6_cidr_block_association_id": "",
            "ipv6_native": false,
            "map_customer_owned_ip_on_launch": false,
            "map_public_ip_on_launch": false,
            "outpost_arn": "",
            "owner_id": "030537971016",
            "private_dns_hostname_type_on_launch": "ip-name",
            "tags": {
              "Name": "db-subnet-0-us-east-1"
            },
            "tags_all": {
              "Name": "db-subnet-0-us-east-1"
            },
            "timeouts": null,
            "vpc_id": "vpc-09ba07caf442d2ff2"
          },
          "sensitive_attributes": [],
          "private": "eyJlMmJmYjczMC1lY2FhLTExZTYtOGY4OC0zNDM2M2JjN2M0YzAiOnsiY3JlYXRlIjo2MDAwMDAwMDAwMDAsImRlbGV0ZSI6MTIwMDAwMDAwMDAwMH0sInNjaGVtYV92ZXJzaW9uIjoiMSJ9",
          "dependencies": [
            "module.networking_primary.aws_vpc.main"
          ],
          "create_before_destroy": true
        },
        {
          "index_key": 1,
          "schema_version": 1,
          "attributes": {
            "arn": "arn:aws:ec2:us-east-1:030537971016:subnet/subnet-00967f0c2d74a52a6",
            "assign_ipv6_address_on_creation": false,
            "availability_zone": "us-east-1b",
            "availability_zone_id": "use1-az2",
            "cidr_block": "10.0.6.0/24",
            "customer_owned_ipv4_pool": "",
            "enable_dns64": false,
            "enable_lni_at_device_index": 0,
            "enable_resource_name_dns_a_record_on_launch": false,
            "enable_resource_name_dns_aaaa_record_on_launch": false,
            "id": "subnet-00967f0c2d74a52a6",
            "ipv6_cidr_block": "",
            "ipv6_cidr_block_association_id": "",
            "ipv6_native": false,
            "map_customer_owned_ip_on_launch": false,
            "map_public_ip_on_launch": false,
            "outpost_arn": "",
            "owner_id": "030537971016",
            "private_dns_hostname_type_on_launch": "ip-name",
            "tags": {
              "Name": "db-subnet-1-us-east-1"
            },
            "tags_all": {
              "Name": "db-subnet-1-us-east-1"
            },
            "timeouts": null,
            "vpc_id": "vpc-09ba07caf442d2ff2"
          },
          "sensitive_attributes": [],
          "private": "eyJlMmJmYjczMC1lY2FhLTExZTYtOGY4OC0zNDM2M2JjN2M0YzAiOnsiY3JlYXRlIjo2MDAwMDAwMDAwMDAsImRlbGV0ZSI6MTIwMDAwMDAwMDAwMH0sInNjaGVtYV92ZXJzaW9uIjoiMSJ9",
          "dependencies": [
            "module.networking_primary.aws_vpc.main"
          ],
          "create_before_destroy": true
        }
      ]
    },
    {
      "module": "module.networking_primary",
      "mode": "managed",
      "type": "aws_subnet",
      "name": "public_subnets",
      "provider": "module.networking_primary.provider[\"registry.terraform.io/hashicorp/aws\"].region",
      "instances": [
        {
          "index_key": 0,
          "schema_version": 1,
          "attributes": {
            "arn": "arn:aws:ec2:us-east-1:030537971016:subnet/subnet-032636c768b1e584e",
            "assign_ipv6_address_on_creation": false,
            "availability_zone": "us-east-1a",
            "availability_zone_id": "use1-az1",
            "cidr_block": "10.0.1.0/24",
            "customer_owned_ipv4_pool": "",
            "enable_dns64": false,
            "enable_lni_at_device_index": 0,
            "enable_resource_name_dns_a_record_on_launch": false,
            "enable_resource_name_dns_aaaa_record_on_launch": false,
            "id": "subnet-032636c768b1e584e",
            "ipv6_cidr_block": "",
            "ipv6_cidr_block_association_id": "",
            "ipv6_native": false,
            "map_customer_owned_ip_on_launch": false,
            "map_public_ip_on_launch": true,
            "outpost_arn": "",
            "owner_id": "030537971016",
            "private_dns_hostname_type_on_launch": "ip-name",
            "tags": {
              "Name": "public-subnet-0-us-east-1"
            },
            "tags_all": {
              "Name": "public-subnet-0-us-east-1"
            },
            "timeouts": null,
            "vpc_id": "vpc-09ba07caf442d2ff2"
          },
          "sensitive_attributes": [],
          "private": "eyJlMmJmYjczMC1lY2FhLTExZTYtOGY4OC0zNDM2M2JjN2M0YzAiOnsiY3JlYXRlIjo2MDAwMDAwMDAwMDAsImRlbGV0ZSI6MTIwMDAwMDAwMDAwMH0sInNjaGVtYV92ZXJzaW9uIjoiMSJ9",
          "dependencies": [
            "module.networking_primary.aws_vpc.main"
          ],
          "create_before_destroy": true
        },
        {
          "index_key": 1,
          "schema_version": 1,
          "attributes": {
            "arn": "arn:aws:ec2:us-east-1:030537971016:subnet/subnet-0000ad37434d97da2",
            "assign_ipv6_address_on_creation": false,
            "availability_zone": "us-east-1b",
            "availability_zone_id": "use1-az2",
            "cidr_block": "10.0.2.0/24",
            "customer_owned_ipv4_pool": "",
            "enable_dns64": false,
            "enable_lni_at_device_index": 0,
            "enable_resource_name_dns_a_record_on_launch": false,
            "enable_resource_name_dns_aaaa_record_on_launch": false,
            "id": "subnet-0000ad37434d97da2",
            "ipv6_cidr_block": "",
            "ipv6_cidr_block_association_id": "",
            "ipv6_native": false,
            "map_customer_owned_ip_on_launch": false,
            "map_public_ip_on_launch": true,
            "outpost_arn": "",
            "owner_id": "030537971016",
            "private_dns_hostname_type_on_launch": "ip-name",
            "tags": {
              "Name": "public-subnet-1-us-east-1"
            },
            "tags_all": {
              "Name": "public-subnet-1-us-east-1"
            },
            "timeouts": null,
            "vpc_id": "vpc-09ba07caf442d2ff2"
          },
          "sensitive_attributes": [],
          "private": "eyJlMmJmYjczMC1lY2FhLTExZTYtOGY4OC0zNDM2M2JjN2M0YzAiOnsiY3JlYXRlIjo2MDAwMDAwMDAwMDAsImRlbGV0ZSI6MTIwMDAwMDAwMDAwMH0sInNjaGVtYV92ZXJzaW9uIjoiMSJ9",
          "dependencies": [
            "module.networking_primary.aws_vpc.main"
          ],
          "create_before_destroy": true
        }
      ]
    },
    {
      "module": "module.networking_primary",
      "mode": "managed",
      "type": "aws_vpc",
      "name": "main",
      "provider": "module.networking_primary.provider[\"registry.terraform.io/hashicorp/aws\"].region",
      "instances": [
        {
          "schema_version": 1,
          "attributes": {
            "arn": "arn:aws:ec2:us-east-1:030537971016:vpc/vpc-09ba07caf442d2ff2",
            "assign_generated_ipv6_cidr_block": false,
            "cidr_block": "10.0.0.0/16",
            "default_network_acl_id": "acl-0bfc5df51e7481f29",
            "default_route_table_id": "rtb-08b5e9aa073211942",
            "default_security_group_id": "sg-0e41655ed2f06a4ba",
            "dhcp_options_id": "dopt-0d0086c79ae1b5747",
            "enable_dns_hostnames": true,
            "enable_dns_support": true,
            "enable_network_address_usage_metrics": false,
            "id": "vpc-09ba07caf442d2ff2",
            "instance_tenancy": "default",
            "ipv4_ipam_pool_id": null,
            "ipv4_netmask_length": null,
            "ipv6_association_id": "",
            "ipv6_cidr_block": "",
            "ipv6_cidr_block_network_border_group": "",
            "ipv6_ipam_pool_id": "",
            "ipv6_netmask_length": 0,
            "main_route_table_id": "rtb-08b5e9aa073211942",
            "owner_id": "030537971016",
            "tags": {
              "Name": "vpc-us-east-1"
            },
            "tags_all": {
              "Name": "vpc-us-east-1"
            }
          },
          "sensitive_attributes": [],
          "private": "eyJzY2hlbWFfdmVyc2lvbiI6IjEifQ==",
          "create_before_destroy": true
        }
      ]
    },
    {
      "module": "module.networking_secondary",
      "mode": "managed",
      "type": "aws_eip",
      "name": "nat_eip",
      "provider": "module.networking_secondary.provider[\"registry.terraform.io/hashicorp/aws\"].region",
      "instances": [
        {
          "schema_version": 0,
          "attributes": {
            "address": null,
            "allocation_id": "eipalloc-013de125b6f15f8c6",
            "arn": "arn:aws:ec2:us-east-2:030537971016:elastic-ip/eipalloc-013de125b6f15f8c6",
            "associate_with_private_ip": null,
            "association_id": "eipassoc-0cc7f1686d99898e6",
            "carrier_ip": "",
            "customer_owned_ip": "",
            "customer_owned_ipv4_pool": "",
            "domain": "vpc",
            "id": "eipalloc-013de125b6f15f8c6",
            "instance": "",
            "ipam_pool_id": null,
            "network_border_group": "us-east-2",
            "network_interface": "eni-0c734cd67ea95f262",
            "private_dns": "ip-10-1-1-203.us-east-2.compute.internal",
            "private_ip": "10.1.1.203",
            "ptr_record": "",
            "public_dns": "ec2-3-140-169-147.us-east-2.compute.amazonaws.com",
            "public_ip": "3.140.169.147",
            "public_ipv4_pool": "amazon",
            "tags": {
              "Name": "nat-eip-us-east-2"
            },
            "tags_all": {
              "Name": "nat-eip-us-east-2"
            },
            "timeouts": null,
            "vpc": true
          },
          "sensitive_attributes": [],
          "private": "eyJlMmJmYjczMC1lY2FhLTExZTYtOGY4OC0zNDM2M2JjN2M0YzAiOnsiZGVsZXRlIjoxODAwMDAwMDAwMDAsInJlYWQiOjkwMDAwMDAwMDAwMCwidXBkYXRlIjozMDAwMDAwMDAwMDB9fQ==",
          "create_before_destroy": true
        }
      ]
    },
    {
      "module": "module.networking_secondary",
      "mode": "managed",
      "type": "aws_internet_gateway",
      "name": "igw",
      "provider": "module.networking_secondary.provider[\"registry.terraform.io/hashicorp/aws\"].region",
      "instances": [
        {
          "schema_version": 0,
          "attributes": {
            "arn": "arn:aws:ec2:us-east-2:030537971016:internet-gateway/igw-0fbcbc3ce4a9a4ae6",
            "id": "igw-0fbcbc3ce4a9a4ae6",
            "owner_id": "030537971016",
            "tags": {
              "Name": "igw-us-east-2"
            },
            "tags_all": {
              "Name": "igw-us-east-2"
            },
            "timeouts": null,
            "vpc_id": "vpc-0f681b4aebd0f5b73"
          },
          "sensitive_attributes": [],
          "private": "eyJlMmJmYjczMC1lY2FhLTExZTYtOGY4OC0zNDM2M2JjN2M0YzAiOnsiY3JlYXRlIjoxMjAwMDAwMDAwMDAwLCJkZWxldGUiOjEyMDAwMDAwMDAwMDAsInVwZGF0ZSI6MTIwMDAwMDAwMDAwMH19",
          "dependencies": [
            "module.networking_secondary.aws_vpc.main"
          ],
          "create_before_destroy": true
        }
      ]
    },
    {
      "module": "module.networking_secondary",
      "mode": "managed",
      "type": "aws_nat_gateway",
      "name": "nat",
      "provider": "module.networking_secondary.provider[\"registry.terraform.io/hashicorp/aws\"].region",
      "instances": [
        {
          "schema_version": 0,
          "attributes": {
            "allocation_id": "eipalloc-013de125b6f15f8c6",
            "association_id": "eipassoc-0cc7f1686d99898e6",
            "connectivity_type": "public",
            "id": "nat-0e4ac41cde231b726",
            "network_interface_id": "eni-0c734cd67ea95f262",
            "private_ip": "10.1.1.203",
            "public_ip": "3.140.169.147",
            "secondary_allocation_ids": [],
            "secondary_private_ip_address_count": 0,
            "secondary_private_ip_addresses": [],
            "subnet_id": "subnet-030240c4e88209390",
            "tags": {
              "Name": "nat-gateway-us-east-2"
            },
            "tags_all": {
              "Name": "nat-gateway-us-east-2"
            },
            "timeouts": null
          },
          "sensitive_attributes": [],
          "private": "eyJlMmJmYjczMC1lY2FhLTExZTYtOGY4OC0zNDM2M2JjN2M0YzAiOnsiY3JlYXRlIjo2MDAwMDAwMDAwMDAsImRlbGV0ZSI6MTgwMDAwMDAwMDAwMCwidXBkYXRlIjo2MDAwMDAwMDAwMDB9fQ==",
          "dependencies": [
            "module.networking_secondary.aws_eip.nat_eip",
            "module.networking_secondary.aws_internet_gateway.igw",
            "module.networking_secondary.aws_subnet.public_subnets",
            "module.networking_secondary.aws_vpc.main"
          ],
          "create_before_destroy": true
        }
      ]
    },
    {
      "module": "module.networking_secondary",
      "mode": "managed",
      "type": "aws_route_table",
      "name": "private_app",
      "provider": "module.networking_secondary.provider[\"registry.terraform.io/hashicorp/aws\"].region",
      "instances": [
        {
          "index_key": 0,
          "schema_version": 0,
          "attributes": {
            "arn": "arn:aws:ec2:us-east-2:030537971016:route-table/rtb-09a609a11915e301f",
            "id": "rtb-09a609a11915e301f",
            "owner_id": "030537971016",
            "propagating_vgws": [],
            "route": [
              {
                "carrier_gateway_id": "",
                "cidr_block": "0.0.0.0/0",
                "core_network_arn": "",
                "destination_prefix_list_id": "",
                "egress_only_gateway_id": "",
                "gateway_id": "",
                "ipv6_cidr_block": "",
                "local_gateway_id": "",
                "nat_gateway_id": "nat-0e4ac41cde231b726",
                "network_interface_id": "",
                "transit_gateway_id": "",
                "vpc_endpoint_id": "",
                "vpc_peering_connection_id": ""
              }
            ],
            "tags": {
              "Name": "private-app-rt-0-us-east-2"
            },
            "tags_all": {
              "Name": "private-app-rt-0-us-east-2"
            },
            "timeouts": null,
            "vpc_id": "vpc-0f681b4aebd0f5b73"
          },
          "sensitive_attributes": [],
          "private": "eyJlMmJmYjczMC1lY2FhLTExZTYtOGY4OC0zNDM2M2JjN2M0YzAiOnsiY3JlYXRlIjozMDAwMDAwMDAwMDAsImRlbGV0ZSI6MzAwMDAwMDAwMDAwLCJ1cGRhdGUiOjEyMDAwMDAwMDAwMH19",
          "dependencies": [
            "module.networking_secondary.aws_eip.nat_eip",
            "module.networking_secondary.aws_internet_gateway.igw",
            "module.networking_secondary.aws_nat_gateway.nat",
            "module.networking_secondary.aws_subnet.app_subnets",
            "module.networking_secondary.aws_subnet.public_subnets",
            "module.networking_secondary.aws_vpc.main"
          ],
          "create_before_destroy": true
        },
        {
          "index_key": 1,
          "schema_version": 0,
          "attributes": {
            "arn": "arn:aws:ec2:us-east-2:030537971016:route-table/rtb-040a290c27bf43a0b",
            "id": "rtb-040a290c27bf43a0b",
            "owner_id": "030537971016",
            "propagating_vgws": [],
            "route": [
              {
                "carrier_gateway_id": "",
                "cidr_block": "0.0.0.0/0",
                "core_network_arn": "",
                "destination_prefix_list_id": "",
                "egress_only_gateway_id": "",
                "gateway_id": "",
                "ipv6_cidr_block": "",
                "local_gateway_id": "",
                "nat_gateway_id": "nat-0e4ac41cde231b726",
                "network_interface_id": "",
                "transit_gateway_id": "",
                "vpc_endpoint_id": "",
                "vpc_peering_connection_id": ""
              }
            ],
            "tags": {
              "Name": "private-app-rt-1-us-east-2"
            },
            "tags_all": {
              "Name": "private-app-rt-1-us-east-2"
            },
            "timeouts": null,
            "vpc_id": "vpc-0f681b4aebd0f5b73"
          },
          "sensitive_attributes": [],
          "private": "eyJlMmJmYjczMC1lY2FhLTExZTYtOGY4OC0zNDM2M2JjN2M0YzAiOnsiY3JlYXRlIjozMDAwMDAwMDAwMDAsImRlbGV0ZSI6MzAwMDAwMDAwMDAwLCJ1cGRhdGUiOjEyMDAwMDAwMDAwMH19",
          "dependencies": [
            "module.networking_secondary.aws_eip.nat_eip",
            "module.networking_secondary.aws_internet_gateway.igw",
            "module.networking_secondary.aws_nat_gateway.nat",
            "module.networking_secondary.aws_subnet.app_subnets",
            "module.networking_secondary.aws_subnet.public_subnets",
            "module.networking_secondary.aws_vpc.main"
          ],
          "create_before_destroy": true
        }
      ]
    },
    {
      "module": "module.networking_secondary",
      "mode": "managed",
      "type": "aws_route_table",
      "name": "private_db",
      "provider": "module.networking_secondary.provider[\"registry.terraform.io/hashicorp/aws\"].region",
      "instances": [
        {
          "schema_version": 0,
          "attributes": {
            "arn": "arn:aws:ec2:us-east-2:030537971016:route-table/rtb-01135def98b26cc5e",
            "id": "rtb-01135def98b26cc5e",
            "owner_id": "030537971016",
            "propagating_vgws": [],
            "route": [],
            "tags": {
              "Name": "private-db-rt-us-east-2"
            },
            "tags_all": {
              "Name": "private-db-rt-us-east-2"
            },
            "timeouts": null,
            "vpc_id": "vpc-0f681b4aebd0f5b73"
          },
          "sensitive_attributes": [],
          "private": "eyJlMmJmYjczMC1lY2FhLTExZTYtOGY4OC0zNDM2M2JjN2M0YzAiOnsiY3JlYXRlIjozMDAwMDAwMDAwMDAsImRlbGV0ZSI6MzAwMDAwMDAwMDAwLCJ1cGRhdGUiOjEyMDAwMDAwMDAwMH19",
          "dependencies": [
            "module.networking_secondary.aws_vpc.main"
          ],
          "create_before_destroy": true
        }
      ]
    },
    {
      "module": "module.networking_secondary",
      "mode": "managed",
      "type": "aws_route_table",
      "name": "public",
      "provider": "module.networking_secondary.provider[\"registry.terraform.io/hashicorp/aws\"].region",
      "instances": [
        {
          "schema_version": 0,
          "attributes": {
            "arn": "arn:aws:ec2:us-east-2:030537971016:route-table/rtb-01d54710ce5dc4cc6",
            "id": "rtb-01d54710ce5dc4cc6",
            "owner_id": "030537971016",
            "propagating_vgws": [],
            "route": [
              {
                "carrier_gateway_id": "",
                "cidr_block": "0.0.0.0/0",
                "core_network_arn": "",
                "destination_prefix_list_id": "",
                "egress_only_gateway_id": "",
                "gateway_id": "igw-0fbcbc3ce4a9a4ae6",
                "ipv6_cidr_block": "",
                "local_gateway_id": "",
                "nat_gateway_id": "",
                "network_interface_id": "",
                "transit_gateway_id": "",
                "vpc_endpoint_id": "",
                "vpc_peering_connection_id": ""
              }
            ],
            "tags": {
              "Name": "public-rt-us-east-2"
            },
            "tags_all": {
              "Name": "public-rt-us-east-2"
            },
            "timeouts": null,
            "vpc_id": "vpc-0f681b4aebd0f5b73"
          },
          "sensitive_attributes": [],
          "private": "eyJlMmJmYjczMC1lY2FhLTExZTYtOGY4OC0zNDM2M2JjN2M0YzAiOnsiY3JlYXRlIjozMDAwMDAwMDAwMDAsImRlbGV0ZSI6MzAwMDAwMDAwMDAwLCJ1cGRhdGUiOjEyMDAwMDAwMDAwMH19",
          "dependencies": [
            "module.networking_secondary.aws_internet_gateway.igw",
            "module.networking_secondary.aws_vpc.main"
          ],
          "create_before_destroy": true
        }
      ]
    },
    {
      "module": "module.networking_secondary",
      "mode": "managed",
      "type": "aws_route_table_association",
      "name": "private_app",
      "provider": "module.networking_secondary.provider[\"registry.terraform.io/hashicorp/aws\"].region",
      "instances": [
        {
          "index_key": 0,
          "schema_version": 0,
          "attributes": {
            "gateway_id": "",
            "id": "rtbassoc-06eee597a1d8d750f",
            "route_table_id": "rtb-09a609a11915e301f",
            "subnet_id": "subnet-0181473ea737b62ec",
            "timeouts": null
          },
          "sensitive_attributes": [],
          "private": "eyJlMmJmYjczMC1lY2FhLTExZTYtOGY4OC0zNDM2M2JjN2M0YzAiOnsiY3JlYXRlIjozMDAwMDAwMDAwMDAsImRlbGV0ZSI6MzAwMDAwMDAwMDAwLCJ1cGRhdGUiOjEyMDAwMDAwMDAwMH19",
          "dependencies": [
            "module.networking_secondary.aws_eip.nat_eip",
            "module.networking_secondary.aws_internet_gateway.igw",
            "module.networking_secondary.aws_nat_gateway.nat",
            "module.networking_secondary.aws_route_table.private_app",
            "module.networking_secondary.aws_subnet.app_subnets",
            "module.networking_secondary.aws_subnet.public_subnets",
            "module.networking_secondary.aws_vpc.main"
          ],
          "create_before_destroy": true
        },
        {
          "index_key": 1,
          "schema_version": 0,
          "attributes": {
            "gateway_id": "",
            "id": "rtbassoc-04fccaaf1d5284d07",
            "route_table_id": "rtb-040a290c27bf43a0b",
            "subnet_id": "subnet-04c43f08d10013d40",
            "timeouts": null
          },
          "sensitive_attributes": [],
          "private": "eyJlMmJmYjczMC1lY2FhLTExZTYtOGY4OC0zNDM2M2JjN2M0YzAiOnsiY3JlYXRlIjozMDAwMDAwMDAwMDAsImRlbGV0ZSI6MzAwMDAwMDAwMDAwLCJ1cGRhdGUiOjEyMDAwMDAwMDAwMH19",
          "dependencies": [
            "module.networking_secondary.aws_eip.nat_eip",
            "module.networking_secondary.aws_internet_gateway.igw",
            "module.networking_secondary.aws_nat_gateway.nat",
            "module.networking_secondary.aws_route_table.private_app",
            "module.networking_secondary.aws_subnet.app_subnets",
            "module.networking_secondary.aws_subnet.public_subnets",
            "module.networking_secondary.aws_vpc.main"
          ],
          "create_before_destroy": true
        }
      ]
    },
    {
      "module": "module.networking_secondary",
      "mode": "managed",
      "type": "aws_route_table_association",
      "name": "private_db",
      "provider": "module.networking_secondary.provider[\"registry.terraform.io/hashicorp/aws\"].region",
      "instances": [
        {
          "index_key": 0,
          "schema_version": 0,
          "attributes": {
            "gateway_id": "",
            "id": "rtbassoc-0c02077295f6c3866",
            "route_table_id": "rtb-01135def98b26cc5e",
            "subnet_id": "subnet-0e5bf33738596d285",
            "timeouts": null
          },
          "sensitive_attributes": [],
          "private": "eyJlMmJmYjczMC1lY2FhLTExZTYtOGY4OC0zNDM2M2JjN2M0YzAiOnsiY3JlYXRlIjozMDAwMDAwMDAwMDAsImRlbGV0ZSI6MzAwMDAwMDAwMDAwLCJ1cGRhdGUiOjEyMDAwMDAwMDAwMH19",
          "dependencies": [
            "module.networking_secondary.aws_route_table.private_db",
            "module.networking_secondary.aws_subnet.db_subnets",
            "module.networking_secondary.aws_vpc.main"
          ],
          "create_before_destroy": true
        },
        {
          "index_key": 1,
          "schema_version": 0,
          "attributes": {
            "gateway_id": "",
            "id": "rtbassoc-039b8f32348075679",
            "route_table_id": "rtb-01135def98b26cc5e",
            "subnet_id": "subnet-035c638c36247e2a8",
            "timeouts": null
          },
          "sensitive_attributes": [],
          "private": "eyJlMmJmYjczMC1lY2FhLTExZTYtOGY4OC0zNDM2M2JjN2M0YzAiOnsiY3JlYXRlIjozMDAwMDAwMDAwMDAsImRlbGV0ZSI6MzAwMDAwMDAwMDAwLCJ1cGRhdGUiOjEyMDAwMDAwMDAwMH19",
          "dependencies": [
            "module.networking_secondary.aws_route_table.private_db",
            "module.networking_secondary.aws_subnet.db_subnets",
            "module.networking_secondary.aws_vpc.main"
          ],
          "create_before_destroy": true
        }
      ]
    },
    {
      "module": "module.networking_secondary",
      "mode": "managed",
      "type": "aws_route_table_association",
      "name": "public",
      "provider": "module.networking_secondary.provider[\"registry.terraform.io/hashicorp/aws\"].region",
      "instances": [
        {
          "index_key": 0,
          "schema_version": 0,
          "attributes": {
            "gateway_id": "",
            "id": "rtbassoc-0f4e863b8a7c78f71",
            "route_table_id": "rtb-01d54710ce5dc4cc6",
            "subnet_id": "subnet-030240c4e88209390",
            "timeouts": null
          },
          "sensitive_attributes": [],
          "private": "eyJlMmJmYjczMC1lY2FhLTExZTYtOGY4OC0zNDM2M2JjN2M0YzAiOnsiY3JlYXRlIjozMDAwMDAwMDAwMDAsImRlbGV0ZSI6MzAwMDAwMDAwMDAwLCJ1cGRhdGUiOjEyMDAwMDAwMDAwMH19",
          "dependencies": [
            "module.networking_secondary.aws_internet_gateway.igw",
            "module.networking_secondary.aws_route_table.public",
            "module.networking_secondary.aws_subnet.public_subnets",
            "module.networking_secondary.aws_vpc.main"
          ],
          "create_before_destroy": true
        },
        {
          "index_key": 1,
          "schema_version": 0,
          "attributes": {
            "gateway_id": "",
            "id": "rtbassoc-065aac65d5d17edcf",
            "route_table_id": "rtb-01d54710ce5dc4cc6",
            "subnet_id": "subnet-02aabc860802fdae0",
            "timeouts": null
          },
          "sensitive_attributes": [],
          "private": "eyJlMmJmYjczMC1lY2FhLTExZTYtOGY4OC0zNDM2M2JjN2M0YzAiOnsiY3JlYXRlIjozMDAwMDAwMDAwMDAsImRlbGV0ZSI6MzAwMDAwMDAwMDAwLCJ1cGRhdGUiOjEyMDAwMDAwMDAwMH19",
          "dependencies": [
            "module.networking_secondary.aws_internet_gateway.igw",
            "module.networking_secondary.aws_route_table.public",
            "module.networking_secondary.aws_subnet.public_subnets",
            "module.networking_secondary.aws_vpc.main"
          ],
          "create_before_destroy": true
        }
      ]
    },
    {
      "module": "module.networking_secondary",
      "mode": "managed",
      "type": "aws_subnet",
      "name": "app_subnets",
      "provider": "module.networking_secondary.provider[\"registry.terraform.io/hashicorp/aws\"].region",
      "instances": [
        {
          "index_key": 0,
          "schema_version": 1,
          "attributes": {
            "arn": "arn:aws:ec2:us-east-2:030537971016:subnet/subnet-0181473ea737b62ec",
            "assign_ipv6_address_on_creation": false,
            "availability_zone": "us-east-2a",
            "availability_zone_id": "use2-az1",
            "cidr_block": "10.1.3.0/24",
            "customer_owned_ipv4_pool": "",
            "enable_dns64": false,
            "enable_lni_at_device_index": 0,
            "enable_resource_name_dns_a_record_on_launch": false,
            "enable_resource_name_dns_aaaa_record_on_launch": false,
            "id": "subnet-0181473ea737b62ec",
            "ipv6_cidr_block": "",
            "ipv6_cidr_block_association_id": "",
            "ipv6_native": false,
            "map_customer_owned_ip_on_launch": false,
            "map_public_ip_on_launch": false,
            "outpost_arn": "",
            "owner_id": "030537971016",
            "private_dns_hostname_type_on_launch": "ip-name",
            "tags": {
              "Name": "app-subnet-0-us-east-2"
            },
            "tags_all": {
              "Name": "app-subnet-0-us-east-2"
            },
            "timeouts": null,
            "vpc_id": "vpc-0f681b4aebd0f5b73"
          },
          "sensitive_attributes": [],
          "private": "eyJlMmJmYjczMC1lY2FhLTExZTYtOGY4OC0zNDM2M2JjN2M0YzAiOnsiY3JlYXRlIjo2MDAwMDAwMDAwMDAsImRlbGV0ZSI6MTIwMDAwMDAwMDAwMH0sInNjaGVtYV92ZXJzaW9uIjoiMSJ9",
          "dependencies": [
            "module.networking_secondary.aws_vpc.main"
          ],
          "create_before_destroy": true
        },
        {
          "index_key": 1,
          "schema_version": 1,
          "attributes": {
            "arn": "arn:aws:ec2:us-east-2:030537971016:subnet/subnet-04c43f08d10013d40",
            "assign_ipv6_address_on_creation": false,
            "availability_zone": "us-east-2b",
            "availability_zone_id": "use2-az2",
            "cidr_block": "10.1.4.0/24",
            "customer_owned_ipv4_pool": "",
            "enable_dns64": false,
            "enable_lni_at_device_index": 0,
            "enable_resource_name_dns_a_record_on_launch": false,
            "enable_resource_name_dns_aaaa_record_on_launch": false,
            "id": "subnet-04c43f08d10013d40",
            "ipv6_cidr_block": "",
            "ipv6_cidr_block_association_id": "",
            "ipv6_native": false,
            "map_customer_owned_ip_on_launch": false,
            "map_public_ip_on_launch": false,
            "outpost_arn": "",
            "owner_id": "030537971016",
            "private_dns_hostname_type_on_launch": "ip-name",
            "tags": {
              "Name": "app-subnet-1-us-east-2"
            },
            "tags_all": {
              "Name": "app-subnet-1-us-east-2"
            },
            "timeouts": null,
            "vpc_id": "vpc-0f681b4aebd0f5b73"
          },
          "sensitive_attributes": [],
          "private": "eyJlMmJmYjczMC1lY2FhLTExZTYtOGY4OC0zNDM2M2JjN2M0YzAiOnsiY3JlYXRlIjo2MDAwMDAwMDAwMDAsImRlbGV0ZSI6MTIwMDAwMDAwMDAwMH0sInNjaGVtYV92ZXJzaW9uIjoiMSJ9",
          "dependencies": [
            "module.networking_secondary.aws_vpc.main"
          ],
          "create_before_destroy": true
        }
      ]
    },
    {
      "module": "module.networking_secondary",
      "mode": "managed",
      "type": "aws_subnet",
      "name": "db_subnets",
      "provider": "module.networking_secondary.provider[\"registry.terraform.io/hashicorp/aws\"].region",
      "instances": [
        {
          "index_key": 0,
          "schema_version": 1,
          "attributes": {
            "arn": "arn:aws:ec2:us-east-2:030537971016:subnet/subnet-0e5bf33738596d285",
            "assign_ipv6_address_on_creation": false,
            "availability_zone": "us-east-2a",
            "availability_zone_id": "use2-az1",
            "cidr_block": "10.1.5.0/24",
            "customer_owned_ipv4_pool": "",
            "enable_dns64": false,
            "enable_lni_at_device_index": 0,
            "enable_resource_name_dns_a_record_on_launch": false,
            "enable_resource_name_dns_aaaa_record_on_launch": false,
            "id": "subnet-0e5bf33738596d285",
            "ipv6_cidr_block": "",
            "ipv6_cidr_block_association_id": "",
            "ipv6_native": false,
            "map_customer_owned_ip_on_launch": false,
            "map_public_ip_on_launch": false,
            "outpost_arn": "",
            "owner_id": "030537971016",
            "private_dns_hostname_type_on_launch": "ip-name",
            "tags": {
              "Name": "db-subnet-0-us-east-2"
            },
            "tags_all": {
              "Name": "db-subnet-0-us-east-2"
            },
            "timeouts": null,
            "vpc_id": "vpc-0f681b4aebd0f5b73"
          },
          "sensitive_attributes": [],
          "private": "eyJlMmJmYjczMC1lY2FhLTExZTYtOGY4OC0zNDM2M2JjN2M0YzAiOnsiY3JlYXRlIjo2MDAwMDAwMDAwMDAsImRlbGV0ZSI6MTIwMDAwMDAwMDAwMH0sInNjaGVtYV92ZXJzaW9uIjoiMSJ9",
          "dependencies": [
            "module.networking_secondary.aws_vpc.main"
          ],
          "create_before_destroy": true
        },
        {
          "index_key": 1,
          "schema_version": 1,
          "attributes": {
            "arn": "arn:aws:ec2:us-east-2:030537971016:subnet/subnet-035c638c36247e2a8",
            "assign_ipv6_address_on_creation": false,
            "availability_zone": "us-east-2b",
            "availability_zone_id": "use2-az2",
            "cidr_block": "10.1.6.0/24",
            "customer_owned_ipv4_pool": "",
            "enable_dns64": false,
            "enable_lni_at_device_index": 0,
            "enable_resource_name_dns_a_record_on_launch": false,
            "enable_resource_name_dns_aaaa_record_on_launch": false,
            "id": "subnet-035c638c36247e2a8",
            "ipv6_cidr_block": "",
            "ipv6_cidr_block_association_id": "",
            "ipv6_native": false,
            "map_customer_owned_ip_on_launch": false,
            "map_public_ip_on_launch": false,
            "outpost_arn": "",
            "owner_id": "030537971016",
            "private_dns_hostname_type_on_launch": "ip-name",
            "tags": {
              "Name": "db-subnet-1-us-east-2"
            },
            "tags_all": {
              "Name": "db-subnet-1-us-east-2"
            },
            "timeouts": null,
            "vpc_id": "vpc-0f681b4aebd0f5b73"
          },
          "sensitive_attributes": [],
          "private": "eyJlMmJmYjczMC1lY2FhLTExZTYtOGY4OC0zNDM2M2JjN2M0YzAiOnsiY3JlYXRlIjo2MDAwMDAwMDAwMDAsImRlbGV0ZSI6MTIwMDAwMDAwMDAwMH0sInNjaGVtYV92ZXJzaW9uIjoiMSJ9",
          "dependencies": [
            "module.networking_secondary.aws_vpc.main"
          ],
          "create_before_destroy": true
        }
      ]
    },
    {
      "module": "module.networking_secondary",
      "mode": "managed",
      "type": "aws_subnet",
      "name": "public_subnets",
      "provider": "module.networking_secondary.provider[\"registry.terraform.io/hashicorp/aws\"].region",
      "instances": [
        {
          "index_key": 0,
          "schema_version": 1,
          "attributes": {
            "arn": "arn:aws:ec2:us-east-2:030537971016:subnet/subnet-030240c4e88209390",
            "assign_ipv6_address_on_creation": false,
            "availability_zone": "us-east-2a",
            "availability_zone_id": "use2-az1",
            "cidr_block": "10.1.1.0/24",
            "customer_owned_ipv4_pool": "",
            "enable_dns64": false,
            "enable_lni_at_device_index": 0,
            "enable_resource_name_dns_a_record_on_launch": false,
            "enable_resource_name_dns_aaaa_record_on_launch": false,
            "id": "subnet-030240c4e88209390",
            "ipv6_cidr_block": "",
            "ipv6_cidr_block_association_id": "",
            "ipv6_native": false,
            "map_customer_owned_ip_on_launch": false,
            "map_public_ip_on_launch": true,
            "outpost_arn": "",
            "owner_id": "030537971016",
            "private_dns_hostname_type_on_launch": "ip-name",
            "tags": {
              "Name": "public-subnet-0-us-east-2"
            },
            "tags_all": {
              "Name": "public-subnet-0-us-east-2"
            },
            "timeouts": null,
            "vpc_id": "vpc-0f681b4aebd0f5b73"
          },
          "sensitive_attributes": [],
          "private": "eyJlMmJmYjczMC1lY2FhLTExZTYtOGY4OC0zNDM2M2JjN2M0YzAiOnsiY3JlYXRlIjo2MDAwMDAwMDAwMDAsImRlbGV0ZSI6MTIwMDAwMDAwMDAwMH0sInNjaGVtYV92ZXJzaW9uIjoiMSJ9",
          "dependencies": [
            "module.networking_secondary.aws_vpc.main"
          ],
          "create_before_destroy": true
        },
        {
          "index_key": 1,
          "schema_version": 1,
          "attributes": {
            "arn": "arn:aws:ec2:us-east-2:030537971016:subnet/subnet-02aabc860802fdae0",
            "assign_ipv6_address_on_creation": false,
            "availability_zone": "us-east-2b",
            "availability_zone_id": "use2-az2",
            "cidr_block": "10.1.2.0/24",
            "customer_owned_ipv4_pool": "",
            "enable_dns64": false,
            "enable_lni_at_device_index": 0,
            "enable_resource_name_dns_a_record_on_launch": false,
            "enable_resource_name_dns_aaaa_record_on_launch": false,
            "id": "subnet-02aabc860802fdae0",
            "ipv6_cidr_block": "",
            "ipv6_cidr_block_association_id": "",
            "ipv6_native": false,
            "map_customer_owned_ip_on_launch": false,
            "map_public_ip_on_launch": true,
            "outpost_arn": "",
            "owner_id": "030537971016",
            "private_dns_hostname_type_on_launch": "ip-name",
            "tags": {
              "Name": "public-subnet-1-us-east-2"
            },
            "tags_all": {
              "Name": "public-subnet-1-us-east-2"
            },
            "timeouts": null,
            "vpc_id": "vpc-0f681b4aebd0f5b73"
          },
          "sensitive_attributes": [],
          "private": "eyJlMmJmYjczMC1lY2FhLTExZTYtOGY4OC0zNDM2M2JjN2M0YzAiOnsiY3JlYXRlIjo2MDAwMDAwMDAwMDAsImRlbGV0ZSI6MTIwMDAwMDAwMDAwMH0sInNjaGVtYV92ZXJzaW9uIjoiMSJ9",
          "dependencies": [
            "module.networking_secondary.aws_vpc.main"
          ],
          "create_before_destroy": true
        }
      ]
    },
    {
      "module": "module.networking_secondary",
      "mode": "managed",
      "type": "aws_vpc",
      "name": "main",
      "provider": "module.networking_secondary.provider[\"registry.terraform.io/hashicorp/aws\"].region",
      "instances": [
        {
          "schema_version": 1,
          "attributes": {
            "arn": "arn:aws:ec2:us-east-2:030537971016:vpc/vpc-0f681b4aebd0f5b73",
            "assign_generated_ipv6_cidr_block": false,
            "cidr_block": "10.1.0.0/16",
            "default_network_acl_id": "acl-0dac2a1c27a792178",
            "default_route_table_id": "rtb-054e7e5795c465071",
            "default_security_group_id": "sg-0081796ba2ea8ea71",
            "dhcp_options_id": "dopt-04d040bcf43a31533",
            "enable_dns_hostnames": true,
            "enable_dns_support": true,
            "enable_network_address_usage_metrics": false,
            "id": "vpc-0f681b4aebd0f5b73",
            "instance_tenancy": "default",
            "ipv4_ipam_pool_id": null,
            "ipv4_netmask_length": null,
            "ipv6_association_id": "",
            "ipv6_cidr_block": "",
            "ipv6_cidr_block_network_border_group": "",
            "ipv6_ipam_pool_id": "",
            "ipv6_netmask_length": 0,
            "main_route_table_id": "rtb-054e7e5795c465071",
            "owner_id": "030537971016",
            "tags": {
              "Name": "vpc-us-east-2"
            },
            "tags_all": {
              "Name": "vpc-us-east-2"
            }
          },
          "sensitive_attributes": [],
          "private": "eyJzY2hlbWFfdmVyc2lvbiI6IjEifQ==",
          "create_before_destroy": true
        }
      ]
    },
    {
      "module": "module.s3",
      "mode": "managed",
      "type": "aws_iam_policy",
      "name": "s3_access_policy",
      "provider": "provider[\"registry.terraform.io/hashicorp/aws\"].east1",
      "instances": [
        {
          "schema_version": 0,
          "attributes": {
            "arn": "arn:aws:iam::030537971016:policy/my-disaster-recovery-bucket-s3-policy-f729bfb0",
            "attachment_count": 1,
            "description": "",
            "id": "arn:aws:iam::030537971016:policy/my-disaster-recovery-bucket-s3-policy-f729bfb0",
            "name": "my-disaster-recovery-bucket-s3-policy-f729bfb0",
            "name_prefix": "",
            "path": "/",
            "policy": "{\"Statement\":[{\"Action\":[\"s3:GetObject\",\"s3:PutObject\",\"s3:ListBucket\"],\"Effect\":\"Allow\",\"Resource\":[\"arn:aws:s3:::my-disaster-recovery-bucket-f729bfb0\",\"arn:aws:s3:::my-disaster-recovery-bucket-f729bfb0/*\"]}],\"Version\":\"2012-10-17\"}",
            "policy_id": "ANPAQOHBUOVEPS6Y5QF2Z",
            "tags": {},
            "tags_all": {}
          },
          "sensitive_attributes": [],
          "private": "bnVsbA==",
          "dependencies": [
            "module.s3.aws_s3_bucket.this",
            "module.s3.random_id.suffix"
          ]
        }
      ]
    },
    {
      "module": "module.s3",
      "mode": "managed",
      "type": "aws_iam_role",
      "name": "role_east1",
      "provider": "provider[\"registry.terraform.io/hashicorp/aws\"].east1",
      "instances": [
        {
          "schema_version": 0,
          "attributes": {
            "arn": "arn:aws:iam::030537971016:role/my-disaster-recovery-bucket-s3-policy-f729bfb0",
            "assume_role_policy": "{\"Statement\":[{\"Action\":\"sts:AssumeRole\",\"Effect\":\"Allow\",\"Principal\":{\"Service\":\"ec2.amazonaws.com\"}}],\"Version\":\"2012-10-17\"}",
            "create_date": "2025-07-10T22:02:20Z",
            "description": "",
            "force_detach_policies": false,
            "id": "my-disaster-recovery-bucket-s3-policy-f729bfb0",
            "inline_policy": [],
            "managed_policy_arns": [
              "arn:aws:iam::030537971016:policy/my-disaster-recovery-bucket-s3-policy-f729bfb0"
            ],
            "max_session_duration": 3600,
            "name": "my-disaster-recovery-bucket-s3-policy-f729bfb0",
            "name_prefix": "",
            "path": "/",
            "permissions_boundary": "",
            "tags": {},
            "tags_all": {},
            "unique_id": "AROAQOHBUOVEAPFFUAZGO"
          },
          "sensitive_attributes": [],
          "private": "eyJzY2hlbWFfdmVyc2lvbiI6IjAifQ==",
          "dependencies": [
            "module.s3.random_id.suffix"
          ]
        }
      ]
    },
    {
      "module": "module.s3",
      "mode": "managed",
      "type": "aws_iam_role",
      "name": "role_east2",
      "provider": "provider[\"registry.terraform.io/hashicorp/aws\"].east2",
      "instances": [
        {
          "schema_version": 0,
          "attributes": {
            "arn": "arn:aws:iam::030537971016:role/my-disaster-recovery-bucket-s3-policy-f729bfb0",
            "assume_role_policy": "{\"Statement\":[{\"Action\":\"sts:AssumeRole\",\"Effect\":\"Allow\",\"Principal\":{\"Service\":\"ec2.amazonaws.com\"}}],\"Version\":\"2012-10-17\"}",
            "create_date": "2025-07-10T22:02:20Z",
            "description": "",
            "force_detach_policies": false,
            "id": "my-disaster-recovery-bucket-s3-policy-f729bfb0",
            "inline_policy": [],
            "managed_policy_arns": [
              "arn:aws:iam::030537971016:policy/my-disaster-recovery-bucket-s3-policy-f729bfb0"
            ],
            "max_session_duration": 3600,
            "name": "my-disaster-recovery-bucket-s3-policy-f729bfb0",
            "name_prefix": "",
            "path": "/",
            "permissions_boundary": "",
            "tags": {},
            "tags_all": {},
            "unique_id": "AROAQOHBUOVEAPFFUAZGO"
          },
          "sensitive_attributes": [],
          "private": "bnVsbA==",
          "dependencies": [
            "module.s3.random_id.suffix"
          ]
        }
      ]
    },
    {
      "module": "module.s3",
      "mode": "managed",
      "type": "aws_iam_role_policy_attachment",
      "name": "attach_east1",
      "provider": "provider[\"registry.terraform.io/hashicorp/aws\"].east1",
      "instances": [
        {
          "schema_version": 0,
          "attributes": {
            "id": "my-disaster-recovery-bucket-s3-policy-f729bfb0-20250710221554635500000001",
            "policy_arn": "arn:aws:iam::030537971016:policy/my-disaster-recovery-bucket-s3-policy-f729bfb0",
            "role": "my-disaster-recovery-bucket-s3-policy-f729bfb0"
          },
          "sensitive_attributes": [],
          "private": "bnVsbA==",
          "dependencies": [
            "module.s3.aws_iam_policy.s3_access_policy",
            "module.s3.aws_iam_role.role_east1",
            "module.s3.aws_s3_bucket.this",
            "module.s3.random_id.suffix"
          ]
        }
      ]
    },
    {
      "module": "module.s3",
      "mode": "managed",
      "type": "aws_iam_role_policy_attachment",
      "name": "attach_east2",
      "provider": "provider[\"registry.terraform.io/hashicorp/aws\"].east2",
      "instances": [
        {
          "schema_version": 0,
          "attributes": {
            "id": "my-disaster-recovery-bucket-s3-policy-f729bfb0-20250710220222497700000001",
            "policy_arn": "arn:aws:iam::030537971016:policy/my-disaster-recovery-bucket-s3-policy-f729bfb0",
            "role": "my-disaster-recovery-bucket-s3-policy-f729bfb0"
          },
          "sensitive_attributes": [],
          "private": "bnVsbA==",
          "dependencies": [
            "module.s3.aws_iam_policy.s3_access_policy",
            "module.s3.aws_iam_role.role_east2",
            "module.s3.aws_s3_bucket.this",
            "module.s3.random_id.suffix"
          ]
        }
      ]
    },
    {
      "module": "module.s3",
      "mode": "managed",
      "type": "aws_s3_bucket",
      "name": "this",
      "provider": "provider[\"registry.terraform.io/hashicorp/aws\"].east1",
      "instances": [
        {
          "schema_version": 0,
          "attributes": {
            "acceleration_status": "",
            "acl": null,
            "arn": "arn:aws:s3:::my-disaster-recovery-bucket-f729bfb0",
            "bucket": "my-disaster-recovery-bucket-f729bfb0",
            "bucket_domain_name": "my-disaster-recovery-bucket-f729bfb0.s3.amazonaws.com",
            "bucket_prefix": "",
            "bucket_regional_domain_name": "my-disaster-recovery-bucket-f729bfb0.s3.us-east-1.amazonaws.com",
            "cors_rule": [],
            "force_destroy": true,
            "grant": [
              {
                "id": "55dd799132830414ef43618a7f892ea0241a6751f7e7a16c133d87c5949a5cd2",
                "permissions": [
                  "FULL_CONTROL"
                ],
                "type": "CanonicalUser",
                "uri": ""
              }
            ],
            "hosted_zone_id": "Z3AQBSTGFYJSTF",
            "id": "my-disaster-recovery-bucket-f729bfb0",
            "lifecycle_rule": [],
            "logging": [],
            "object_lock_configuration": [],
            "object_lock_enabled": false,
            "policy": "",
            "region": "us-east-1",
            "replication_configuration": [],
            "request_payer": "BucketOwner",
            "server_side_encryption_configuration": [
              {
                "rule": [
                  {
                    "apply_server_side_encryption_by_default": [
                      {
                        "kms_master_key_id": "",
                        "sse_algorithm": "AES256"
                      }
                    ],
                    "bucket_key_enabled": false
                  }
                ]
              }
            ],
            "tags": {
              "Name": "my-disaster-recovery-bucket"
            },
            "tags_all": {
              "Name": "my-disaster-recovery-bucket"
            },
            "timeouts": null,
            "versioning": [
              {
                "enabled": false,
                "mfa_delete": false
              }
            ],
            "website": [],
            "website_domain": null,
            "website_endpoint": null
          },
          "sensitive_attributes": [],
          "private": "eyJlMmJmYjczMC1lY2FhLTExZTYtOGY4OC0zNDM2M2JjN2M0YzAiOnsiY3JlYXRlIjoxMjAwMDAwMDAwMDAwLCJkZWxldGUiOjM2MDAwMDAwMDAwMDAsInJlYWQiOjEyMDAwMDAwMDAwMDAsInVwZGF0ZSI6MTIwMDAwMDAwMDAwMH19",
          "dependencies": [
            "module.s3.random_id.suffix"
          ]
        }
      ]
    },
    {
      "module": "module.s3",
      "mode": "managed",
      "type": "random_id",
      "name": "suffix",
      "provider": "provider[\"registry.terraform.io/hashicorp/random\"]",
      "instances": [
        {
          "schema_version": 0,
          "attributes": {
            "b64_std": "9ym/sA==",
            "b64_url": "9ym_sA",
            "byte_length": 4,
            "dec": "4146708400",
            "hex": "f729bfb0",
            "id": "9ym_sA",
            "keepers": null,
            "prefix": null
          },
          "sensitive_attributes": []
        }
      ]
    },
    {
      "module": "module.security_groups_primary",
      "mode": "managed",
      "type": "aws_security_group",
      "name": "alb_external_sg",
      "provider": "provider[\"registry.terraform.io/hashicorp/aws\"].east1",
      "instances": [
        {
          "schema_version": 1,
          "attributes": {
            "arn": "arn:aws:ec2:us-east-1:030537971016:security-group/sg-0313b51e24986ed56",
            "description": "External ALB SG",
            "egress": [
              {
                "cidr_blocks": [
                  "0.0.0.0/0"
                ],
                "description": "",
                "from_port": 0,
                "ipv6_cidr_blocks": [],
                "prefix_list_ids": [],
                "protocol": "-1",
                "security_groups": [],
                "self": false,
                "to_port": 0
              }
            ],
            "id": "sg-0313b51e24986ed56",
            "ingress": [
              {
                "cidr_blocks": [
                  "0.0.0.0/0"
                ],
                "description": "",
                "from_port": 443,
                "ipv6_cidr_blocks": [],
                "prefix_list_ids": [],
                "protocol": "tcp",
                "security_groups": [],
                "self": false,
                "to_port": 443
              },
              {
                "cidr_blocks": [
                  "0.0.0.0/0"
                ],
                "description": "",
                "from_port": 80,
                "ipv6_cidr_blocks": [],
                "prefix_list_ids": [],
                "protocol": "tcp",
                "security_groups": [],
                "self": false,
                "to_port": 80
              }
            ],
            "name": "alb-external-sg-us-east-1",
            "name_prefix": "",
            "owner_id": "030537971016",
            "revoke_rules_on_delete": false,
            "tags": {
              "Name": "alb-external-sg-us-east-1"
            },
            "tags_all": {
              "Name": "alb-external-sg-us-east-1"
            },
            "timeouts": null,
            "vpc_id": "vpc-09ba07caf442d2ff2"
          },
          "sensitive_attributes": [],
          "private": "eyJlMmJmYjczMC1lY2FhLTExZTYtOGY4OC0zNDM2M2JjN2M0YzAiOnsiY3JlYXRlIjo2MDAwMDAwMDAwMDAsImRlbGV0ZSI6OTAwMDAwMDAwMDAwfSwic2NoZW1hX3ZlcnNpb24iOiIxIn0=",
          "dependencies": [
            "module.networking_primary.aws_eip.nat_eip",
            "module.networking_primary.aws_internet_gateway.igw",
            "module.networking_primary.aws_nat_gateway.nat",
            "module.networking_primary.aws_route_table.private_app",
            "module.networking_primary.aws_route_table.private_db",
            "module.networking_primary.aws_route_table.public",
            "module.networking_primary.aws_route_table_association.private_app",
            "module.networking_primary.aws_route_table_association.private_db",
            "module.networking_primary.aws_route_table_association.public",
            "module.networking_primary.aws_subnet.app_subnets",
            "module.networking_primary.aws_subnet.db_subnets",
            "module.networking_primary.aws_subnet.public_subnets",
            "module.networking_primary.aws_vpc.main"
          ],
          "create_before_destroy": true
        }
      ]
    },
    {
      "module": "module.security_groups_primary",
      "mode": "managed",
      "type": "aws_security_group",
      "name": "alb_internal_sg",
      "provider": "provider[\"registry.terraform.io/hashicorp/aws\"].east1",
      "instances": [
        {
          "schema_version": 1,
          "attributes": {
            "arn": "arn:aws:ec2:us-east-1:030537971016:security-group/sg-0f9c61808b65ddfc6",
            "description": "Internal ALB SG",
            "egress": [
              {
                "cidr_blocks": [
                  "0.0.0.0/0"
                ],
                "description": "",
                "from_port": 0,
                "ipv6_cidr_blocks": [],
                "prefix_list_ids": [],
                "protocol": "-1",
                "security_groups": [],
                "self": false,
                "to_port": 0
              }
            ],
            "id": "sg-0f9c61808b65ddfc6",
            "ingress": [
              {
                "cidr_blocks": [
                  "10.0.0.0/16"
                ],
                "description": "",
                "from_port": 80,
                "ipv6_cidr_blocks": [],
                "prefix_list_ids": [],
                "protocol": "tcp",
                "security_groups": [],
                "self": false,
                "to_port": 80
              }
            ],
            "name": "alb-internal-sg-us-east-1",
            "name_prefix": "",
            "owner_id": "030537971016",
            "revoke_rules_on_delete": false,
            "tags": {
              "Name": "alb-internal-sg-us-east-1"
            },
            "tags_all": {
              "Name": "alb-internal-sg-us-east-1"
            },
            "timeouts": null,
            "vpc_id": "vpc-09ba07caf442d2ff2"
          },
          "sensitive_attributes": [],
          "private": "eyJlMmJmYjczMC1lY2FhLTExZTYtOGY4OC0zNDM2M2JjN2M0YzAiOnsiY3JlYXRlIjo2MDAwMDAwMDAwMDAsImRlbGV0ZSI6OTAwMDAwMDAwMDAwfSwic2NoZW1hX3ZlcnNpb24iOiIxIn0=",
          "dependencies": [
            "module.networking_primary.aws_eip.nat_eip",
            "module.networking_primary.aws_internet_gateway.igw",
            "module.networking_primary.aws_nat_gateway.nat",
            "module.networking_primary.aws_route_table.private_app",
            "module.networking_primary.aws_route_table.private_db",
            "module.networking_primary.aws_route_table.public",
            "module.networking_primary.aws_route_table_association.private_app",
            "module.networking_primary.aws_route_table_association.private_db",
            "module.networking_primary.aws_route_table_association.public",
            "module.networking_primary.aws_subnet.app_subnets",
            "module.networking_primary.aws_subnet.db_subnets",
            "module.networking_primary.aws_subnet.public_subnets",
            "module.networking_primary.aws_vpc.main"
          ],
          "create_before_destroy": true
        }
      ]
    },
    {
      "module": "module.security_groups_primary",
      "mode": "managed",
      "type": "aws_security_group",
      "name": "app_sg",
      "provider": "provider[\"registry.terraform.io/hashicorp/aws\"].east1",
      "instances": [
        {
          "schema_version": 1,
          "attributes": {
            "arn": "arn:aws:ec2:us-east-1:030537971016:security-group/sg-03b37c4d8b855bd57",
            "description": "App Tier SG",
            "egress": [
              {
                "cidr_blocks": [
                  "0.0.0.0/0"
                ],
                "description": "",
                "from_port": 0,
                "ipv6_cidr_blocks": [],
                "prefix_list_ids": [],
                "protocol": "-1",
                "security_groups": [],
                "self": false,
                "to_port": 0
              }
            ],
            "id": "sg-03b37c4d8b855bd57",
            "ingress": [
              {
                "cidr_blocks": [],
                "description": "",
                "from_port": 8080,
                "ipv6_cidr_blocks": [],
                "prefix_list_ids": [],
                "protocol": "tcp",
                "security_groups": [
                  "sg-05a0a33635f10fe82"
                ],
                "self": false,
                "to_port": 8080
              }
            ],
            "name": "app-sg-us-east-1",
            "name_prefix": "",
            "owner_id": "030537971016",
            "revoke_rules_on_delete": false,
            "tags": {
              "Name": "app-sg-us-east-1"
            },
            "tags_all": {
              "Name": "app-sg-us-east-1"
            },
            "timeouts": null,
            "vpc_id": "vpc-09ba07caf442d2ff2"
          },
          "sensitive_attributes": [],
          "private": "eyJlMmJmYjczMC1lY2FhLTExZTYtOGY4OC0zNDM2M2JjN2M0YzAiOnsiY3JlYXRlIjo2MDAwMDAwMDAwMDAsImRlbGV0ZSI6OTAwMDAwMDAwMDAwfSwic2NoZW1hX3ZlcnNpb24iOiIxIn0=",
          "dependencies": [
            "module.networking_primary.aws_eip.nat_eip",
            "module.networking_primary.aws_internet_gateway.igw",
            "module.networking_primary.aws_nat_gateway.nat",
            "module.networking_primary.aws_route_table.private_app",
            "module.networking_primary.aws_route_table.private_db",
            "module.networking_primary.aws_route_table.public",
            "module.networking_primary.aws_route_table_association.private_app",
            "module.networking_primary.aws_route_table_association.private_db",
            "module.networking_primary.aws_route_table_association.public",
            "module.networking_primary.aws_subnet.app_subnets",
            "module.networking_primary.aws_subnet.db_subnets",
            "module.networking_primary.aws_subnet.public_subnets",
            "module.networking_primary.aws_vpc.main",
            "module.security_groups_primary.aws_security_group.alb_external_sg",
            "module.security_groups_primary.aws_security_group.web_sg"
          ],
          "create_before_destroy": true
        }
      ]
    },
    {
      "module": "module.security_groups_primary",
      "mode": "managed",
      "type": "aws_security_group",
      "name": "db_sg",
      "provider": "provider[\"registry.terraform.io/hashicorp/aws\"].east1",
      "instances": [
        {
          "schema_version": 1,
          "attributes": {
            "arn": "arn:aws:ec2:us-east-1:030537971016:security-group/sg-0bd872370d2932c24",
            "description": "DB Tier SG",
            "egress": [
              {
                "cidr_blocks": [
                  "0.0.0.0/0"
                ],
                "description": "",
                "from_port": 0,
                "ipv6_cidr_blocks": [],
                "prefix_list_ids": [],
                "protocol": "-1",
                "security_groups": [],
                "self": false,
                "to_port": 0
              }
            ],
            "id": "sg-0bd872370d2932c24",
            "ingress": [
              {
                "cidr_blocks": [],
                "description": "",
                "from_port": 3306,
                "ipv6_cidr_blocks": [],
                "prefix_list_ids": [],
                "protocol": "tcp",
                "security_groups": [
                  "sg-03b37c4d8b855bd57"
                ],
                "self": false,
                "to_port": 3306
              }
            ],
            "name": "db-sg-us-east-1",
            "name_prefix": "",
            "owner_id": "030537971016",
            "revoke_rules_on_delete": false,
            "tags": {
              "Name": "db-sg-us-east-1"
            },
            "tags_all": {
              "Name": "db-sg-us-east-1"
            },
            "timeouts": null,
            "vpc_id": "vpc-09ba07caf442d2ff2"
          },
          "sensitive_attributes": [],
          "private": "eyJlMmJmYjczMC1lY2FhLTExZTYtOGY4OC0zNDM2M2JjN2M0YzAiOnsiY3JlYXRlIjo2MDAwMDAwMDAwMDAsImRlbGV0ZSI6OTAwMDAwMDAwMDAwfSwic2NoZW1hX3ZlcnNpb24iOiIxIn0=",
          "dependencies": [
            "module.networking_primary.aws_eip.nat_eip",
            "module.networking_primary.aws_internet_gateway.igw",
            "module.networking_primary.aws_nat_gateway.nat",
            "module.networking_primary.aws_route_table.private_app",
            "module.networking_primary.aws_route_table.private_db",
            "module.networking_primary.aws_route_table.public",
            "module.networking_primary.aws_route_table_association.private_app",
            "module.networking_primary.aws_route_table_association.private_db",
            "module.networking_primary.aws_route_table_association.public",
            "module.networking_primary.aws_subnet.app_subnets",
            "module.networking_primary.aws_subnet.db_subnets",
            "module.networking_primary.aws_subnet.public_subnets",
            "module.networking_primary.aws_vpc.main",
            "module.security_groups_primary.aws_security_group.alb_external_sg",
            "module.security_groups_primary.aws_security_group.app_sg",
            "module.security_groups_primary.aws_security_group.web_sg"
          ],
          "create_before_destroy": true
        }
      ]
    },
    {
      "module": "module.security_groups_primary",
      "mode": "managed",
      "type": "aws_security_group",
      "name": "web_sg",
      "provider": "provider[\"registry.terraform.io/hashicorp/aws\"].east1",
      "instances": [
        {
          "schema_version": 1,
          "attributes": {
            "arn": "arn:aws:ec2:us-east-1:030537971016:security-group/sg-05a0a33635f10fe82",
            "description": "Web Tier SG",
            "egress": [
              {
                "cidr_blocks": [
                  "0.0.0.0/0"
                ],
                "description": "",
                "from_port": 0,
                "ipv6_cidr_blocks": [],
                "prefix_list_ids": [],
                "protocol": "-1",
                "security_groups": [],
                "self": false,
                "to_port": 0
              }
            ],
            "id": "sg-05a0a33635f10fe82",
            "ingress": [
              {
                "cidr_blocks": [],
                "description": "",
                "from_port": 443,
                "ipv6_cidr_blocks": [],
                "prefix_list_ids": [],
                "protocol": "tcp",
                "security_groups": [
                  "sg-0313b51e24986ed56"
                ],
                "self": false,
                "to_port": 443
              },
              {
                "cidr_blocks": [],
                "description": "",
                "from_port": 80,
                "ipv6_cidr_blocks": [],
                "prefix_list_ids": [],
                "protocol": "tcp",
                "security_groups": [
                  "sg-0313b51e24986ed56"
                ],
                "self": false,
                "to_port": 80
              }
            ],
            "name": "web-sg-us-east-1",
            "name_prefix": "",
            "owner_id": "030537971016",
            "revoke_rules_on_delete": false,
            "tags": {
              "Name": "web-sg-us-east-1"
            },
            "tags_all": {
              "Name": "web-sg-us-east-1"
            },
            "timeouts": null,
            "vpc_id": "vpc-09ba07caf442d2ff2"
          },
          "sensitive_attributes": [],
          "private": "eyJlMmJmYjczMC1lY2FhLTExZTYtOGY4OC0zNDM2M2JjN2M0YzAiOnsiY3JlYXRlIjo2MDAwMDAwMDAwMDAsImRlbGV0ZSI6OTAwMDAwMDAwMDAwfSwic2NoZW1hX3ZlcnNpb24iOiIxIn0=",
          "dependencies": [
            "module.networking_primary.aws_eip.nat_eip",
            "module.networking_primary.aws_internet_gateway.igw",
            "module.networking_primary.aws_nat_gateway.nat",
            "module.networking_primary.aws_route_table.private_app",
            "module.networking_primary.aws_route_table.private_db",
            "module.networking_primary.aws_route_table.public",
            "module.networking_primary.aws_route_table_association.private_app",
            "module.networking_primary.aws_route_table_association.private_db",
            "module.networking_primary.aws_route_table_association.public",
            "module.networking_primary.aws_subnet.app_subnets",
            "module.networking_primary.aws_subnet.db_subnets",
            "module.networking_primary.aws_subnet.public_subnets",
            "module.networking_primary.aws_vpc.main",
            "module.security_groups_primary.aws_security_group.alb_external_sg"
          ],
          "create_before_destroy": true
        }
      ]
    },
    {
      "module": "module.security_groups_secondary",
      "mode": "managed",
      "type": "aws_security_group",
      "name": "alb_external_sg",
      "provider": "provider[\"registry.terraform.io/hashicorp/aws\"].east2",
      "instances": [
        {
          "schema_version": 1,
          "attributes": {
            "arn": "arn:aws:ec2:us-east-2:030537971016:security-group/sg-051c9f655421aaa13",
            "description": "External ALB SG",
            "egress": [
              {
                "cidr_blocks": [
                  "0.0.0.0/0"
                ],
                "description": "",
                "from_port": 0,
                "ipv6_cidr_blocks": [],
                "prefix_list_ids": [],
                "protocol": "-1",
                "security_groups": [],
                "self": false,
                "to_port": 0
              }
            ],
            "id": "sg-051c9f655421aaa13",
            "ingress": [
              {
                "cidr_blocks": [
                  "0.0.0.0/0"
                ],
                "description": "",
                "from_port": 443,
                "ipv6_cidr_blocks": [],
                "prefix_list_ids": [],
                "protocol": "tcp",
                "security_groups": [],
                "self": false,
                "to_port": 443
              },
              {
                "cidr_blocks": [
                  "0.0.0.0/0"
                ],
                "description": "",
                "from_port": 80,
                "ipv6_cidr_blocks": [],
                "prefix_list_ids": [],
                "protocol": "tcp",
                "security_groups": [],
                "self": false,
                "to_port": 80
              }
            ],
            "name": "alb-external-sg-us-east-2",
            "name_prefix": "",
            "owner_id": "030537971016",
            "revoke_rules_on_delete": false,
            "tags": {
              "Name": "alb-external-sg-us-east-2"
            },
            "tags_all": {
              "Name": "alb-external-sg-us-east-2"
            },
            "timeouts": null,
            "vpc_id": "vpc-0f681b4aebd0f5b73"
          },
          "sensitive_attributes": [],
          "private": "eyJlMmJmYjczMC1lY2FhLTExZTYtOGY4OC0zNDM2M2JjN2M0YzAiOnsiY3JlYXRlIjo2MDAwMDAwMDAwMDAsImRlbGV0ZSI6OTAwMDAwMDAwMDAwfSwic2NoZW1hX3ZlcnNpb24iOiIxIn0=",
          "dependencies": [
            "module.networking_secondary.aws_eip.nat_eip",
            "module.networking_secondary.aws_internet_gateway.igw",
            "module.networking_secondary.aws_nat_gateway.nat",
            "module.networking_secondary.aws_route_table.private_app",
            "module.networking_secondary.aws_route_table.private_db",
            "module.networking_secondary.aws_route_table.public",
            "module.networking_secondary.aws_route_table_association.private_app",
            "module.networking_secondary.aws_route_table_association.private_db",
            "module.networking_secondary.aws_route_table_association.public",
            "module.networking_secondary.aws_subnet.app_subnets",
            "module.networking_secondary.aws_subnet.db_subnets",
            "module.networking_secondary.aws_subnet.public_subnets",
            "module.networking_secondary.aws_vpc.main"
          ],
          "create_before_destroy": true
        }
      ]
    },
    {
      "module": "module.security_groups_secondary",
      "mode": "managed",
      "type": "aws_security_group",
      "name": "alb_internal_sg",
      "provider": "provider[\"registry.terraform.io/hashicorp/aws\"].east2",
      "instances": [
        {
          "schema_version": 1,
          "attributes": {
            "arn": "arn:aws:ec2:us-east-2:030537971016:security-group/sg-0cdb27e607e03db68",
            "description": "Internal ALB SG",
            "egress": [
              {
                "cidr_blocks": [
                  "0.0.0.0/0"
                ],
                "description": "",
                "from_port": 0,
                "ipv6_cidr_blocks": [],
                "prefix_list_ids": [],
                "protocol": "-1",
                "security_groups": [],
                "self": false,
                "to_port": 0
              }
            ],
            "id": "sg-0cdb27e607e03db68",
            "ingress": [
              {
                "cidr_blocks": [
                  "10.1.0.0/16"
                ],
                "description": "",
                "from_port": 80,
                "ipv6_cidr_blocks": [],
                "prefix_list_ids": [],
                "protocol": "tcp",
                "security_groups": [],
                "self": false,
                "to_port": 80
              }
            ],
            "name": "alb-internal-sg-us-east-2",
            "name_prefix": "",
            "owner_id": "030537971016",
            "revoke_rules_on_delete": false,
            "tags": {
              "Name": "alb-internal-sg-us-east-2"
            },
            "tags_all": {
              "Name": "alb-internal-sg-us-east-2"
            },
            "timeouts": null,
            "vpc_id": "vpc-0f681b4aebd0f5b73"
          },
          "sensitive_attributes": [],
          "private": "eyJlMmJmYjczMC1lY2FhLTExZTYtOGY4OC0zNDM2M2JjN2M0YzAiOnsiY3JlYXRlIjo2MDAwMDAwMDAwMDAsImRlbGV0ZSI6OTAwMDAwMDAwMDAwfSwic2NoZW1hX3ZlcnNpb24iOiIxIn0=",
          "dependencies": [
            "module.networking_secondary.aws_eip.nat_eip",
            "module.networking_secondary.aws_internet_gateway.igw",
            "module.networking_secondary.aws_nat_gateway.nat",
            "module.networking_secondary.aws_route_table.private_app",
            "module.networking_secondary.aws_route_table.private_db",
            "module.networking_secondary.aws_route_table.public",
            "module.networking_secondary.aws_route_table_association.private_app",
            "module.networking_secondary.aws_route_table_association.private_db",
            "module.networking_secondary.aws_route_table_association.public",
            "module.networking_secondary.aws_subnet.app_subnets",
            "module.networking_secondary.aws_subnet.db_subnets",
            "module.networking_secondary.aws_subnet.public_subnets",
            "module.networking_secondary.aws_vpc.main"
          ],
          "create_before_destroy": true
        }
      ]
    },
    {
      "module": "module.security_groups_secondary",
      "mode": "managed",
      "type": "aws_security_group",
      "name": "app_sg",
      "provider": "provider[\"registry.terraform.io/hashicorp/aws\"].east2",
      "instances": [
        {
          "schema_version": 1,
          "attributes": {
            "arn": "arn:aws:ec2:us-east-2:030537971016:security-group/sg-0d72280cb940e3c15",
            "description": "App Tier SG",
            "egress": [
              {
                "cidr_blocks": [
                  "0.0.0.0/0"
                ],
                "description": "",
                "from_port": 0,
                "ipv6_cidr_blocks": [],
                "prefix_list_ids": [],
                "protocol": "-1",
                "security_groups": [],
                "self": false,
                "to_port": 0
              }
            ],
            "id": "sg-0d72280cb940e3c15",
            "ingress": [
              {
                "cidr_blocks": [],
                "description": "",
                "from_port": 8080,
                "ipv6_cidr_blocks": [],
                "prefix_list_ids": [],
                "protocol": "tcp",
                "security_groups": [
                  "sg-01ea041ff9b814336"
                ],
                "self": false,
                "to_port": 8080
              }
            ],
            "name": "app-sg-us-east-2",
            "name_prefix": "",
            "owner_id": "030537971016",
            "revoke_rules_on_delete": false,
            "tags": {
              "Name": "app-sg-us-east-2"
            },
            "tags_all": {
              "Name": "app-sg-us-east-2"
            },
            "timeouts": null,
            "vpc_id": "vpc-0f681b4aebd0f5b73"
          },
          "sensitive_attributes": [],
          "private": "eyJlMmJmYjczMC1lY2FhLTExZTYtOGY4OC0zNDM2M2JjN2M0YzAiOnsiY3JlYXRlIjo2MDAwMDAwMDAwMDAsImRlbGV0ZSI6OTAwMDAwMDAwMDAwfSwic2NoZW1hX3ZlcnNpb24iOiIxIn0=",
          "dependencies": [
            "module.networking_secondary.aws_eip.nat_eip",
            "module.networking_secondary.aws_internet_gateway.igw",
            "module.networking_secondary.aws_nat_gateway.nat",
            "module.networking_secondary.aws_route_table.private_app",
            "module.networking_secondary.aws_route_table.private_db",
            "module.networking_secondary.aws_route_table.public",
            "module.networking_secondary.aws_route_table_association.private_app",
            "module.networking_secondary.aws_route_table_association.private_db",
            "module.networking_secondary.aws_route_table_association.public",
            "module.networking_secondary.aws_subnet.app_subnets",
            "module.networking_secondary.aws_subnet.db_subnets",
            "module.networking_secondary.aws_subnet.public_subnets",
            "module.networking_secondary.aws_vpc.main",
            "module.security_groups_secondary.aws_security_group.alb_external_sg",
            "module.security_groups_secondary.aws_security_group.web_sg"
          ],
          "create_before_destroy": true
        }
      ]
    },
    {
      "module": "module.security_groups_secondary",
      "mode": "managed",
      "type": "aws_security_group",
      "name": "db_sg",
      "provider": "provider[\"registry.terraform.io/hashicorp/aws\"].east2",
      "instances": [
        {
          "schema_version": 1,
          "attributes": {
            "arn": "arn:aws:ec2:us-east-2:030537971016:security-group/sg-0cbfaad5f6e6a9510",
            "description": "DB Tier SG",
            "egress": [
              {
                "cidr_blocks": [
                  "0.0.0.0/0"
                ],
                "description": "",
                "from_port": 0,
                "ipv6_cidr_blocks": [],
                "prefix_list_ids": [],
                "protocol": "-1",
                "security_groups": [],
                "self": false,
                "to_port": 0
              }
            ],
            "id": "sg-0cbfaad5f6e6a9510",
            "ingress": [
              {
                "cidr_blocks": [],
                "description": "",
                "from_port": 3306,
                "ipv6_cidr_blocks": [],
                "prefix_list_ids": [],
                "protocol": "tcp",
                "security_groups": [
                  "sg-0d72280cb940e3c15"
                ],
                "self": false,
                "to_port": 3306
              }
            ],
            "name": "db-sg-us-east-2",
            "name_prefix": "",
            "owner_id": "030537971016",
            "revoke_rules_on_delete": false,
            "tags": {
              "Name": "db-sg-us-east-2"
            },
            "tags_all": {
              "Name": "db-sg-us-east-2"
            },
            "timeouts": null,
            "vpc_id": "vpc-0f681b4aebd0f5b73"
          },
          "sensitive_attributes": [],
          "private": "eyJlMmJmYjczMC1lY2FhLTExZTYtOGY4OC0zNDM2M2JjN2M0YzAiOnsiY3JlYXRlIjo2MDAwMDAwMDAwMDAsImRlbGV0ZSI6OTAwMDAwMDAwMDAwfSwic2NoZW1hX3ZlcnNpb24iOiIxIn0=",
          "dependencies": [
            "module.networking_secondary.aws_eip.nat_eip",
            "module.networking_secondary.aws_internet_gateway.igw",
            "module.networking_secondary.aws_nat_gateway.nat",
            "module.networking_secondary.aws_route_table.private_app",
            "module.networking_secondary.aws_route_table.private_db",
            "module.networking_secondary.aws_route_table.public",
            "module.networking_secondary.aws_route_table_association.private_app",
            "module.networking_secondary.aws_route_table_association.private_db",
            "module.networking_secondary.aws_route_table_association.public",
            "module.networking_secondary.aws_subnet.app_subnets",
            "module.networking_secondary.aws_subnet.db_subnets",
            "module.networking_secondary.aws_subnet.public_subnets",
            "module.networking_secondary.aws_vpc.main",
            "module.security_groups_secondary.aws_security_group.alb_external_sg",
            "module.security_groups_secondary.aws_security_group.app_sg",
            "module.security_groups_secondary.aws_security_group.web_sg"
          ],
          "create_before_destroy": true
        }
      ]
    },
    {
      "module": "module.security_groups_secondary",
      "mode": "managed",
      "type": "aws_security_group",
      "name": "web_sg",
      "provider": "provider[\"registry.terraform.io/hashicorp/aws\"].east2",
      "instances": [
        {
          "schema_version": 1,
          "attributes": {
            "arn": "arn:aws:ec2:us-east-2:030537971016:security-group/sg-01ea041ff9b814336",
            "description": "Web Tier SG",
            "egress": [
              {
                "cidr_blocks": [
                  "0.0.0.0/0"
                ],
                "description": "",
                "from_port": 0,
                "ipv6_cidr_blocks": [],
                "prefix_list_ids": [],
                "protocol": "-1",
                "security_groups": [],
                "self": false,
                "to_port": 0
              }
            ],
            "id": "sg-01ea041ff9b814336",
            "ingress": [
              {
                "cidr_blocks": [],
                "description": "",
                "from_port": 443,
                "ipv6_cidr_blocks": [],
                "prefix_list_ids": [],
                "protocol": "tcp",
                "security_groups": [
                  "sg-051c9f655421aaa13"
                ],
                "self": false,
                "to_port": 443
              },
              {
                "cidr_blocks": [],
                "description": "",
                "from_port": 80,
                "ipv6_cidr_blocks": [],
                "prefix_list_ids": [],
                "protocol": "tcp",
                "security_groups": [
                  "sg-051c9f655421aaa13"
                ],
                "self": false,
                "to_port": 80
              }
            ],
            "name": "web-sg-us-east-2",
            "name_prefix": "",
            "owner_id": "030537971016",
            "revoke_rules_on_delete": false,
            "tags": {
              "Name": "web-sg-us-east-2"
            },
            "tags_all": {
              "Name": "web-sg-us-east-2"
            },
            "timeouts": null,
            "vpc_id": "vpc-0f681b4aebd0f5b73"
          },
          "sensitive_attributes": [],
          "private": "eyJlMmJmYjczMC1lY2FhLTExZTYtOGY4OC0zNDM2M2JjN2M0YzAiOnsiY3JlYXRlIjo2MDAwMDAwMDAwMDAsImRlbGV0ZSI6OTAwMDAwMDAwMDAwfSwic2NoZW1hX3ZlcnNpb24iOiIxIn0=",
          "dependencies": [
            "module.networking_secondary.aws_eip.nat_eip",
            "module.networking_secondary.aws_internet_gateway.igw",
            "module.networking_secondary.aws_nat_gateway.nat",
            "module.networking_secondary.aws_route_table.private_app",
            "module.networking_secondary.aws_route_table.private_db",
            "module.networking_secondary.aws_route_table.public",
            "module.networking_secondary.aws_route_table_association.private_app",
            "module.networking_secondary.aws_route_table_association.private_db",
            "module.networking_secondary.aws_route_table_association.public",
            "module.networking_secondary.aws_subnet.app_subnets",
            "module.networking_secondary.aws_subnet.db_subnets",
            "module.networking_secondary.aws_subnet.public_subnets",
            "module.networking_secondary.aws_vpc.main",
            "module.security_groups_secondary.aws_security_group.alb_external_sg"
          ],
          "create_before_destroy": true
        }
      ]
    },
    {
      "module": "module.web_alb_asg_primary",
      "mode": "managed",
      "type": "aws_autoscaling_group",
      "name": "this",
      "provider": "provider[\"registry.terraform.io/hashicorp/aws\"].east1",
      "instances": [
        {
          "schema_version": 1,
          "attributes": {
            "arn": "arn:aws:autoscaling:us-east-1:030537971016:autoScalingGroup:d670e618-0200-4164-bcb3-0c2bb1899705:autoScalingGroupName/asg-web-e1",
            "availability_zone_distribution": [
              {
                "capacity_distribution_strategy": "balanced-best-effort"
              }
            ],
            "availability_zones": [
              "us-east-1a",
              "us-east-1b"
            ],
            "capacity_rebalance": false,
            "capacity_reservation_specification": [
              {
                "capacity_reservation_preference": "default",
                "capacity_reservation_target": []
              }
            ],
            "context": "",
            "default_cooldown": 300,
            "default_instance_warmup": 0,
            "desired_capacity": 2,
            "desired_capacity_type": "",
            "enabled_metrics": null,
            "force_delete": false,
            "force_delete_warm_pool": false,
            "health_check_grace_period": 300,
            "health_check_type": "EC2",
            "id": "asg-web-e1",
            "ignore_failed_scaling_activities": false,
            "initial_lifecycle_hook": [],
            "instance_maintenance_policy": [],
            "instance_refresh": [],
            "launch_configuration": "",
            "launch_template": [
              {
                "id": "lt-080985bad56eae9b3",
                "name": "lt-web-e1-20250710220504213600000001",
                "version": "$Latest"
              }
            ],
            "load_balancers": [],
            "max_instance_lifetime": 0,
            "max_size": 3,
            "metrics_granularity": "1Minute",
            "min_elb_capacity": null,
            "min_size": 1,
            "mixed_instances_policy": [],
            "name": "asg-web-e1",
            "name_prefix": "",
            "placement_group": "",
            "predicted_capacity": 0,
            "protect_from_scale_in": false,
            "service_linked_role_arn": "arn:aws:iam::030537971016:role/aws-service-role/autoscaling.amazonaws.com/AWSServiceRoleForAutoScaling",
            "suspended_processes": null,
            "tag": [
              {
                "key": "Name",
                "propagate_at_launch": true,
                "value": "asg-web-e1"
              }
            ],
            "target_group_arns": [
              "arn:aws:elasticloadbalancing:us-east-1:030537971016:targetgroup/tg-web-e1-b8d08b05/4e8b95d7666328c3"
            ],
            "termination_policies": null,
            "timeouts": null,
            "traffic_source": [
              {
                "identifier": "arn:aws:elasticloadbalancing:us-east-1:030537971016:targetgroup/tg-web-e1-b8d08b05/4e8b95d7666328c3",
                "type": "elbv2"
              }
            ],
            "vpc_zone_identifier": [
              "subnet-00967f0c2d74a52a6",
              "subnet-059aeec3abede6c9a",
              "subnet-0a9f2656a0e3f309c",
              "subnet-0cf57c5039aaf748f"
            ],
            "wait_for_capacity_timeout": "10m",
            "wait_for_elb_capacity": null,
            "warm_pool": [],
            "warm_pool_size": 0
          },
          "sensitive_attributes": [],
          "private": "eyJlMmJmYjczMC1lY2FhLTExZTYtOGY4OC0zNDM2M2JjN2M0YzAiOnsiZGVsZXRlIjo2MDAwMDAwMDAwMDAsInVwZGF0ZSI6NjAwMDAwMDAwMDAwfSwic2NoZW1hX3ZlcnNpb24iOiIxIn0=",
          "dependencies": [
            "module.networking_primary.aws_eip.nat_eip",
            "module.networking_primary.aws_internet_gateway.igw",
            "module.networking_primary.aws_nat_gateway.nat",
            "module.networking_primary.aws_route_table.private_app",
            "module.networking_primary.aws_route_table.private_db",
            "module.networking_primary.aws_route_table.public",
            "module.networking_primary.aws_route_table_association.private_app",
            "module.networking_primary.aws_route_table_association.private_db",
            "module.networking_primary.aws_route_table_association.public",
            "module.networking_primary.aws_subnet.app_subnets",
            "module.networking_primary.aws_subnet.db_subnets",
            "module.networking_primary.aws_subnet.public_subnets",
            "module.networking_primary.aws_vpc.main",
            "module.security_groups_primary.aws_security_group.alb_external_sg",
            "module.security_groups_primary.aws_security_group.alb_internal_sg",
            "module.security_groups_primary.aws_security_group.app_sg",
            "module.security_groups_primary.aws_security_group.db_sg",
            "module.security_groups_primary.aws_security_group.web_sg",
            "module.web_alb_asg_primary.aws_launch_template.this",
            "module.web_alb_asg_primary.aws_lb_target_group.this",
            "module.web_alb_asg_primary.random_id.suffix"
          ],
          "create_before_destroy": true
        }
      ]
    },
    {
      "module": "module.web_alb_asg_primary",
      "mode": "managed",
      "type": "aws_launch_template",
      "name": "this",
      "provider": "provider[\"registry.terraform.io/hashicorp/aws\"].east1",
      "instances": [
        {
          "schema_version": 0,
          "attributes": {
            "arn": "arn:aws:ec2:us-east-1:030537971016:launch-template/lt-080985bad56eae9b3",
            "block_device_mappings": [],
            "capacity_reservation_specification": [],
            "cpu_options": [],
            "credit_specification": [],
            "default_version": 1,
            "description": "",
            "disable_api_stop": false,
            "disable_api_termination": false,
            "ebs_optimized": "",
            "elastic_gpu_specifications": [],
            "elastic_inference_accelerator": [],
            "enclave_options": [],
            "hibernation_options": [],
            "iam_instance_profile": [],
            "id": "lt-080985bad56eae9b3",
            "image_id": "ami-05ffe3c48a9991133",
            "instance_initiated_shutdown_behavior": "",
            "instance_market_options": [],
            "instance_requirements": [],
            "instance_type": "t3.micro",
            "kernel_id": "",
            "key_name": "",
            "latest_version": 1,
            "license_specification": [],
            "maintenance_options": [],
            "metadata_options": [],
            "monitoring": [],
            "name": "lt-web-e1-20250710220504213600000001",
            "name_prefix": "lt-web-e1-",
            "network_interfaces": [],
            "placement": [],
            "private_dns_name_options": [],
            "ram_disk_id": "",
            "security_group_names": [],
            "tag_specifications": [
              {
                "resource_type": "instance",
                "tags": {
                  "Name": "web-e1-instance"
                }
              }
            ],
            "tags": {},
            "tags_all": {},
            "update_default_version": null,
            "user_data": "IyEvYmluL2Jhc2gKeXVtIHVwZGF0ZSAteQp5dW0gaW5zdGFsbCAteSBodHRwZAoKIyBTdGFydCBhbmQgZW5hYmxlIEFwYWNoZQpzeXN0ZW1jdGwgc3RhcnQgaHR0cGQKc3lzdGVtY3RsIGVuYWJsZSBodHRwZAoKIyBDcmVhdGUgSFRNTCBmaWxlCmNhdCA8PEVPRiA+IC92YXIvd3d3L2h0bWwvaW5kZXguaHRtbAo8IURPQ1RZUEUgaHRtbD4KPGh0bWwgbGFuZz0iZW4iPgo8aGVhZD4KICA8bWV0YSBjaGFyc2V0PSJVVEYtOCIgLz4KICA8bWV0YSBuYW1lPSJ2aWV3cG9ydCIgY29udGVudD0id2lkdGg9ZGV2aWNlLXdpZHRoLCBpbml0aWFsLXNjYWxlPTEuMCIvPgogIDx0aXRsZT5JbWFnZSBVcGxvYWQgJiBEYXRhIEZvcm08L3RpdGxlPgogIDxzdHlsZT4KICAgIGJvZHkgewogICAgICBmb250LWZhbWlseTogQXJpYWwsIHNhbnMtc2VyaWY7CiAgICAgIGJhY2tncm91bmQtY29sb3I6ICNmNGY3Zjk7CiAgICAgIG1hcmdpbjogMDsKICAgICAgcGFkZGluZzogNDBweDsKICAgIH0KICAgIGgxIHsKICAgICAgdGV4dC1hbGlnbjogY2VudGVyOwogICAgICBjb2xvcjogIzMzMzsKICAgIH0KICAgIC5jb250YWluZXIgewogICAgICBtYXgtd2lkdGg6IDUwMHB4OwogICAgICBtYXJnaW46IGF1dG87CiAgICAgIGJhY2tncm91bmQ6ICNmZmY7CiAgICAgIHBhZGRpbmc6IDIwcHg7CiAgICAgIGJvcmRlci1yYWRpdXM6IDEwcHg7CiAgICAgIGJveC1zaGFkb3c6IDAgMCAxMHB4IHJnYmEoMCwwLDAsMC4xKTsKICAgIH0KICAgIGlucHV0W3R5cGU9InRleHQiXSwgaW5wdXRbdHlwZT0iZW1haWwiXSwgaW5wdXRbdHlwZT0iZmlsZSJdIHsKICAgICAgd2lkdGg6IDEwMCU7CiAgICAgIHBhZGRpbmc6IDEycHg7CiAgICAgIG1hcmdpbjogOHB4IDAgMjBweDsKICAgICAgYm9yZGVyOiAxcHggc29saWQgI2NjYzsKICAgICAgYm9yZGVyLXJhZGl1czogNHB4OwogICAgfQogICAgYnV0dG9uIHsKICAgICAgd2lkdGg6IDEwMCU7CiAgICAgIGJhY2tncm91bmQtY29sb3I6ICM0Q0FGNTA7CiAgICAgIGNvbG9yOiB3aGl0ZTsKICAgICAgcGFkZGluZzogMTRweDsKICAgICAgYm9yZGVyOiBub25lOwogICAgICBib3JkZXItcmFkaXVzOiA0cHg7CiAgICAgIGN1cnNvcjogcG9pbnRlcjsKICAgIH0KICAgIGJ1dHRvbjpob3ZlciB7CiAgICAgIGJhY2tncm91bmQtY29sb3I6ICM0NWEwNDk7CiAgICB9CiAgICBsYWJlbCB7CiAgICAgIGZvbnQtd2VpZ2h0OiBib2xkOwogICAgfQogIDwvc3R5bGU+CjwvaGVhZD4KPGJvZHk+CiAgPGgxPlVwbG9hZCBJbWFnZSAmIFNhdmUgVXNlcjwvaDE+CiAgPGRpdiBjbGFzcz0iY29udGFpbmVyIj4KICAgIDxmb3JtIGlkPSJ1cGxvYWRGb3JtIiBtZXRob2Q9IlBPU1QiIGVuY3R5cGU9Im11bHRpcGFydC9mb3JtLWRhdGEiIGFjdGlvbj0iL3VwbG9hZCI+CiAgICAgIDxsYWJlbCBmb3I9Im5hbWUiPk5hbWU6PC9sYWJlbD4KICAgICAgPGlucHV0IHR5cGU9InRleHQiIGlkPSJuYW1lIiBuYW1lPSJuYW1lIiByZXF1aXJlZCAvPgoKICAgICAgPGxhYmVsIGZvcj0iZW1haWwiPkVtYWlsOjwvbGFiZWw+CiAgICAgIDxpbnB1dCB0eXBlPSJlbWFpbCIgaWQ9ImVtYWlsIiBuYW1lPSJlbWFpbCIgcmVxdWlyZWQgLz4KCiAgICAgIDxsYWJlbCBmb3I9ImltYWdlIj5VcGxvYWQgSW1hZ2U6PC9sYWJlbD4KICAgICAgPGlucHV0IHR5cGU9ImZpbGUiIGlkPSJpbWFnZSIgbmFtZT0iaW1hZ2UiIGFjY2VwdD0iaW1hZ2UvKiIgcmVxdWlyZWQgLz4KCiAgICAgIDxidXR0b24gdHlwZT0ic3VibWl0Ij5TdWJtaXQ8L2J1dHRvbj4KICAgIDwvZm9ybT4KICA8L2Rpdj4KPC9ib2R5Pgo8L2h0bWw+CkVPRgo=",
            "vpc_security_group_ids": [
              "sg-05a0a33635f10fe82"
            ]
          },
          "sensitive_attributes": [],
          "private": "bnVsbA==",
          "dependencies": [
            "module.networking_primary.aws_eip.nat_eip",
            "module.networking_primary.aws_internet_gateway.igw",
            "module.networking_primary.aws_nat_gateway.nat",
            "module.networking_primary.aws_route_table.private_app",
            "module.networking_primary.aws_route_table.private_db",
            "module.networking_primary.aws_route_table.public",
            "module.networking_primary.aws_route_table_association.private_app",
            "module.networking_primary.aws_route_table_association.private_db",
            "module.networking_primary.aws_route_table_association.public",
            "module.networking_primary.aws_subnet.app_subnets",
            "module.networking_primary.aws_subnet.db_subnets",
            "module.networking_primary.aws_subnet.public_subnets",
            "module.networking_primary.aws_vpc.main",
            "module.security_groups_primary.aws_security_group.alb_external_sg",
            "module.security_groups_primary.aws_security_group.alb_internal_sg",
            "module.security_groups_primary.aws_security_group.app_sg",
            "module.security_groups_primary.aws_security_group.db_sg",
            "module.security_groups_primary.aws_security_group.web_sg"
          ],
          "create_before_destroy": true
        }
      ]
    },
    {
      "module": "module.web_alb_asg_primary",
      "mode": "managed",
      "type": "aws_lb",
      "name": "this",
      "provider": "provider[\"registry.terraform.io/hashicorp/aws\"].east1",
      "instances": [
        {
          "schema_version": 0,
          "attributes": {
            "access_logs": [
              {
                "bucket": "",
                "enabled": false,
                "prefix": ""
              }
            ],
            "arn": "arn:aws:elasticloadbalancing:us-east-1:030537971016:loadbalancer/app/alb-web-e1/00600a3adc9a9a8e",
            "arn_suffix": "app/alb-web-e1/00600a3adc9a9a8e",
            "client_keep_alive": 3600,
            "connection_logs": [
              {
                "bucket": "",
                "enabled": false,
                "prefix": ""
              }
            ],
            "customer_owned_ipv4_pool": "",
            "desync_mitigation_mode": "defensive",
            "dns_name": "alb-web-e1-134861273.us-east-1.elb.amazonaws.com",
            "dns_record_client_routing_policy": null,
            "drop_invalid_header_fields": false,
            "enable_cross_zone_load_balancing": true,
            "enable_deletion_protection": false,
            "enable_http2": true,
            "enable_tls_version_and_cipher_suite_headers": false,
            "enable_waf_fail_open": false,
            "enable_xff_client_port": false,
            "enable_zonal_shift": false,
            "enforce_security_group_inbound_rules_on_private_link_traffic": "",
            "id": "arn:aws:elasticloadbalancing:us-east-1:030537971016:loadbalancer/app/alb-web-e1/00600a3adc9a9a8e",
            "idle_timeout": 60,
            "internal": false,
            "ip_address_type": "ipv4",
            "ipam_pools": [],
            "load_balancer_type": "application",
            "minimum_load_balancer_capacity": [],
            "name": "alb-web-e1",
            "name_prefix": "",
            "preserve_host_header": false,
            "security_groups": [
              "sg-0313b51e24986ed56"
            ],
            "subnet_mapping": [
              {
                "allocation_id": "",
                "ipv6_address": "",
                "outpost_id": "",
                "private_ipv4_address": "",
                "subnet_id": "subnet-0000ad37434d97da2"
              },
              {
                "allocation_id": "",
                "ipv6_address": "",
                "outpost_id": "",
                "private_ipv4_address": "",
                "subnet_id": "subnet-032636c768b1e584e"
              }
            ],
            "subnets": [
              "subnet-0000ad37434d97da2",
              "subnet-032636c768b1e584e"
            ],
            "tags": {
              "Name": "alb-web-e1"
            },
            "tags_all": {
              "Name": "alb-web-e1"
            },
            "timeouts": null,
            "vpc_id": "vpc-09ba07caf442d2ff2",
            "xff_header_processing_mode": "append",
            "zone_id": "Z35SXDOTRQ7X7K"
          },
          "sensitive_attributes": [],
          "private": "eyJlMmJmYjczMC1lY2FhLTExZTYtOGY4OC0zNDM2M2JjN2M0YzAiOnsiY3JlYXRlIjo2MDAwMDAwMDAwMDAsImRlbGV0ZSI6NjAwMDAwMDAwMDAwLCJ1cGRhdGUiOjYwMDAwMDAwMDAwMH19",
          "dependencies": [
            "module.networking_primary.aws_eip.nat_eip",
            "module.networking_primary.aws_internet_gateway.igw",
            "module.networking_primary.aws_nat_gateway.nat",
            "module.networking_primary.aws_route_table.private_app",
            "module.networking_primary.aws_route_table.private_db",
            "module.networking_primary.aws_route_table.public",
            "module.networking_primary.aws_route_table_association.private_app",
            "module.networking_primary.aws_route_table_association.private_db",
            "module.networking_primary.aws_route_table_association.public",
            "module.networking_primary.aws_subnet.app_subnets",
            "module.networking_primary.aws_subnet.db_subnets",
            "module.networking_primary.aws_subnet.public_subnets",
            "module.networking_primary.aws_vpc.main",
            "module.security_groups_primary.aws_security_group.alb_external_sg",
            "module.security_groups_primary.aws_security_group.alb_internal_sg",
            "module.security_groups_primary.aws_security_group.app_sg",
            "module.security_groups_primary.aws_security_group.db_sg",
            "module.security_groups_primary.aws_security_group.web_sg"
          ]
        }
      ]
    },
    {
      "module": "module.web_alb_asg_primary",
      "mode": "managed",
      "type": "aws_lb_listener",
      "name": "http",
      "provider": "provider[\"registry.terraform.io/hashicorp/aws\"].east1",
      "instances": [
        {
          "schema_version": 0,
          "attributes": {
            "alpn_policy": null,
            "arn": "arn:aws:elasticloadbalancing:us-east-1:030537971016:listener/app/alb-web-e1/00600a3adc9a9a8e/19177e7e7ac44c8a",
            "certificate_arn": null,
            "default_action": [
              {
                "authenticate_cognito": [],
                "authenticate_oidc": [],
                "fixed_response": [],
                "forward": [],
                "order": 1,
                "redirect": [],
                "target_group_arn": "arn:aws:elasticloadbalancing:us-east-1:030537971016:targetgroup/tg-web-e1-b8d08b05/4e8b95d7666328c3",
                "type": "forward"
              }
            ],
            "id": "arn:aws:elasticloadbalancing:us-east-1:030537971016:listener/app/alb-web-e1/00600a3adc9a9a8e/19177e7e7ac44c8a",
            "load_balancer_arn": "arn:aws:elasticloadbalancing:us-east-1:030537971016:loadbalancer/app/alb-web-e1/00600a3adc9a9a8e",
            "mutual_authentication": [],
            "port": 80,
            "protocol": "HTTP",
            "routing_http_request_x_amzn_mtls_clientcert_header_name": null,
            "routing_http_request_x_amzn_mtls_clientcert_issuer_header_name": null,
            "routing_http_request_x_amzn_mtls_clientcert_leaf_header_name": null,
            "routing_http_request_x_amzn_mtls_clientcert_serial_number_header_name": null,
            "routing_http_request_x_amzn_mtls_clientcert_subject_header_name": null,
            "routing_http_request_x_amzn_mtls_clientcert_validity_header_name": null,
            "routing_http_request_x_amzn_tls_cipher_suite_header_name": null,
            "routing_http_request_x_amzn_tls_version_header_name": null,
            "routing_http_response_access_control_allow_credentials_header_value": "",
            "routing_http_response_access_control_allow_headers_header_value": "",
            "routing_http_response_access_control_allow_methods_header_value": "",
            "routing_http_response_access_control_allow_origin_header_value": "",
            "routing_http_response_access_control_expose_headers_header_value": "",
            "routing_http_response_access_control_max_age_header_value": "",
            "routing_http_response_content_security_policy_header_value": "",
            "routing_http_response_server_enabled": true,
            "routing_http_response_strict_transport_security_header_value": "",
            "routing_http_response_x_content_type_options_header_value": "",
            "routing_http_response_x_frame_options_header_value": "",
            "ssl_policy": "",
            "tags": null,
            "tags_all": {},
            "tcp_idle_timeout_seconds": null,
            "timeouts": null
          },
          "sensitive_attributes": [],
          "private": "eyJlMmJmYjczMC1lY2FhLTExZTYtOGY4OC0zNDM2M2JjN2M0YzAiOnsiY3JlYXRlIjozMDAwMDAwMDAwMDAsInVwZGF0ZSI6MzAwMDAwMDAwMDAwfX0=",
          "dependencies": [
            "module.networking_primary.aws_eip.nat_eip",
            "module.networking_primary.aws_internet_gateway.igw",
            "module.networking_primary.aws_nat_gateway.nat",
            "module.networking_primary.aws_route_table.private_app",
            "module.networking_primary.aws_route_table.private_db",
            "module.networking_primary.aws_route_table.public",
            "module.networking_primary.aws_route_table_association.private_app",
            "module.networking_primary.aws_route_table_association.private_db",
            "module.networking_primary.aws_route_table_association.public",
            "module.networking_primary.aws_subnet.app_subnets",
            "module.networking_primary.aws_subnet.db_subnets",
            "module.networking_primary.aws_subnet.public_subnets",
            "module.networking_primary.aws_vpc.main",
            "module.security_groups_primary.aws_security_group.alb_external_sg",
            "module.security_groups_primary.aws_security_group.alb_internal_sg",
            "module.security_groups_primary.aws_security_group.app_sg",
            "module.security_groups_primary.aws_security_group.db_sg",
            "module.security_groups_primary.aws_security_group.web_sg",
            "module.web_alb_asg_primary.aws_lb.this",
            "module.web_alb_asg_primary.aws_lb_target_group.this",
            "module.web_alb_asg_primary.random_id.suffix"
          ]
        }
      ]
    },
    {
      "module": "module.web_alb_asg_primary",
      "mode": "managed",
      "type": "aws_lb_target_group",
      "name": "this",
      "provider": "provider[\"registry.terraform.io/hashicorp/aws\"].east1",
      "instances": [
        {
          "schema_version": 0,
          "attributes": {
            "arn": "arn:aws:elasticloadbalancing:us-east-1:030537971016:targetgroup/tg-web-e1-b8d08b05/4e8b95d7666328c3",
            "arn_suffix": "targetgroup/tg-web-e1-b8d08b05/4e8b95d7666328c3",
            "connection_termination": null,
            "deregistration_delay": "300",
            "health_check": [
              {
                "enabled": true,
                "healthy_threshold": 3,
                "interval": 30,
                "matcher": "200",
                "path": "/",
                "port": "traffic-port",
                "protocol": "HTTP",
                "timeout": 5,
                "unhealthy_threshold": 2
              }
            ],
            "id": "arn:aws:elasticloadbalancing:us-east-1:030537971016:targetgroup/tg-web-e1-b8d08b05/4e8b95d7666328c3",
            "ip_address_type": "ipv4",
            "lambda_multi_value_headers_enabled": false,
            "load_balancer_arns": [],
            "load_balancing_algorithm_type": "round_robin",
            "load_balancing_anomaly_mitigation": "off",
            "load_balancing_cross_zone_enabled": "use_load_balancer_configuration",
            "name": "tg-web-e1-b8d08b05",
            "name_prefix": "",
            "port": 80,
            "preserve_client_ip": null,
            "protocol": "HTTP",
            "protocol_version": "HTTP1",
            "proxy_protocol_v2": false,
            "slow_start": 0,
            "stickiness": [
              {
                "cookie_duration": 86400,
                "cookie_name": "",
                "enabled": false,
                "type": "lb_cookie"
              }
            ],
            "tags": {
              "Name": "tg-web-e1"
            },
            "tags_all": {
              "Name": "tg-web-e1"
            },
            "target_failover": [
              {
                "on_deregistration": null,
                "on_unhealthy": null
              }
            ],
            "target_group_health": [
              {
                "dns_failover": [
                  {
                    "minimum_healthy_targets_count": "1",
                    "minimum_healthy_targets_percentage": "off"
                  }
                ],
                "unhealthy_state_routing": [
                  {
                    "minimum_healthy_targets_count": 1,
                    "minimum_healthy_targets_percentage": "off"
                  }
                ]
              }
            ],
            "target_health_state": [
              {
                "enable_unhealthy_connection_termination": null,
                "unhealthy_draining_interval": null
              }
            ],
            "target_type": "instance",
            "vpc_id": "vpc-09ba07caf442d2ff2"
          },
          "sensitive_attributes": [],
          "private": "bnVsbA==",
          "dependencies": [
            "module.networking_primary.aws_eip.nat_eip",
            "module.networking_primary.aws_internet_gateway.igw",
            "module.networking_primary.aws_nat_gateway.nat",
            "module.networking_primary.aws_route_table.private_app",
            "module.networking_primary.aws_route_table.private_db",
            "module.networking_primary.aws_route_table.public",
            "module.networking_primary.aws_route_table_association.private_app",
            "module.networking_primary.aws_route_table_association.private_db",
            "module.networking_primary.aws_route_table_association.public",
            "module.networking_primary.aws_subnet.app_subnets",
            "module.networking_primary.aws_subnet.db_subnets",
            "module.networking_primary.aws_subnet.public_subnets",
            "module.networking_primary.aws_vpc.main",
            "module.security_groups_primary.aws_security_group.alb_external_sg",
            "module.security_groups_primary.aws_security_group.alb_internal_sg",
            "module.security_groups_primary.aws_security_group.app_sg",
            "module.security_groups_primary.aws_security_group.db_sg",
            "module.security_groups_primary.aws_security_group.web_sg",
            "module.web_alb_asg_primary.random_id.suffix"
          ],
          "create_before_destroy": true
        }
      ]
    },
    {
      "module": "module.web_alb_asg_primary",
      "mode": "managed",
      "type": "random_id",
      "name": "suffix",
      "provider": "provider[\"registry.terraform.io/hashicorp/random\"]",
      "instances": [
        {
          "schema_version": 0,
          "attributes": {
            "b64_std": "uNCLBQ==",
            "b64_url": "uNCLBQ",
            "byte_length": 4,
            "dec": "3100674821",
            "hex": "b8d08b05",
            "id": "uNCLBQ",
            "keepers": null,
            "prefix": null
          },
          "sensitive_attributes": [],
          "dependencies": [
            "module.networking_primary.aws_eip.nat_eip",
            "module.networking_primary.aws_internet_gateway.igw",
            "module.networking_primary.aws_nat_gateway.nat",
            "module.networking_primary.aws_route_table.private_app",
            "module.networking_primary.aws_route_table.private_db",
            "module.networking_primary.aws_route_table.public",
            "module.networking_primary.aws_route_table_association.private_app",
            "module.networking_primary.aws_route_table_association.private_db",
            "module.networking_primary.aws_route_table_association.public",
            "module.networking_primary.aws_subnet.app_subnets",
            "module.networking_primary.aws_subnet.db_subnets",
            "module.networking_primary.aws_subnet.public_subnets",
            "module.networking_primary.aws_vpc.main",
            "module.security_groups_primary.aws_security_group.alb_external_sg",
            "module.security_groups_primary.aws_security_group.alb_internal_sg",
            "module.security_groups_primary.aws_security_group.app_sg",
            "module.security_groups_primary.aws_security_group.db_sg",
            "module.security_groups_primary.aws_security_group.web_sg"
          ],
          "create_before_destroy": true
        }
      ]
    }
  ],
  "check_results": null
}
